{
  "version": 4,
  "terraform_version": "1.5.7",
  "serial": 312,
  "lineage": "fb50a0de-31b9-2974-b41e-7ba5da9860c9",
  "outputs": {},
  "resources": [
    {
      "module": "module.alb",
      "mode": "managed",
      "type": "aws_alb",
      "name": "application_load_balancer",
      "provider": "provider[\"registry.terraform.io/hashicorp/aws\"]",
      "instances": [
        {
          "status": "tainted",
          "schema_version": 0,
          "attributes": {
            "access_logs": [],
            "arn": null,
            "arn_suffix": null,
            "connection_logs": [],
            "customer_owned_ipv4_pool": null,
            "desync_mitigation_mode": "defensive",
            "dns_name": null,
            "dns_record_client_routing_policy": null,
            "drop_invalid_header_fields": false,
            "enable_cross_zone_load_balancing": null,
            "enable_deletion_protection": false,
            "enable_http2": true,
            "enable_tls_version_and_cipher_suite_headers": false,
            "enable_waf_fail_open": false,
            "enable_xff_client_port": false,
            "enforce_security_group_inbound_rules_on_private_link_traffic": null,
            "id": "arn:aws:elasticloadbalancing:us-east-1:789264351109:loadbalancer/app/nyu-vip-alb/19cb79d90b8fdddf",
            "idle_timeout": 60,
            "internal": false,
            "ip_address_type": null,
            "load_balancer_type": "application",
            "name": "nyu-vip-alb",
            "name_prefix": null,
            "preserve_host_header": false,
            "security_groups": [
              "sg-0c16ab4a10e01c3bf"
            ],
            "subnet_mapping": [],
            "subnets": [
              "subnet-0483da7bea37549fc",
              "subnet-04afd0a1941a9cc98"
            ],
            "tags": null,
            "tags_all": null,
            "timeouts": null,
            "vpc_id": null,
            "xff_header_processing_mode": "append",
            "zone_id": null
          },
          "sensitive_attributes": [],
          "private": "eyJlMmJmYjczMC1lY2FhLTExZTYtOGY4OC0zNDM2M2JjN2M0YzAiOnsiY3JlYXRlIjo2MDAwMDAwMDAwMDAsImRlbGV0ZSI6NjAwMDAwMDAwMDAwLCJ1cGRhdGUiOjYwMDAwMDAwMDAwMH19",
          "dependencies": [
            "module.alb.aws_security_group.alb",
            "module.vpc.aws_route.public",
            "module.vpc.aws_route_table.public",
            "module.vpc.module.vpc.aws_cloudwatch_log_group.flow_log",
            "module.vpc.module.vpc.aws_customer_gateway.this",
            "module.vpc.module.vpc.aws_db_subnet_group.database",
            "module.vpc.module.vpc.aws_default_network_acl.this",
            "module.vpc.module.vpc.aws_default_route_table.default",
            "module.vpc.module.vpc.aws_default_security_group.this",
            "module.vpc.module.vpc.aws_default_vpc.this",
            "module.vpc.module.vpc.aws_egress_only_internet_gateway.this",
            "module.vpc.module.vpc.aws_eip.nat",
            "module.vpc.module.vpc.aws_elasticache_subnet_group.elasticache",
            "module.vpc.module.vpc.aws_flow_log.this",
            "module.vpc.module.vpc.aws_iam_policy.vpc_flow_log_cloudwatch",
            "module.vpc.module.vpc.aws_iam_role.vpc_flow_log_cloudwatch",
            "module.vpc.module.vpc.aws_iam_role_policy_attachment.vpc_flow_log_cloudwatch",
            "module.vpc.module.vpc.aws_internet_gateway.this",
            "module.vpc.module.vpc.aws_nat_gateway.this",
            "module.vpc.module.vpc.aws_network_acl.database",
            "module.vpc.module.vpc.aws_network_acl.elasticache",
            "module.vpc.module.vpc.aws_network_acl.intra",
            "module.vpc.module.vpc.aws_network_acl.outpost",
            "module.vpc.module.vpc.aws_network_acl.private",
            "module.vpc.module.vpc.aws_network_acl.public",
            "module.vpc.module.vpc.aws_network_acl.redshift",
            "module.vpc.module.vpc.aws_network_acl_rule.database_inbound",
            "module.vpc.module.vpc.aws_network_acl_rule.database_outbound",
            "module.vpc.module.vpc.aws_network_acl_rule.elasticache_inbound",
            "module.vpc.module.vpc.aws_network_acl_rule.elasticache_outbound",
            "module.vpc.module.vpc.aws_network_acl_rule.intra_inbound",
            "module.vpc.module.vpc.aws_network_acl_rule.intra_outbound",
            "module.vpc.module.vpc.aws_network_acl_rule.outpost_inbound",
            "module.vpc.module.vpc.aws_network_acl_rule.outpost_outbound",
            "module.vpc.module.vpc.aws_network_acl_rule.private_inbound",
            "module.vpc.module.vpc.aws_network_acl_rule.private_outbound",
            "module.vpc.module.vpc.aws_network_acl_rule.public_inbound",
            "module.vpc.module.vpc.aws_network_acl_rule.public_outbound",
            "module.vpc.module.vpc.aws_network_acl_rule.redshift_inbound",
            "module.vpc.module.vpc.aws_network_acl_rule.redshift_outbound",
            "module.vpc.module.vpc.aws_redshift_subnet_group.redshift",
            "module.vpc.module.vpc.aws_route.database_dns64_nat_gateway",
            "module.vpc.module.vpc.aws_route.database_internet_gateway",
            "module.vpc.module.vpc.aws_route.database_ipv6_egress",
            "module.vpc.module.vpc.aws_route.database_nat_gateway",
            "module.vpc.module.vpc.aws_route.private_dns64_nat_gateway",
            "module.vpc.module.vpc.aws_route.private_ipv6_egress",
            "module.vpc.module.vpc.aws_route.private_nat_gateway",
            "module.vpc.module.vpc.aws_route.public_internet_gateway",
            "module.vpc.module.vpc.aws_route.public_internet_gateway_ipv6",
            "module.vpc.module.vpc.aws_route_table.database",
            "module.vpc.module.vpc.aws_route_table.elasticache",
            "module.vpc.module.vpc.aws_route_table.intra",
            "module.vpc.module.vpc.aws_route_table.private",
            "module.vpc.module.vpc.aws_route_table.public",
            "module.vpc.module.vpc.aws_route_table.redshift",
            "module.vpc.module.vpc.aws_route_table_association.database",
            "module.vpc.module.vpc.aws_route_table_association.elasticache",
            "module.vpc.module.vpc.aws_route_table_association.intra",
            "module.vpc.module.vpc.aws_route_table_association.outpost",
            "module.vpc.module.vpc.aws_route_table_association.private",
            "module.vpc.module.vpc.aws_route_table_association.public",
            "module.vpc.module.vpc.aws_route_table_association.redshift",
            "module.vpc.module.vpc.aws_route_table_association.redshift_public",
            "module.vpc.module.vpc.aws_subnet.database",
            "module.vpc.module.vpc.aws_subnet.elasticache",
            "module.vpc.module.vpc.aws_subnet.intra",
            "module.vpc.module.vpc.aws_subnet.outpost",
            "module.vpc.module.vpc.aws_subnet.private",
            "module.vpc.module.vpc.aws_subnet.public",
            "module.vpc.module.vpc.aws_subnet.redshift",
            "module.vpc.module.vpc.aws_vpc.this",
            "module.vpc.module.vpc.aws_vpc_dhcp_options.this",
            "module.vpc.module.vpc.aws_vpc_dhcp_options_association.this",
            "module.vpc.module.vpc.aws_vpc_ipv4_cidr_block_association.this",
            "module.vpc.module.vpc.aws_vpn_gateway.this",
            "module.vpc.module.vpc.aws_vpn_gateway_attachment.this",
            "module.vpc.module.vpc.aws_vpn_gateway_route_propagation.intra",
            "module.vpc.module.vpc.aws_vpn_gateway_route_propagation.private",
            "module.vpc.module.vpc.aws_vpn_gateway_route_propagation.public",
            "module.vpc.module.vpc.data.aws_iam_policy_document.flow_log_cloudwatch_assume_role",
            "module.vpc.module.vpc.data.aws_iam_policy_document.vpc_flow_log_cloudwatch"
          ]
        }
      ]
    },
    {
      "module": "module.alb",
      "mode": "managed",
      "type": "aws_lb_listener",
      "name": "listener",
      "provider": "provider[\"registry.terraform.io/hashicorp/aws\"]",
      "instances": []
    },
    {
      "module": "module.alb",
      "mode": "managed",
      "type": "aws_lb_target_group",
      "name": "target_group",
      "provider": "provider[\"registry.terraform.io/hashicorp/aws\"]",
      "instances": [
        {
          "schema_version": 0,
          "attributes": {
            "arn": "arn:aws:elasticloadbalancing:us-east-1:789264351109:targetgroup/nyu-vip-tg/d4c0ead64fd18ac1",
            "arn_suffix": "targetgroup/nyu-vip-tg/d4c0ead64fd18ac1",
            "connection_termination": null,
            "deregistration_delay": "300",
            "health_check": [
              {
                "enabled": true,
                "healthy_threshold": 5,
                "interval": 30,
                "matcher": "200",
                "path": "/",
                "port": "traffic-port",
                "protocol": "HTTP",
                "timeout": 5,
                "unhealthy_threshold": 2
              }
            ],
            "id": "arn:aws:elasticloadbalancing:us-east-1:789264351109:targetgroup/nyu-vip-tg/d4c0ead64fd18ac1",
            "ip_address_type": "ipv4",
            "lambda_multi_value_headers_enabled": false,
            "load_balancer_arns": [],
            "load_balancing_algorithm_type": "round_robin",
            "load_balancing_anomaly_mitigation": "off",
            "load_balancing_cross_zone_enabled": "use_load_balancer_configuration",
            "name": "nyu-vip-tg",
            "name_prefix": "",
            "port": 3000,
            "preserve_client_ip": null,
            "protocol": "HTTP",
            "protocol_version": "HTTP1",
            "proxy_protocol_v2": false,
            "slow_start": 0,
            "stickiness": [
              {
                "cookie_duration": 86400,
                "cookie_name": "",
                "enabled": false,
                "type": "lb_cookie"
              }
            ],
            "tags": null,
            "tags_all": {},
            "target_failover": [
              {
                "on_deregistration": null,
                "on_unhealthy": null
              }
            ],
            "target_health_state": [
              {
                "enable_unhealthy_connection_termination": null
              }
            ],
            "target_type": "ip",
            "vpc_id": "vpc-0c5d9b0d0495f8ca7"
          },
          "sensitive_attributes": [],
          "private": "bnVsbA==",
          "dependencies": [
            "module.vpc.aws_route.public",
            "module.vpc.aws_route_table.public",
            "module.vpc.module.vpc.aws_cloudwatch_log_group.flow_log",
            "module.vpc.module.vpc.aws_customer_gateway.this",
            "module.vpc.module.vpc.aws_db_subnet_group.database",
            "module.vpc.module.vpc.aws_default_network_acl.this",
            "module.vpc.module.vpc.aws_default_route_table.default",
            "module.vpc.module.vpc.aws_default_security_group.this",
            "module.vpc.module.vpc.aws_default_vpc.this",
            "module.vpc.module.vpc.aws_egress_only_internet_gateway.this",
            "module.vpc.module.vpc.aws_eip.nat",
            "module.vpc.module.vpc.aws_elasticache_subnet_group.elasticache",
            "module.vpc.module.vpc.aws_flow_log.this",
            "module.vpc.module.vpc.aws_iam_policy.vpc_flow_log_cloudwatch",
            "module.vpc.module.vpc.aws_iam_role.vpc_flow_log_cloudwatch",
            "module.vpc.module.vpc.aws_iam_role_policy_attachment.vpc_flow_log_cloudwatch",
            "module.vpc.module.vpc.aws_internet_gateway.this",
            "module.vpc.module.vpc.aws_nat_gateway.this",
            "module.vpc.module.vpc.aws_network_acl.database",
            "module.vpc.module.vpc.aws_network_acl.elasticache",
            "module.vpc.module.vpc.aws_network_acl.intra",
            "module.vpc.module.vpc.aws_network_acl.outpost",
            "module.vpc.module.vpc.aws_network_acl.private",
            "module.vpc.module.vpc.aws_network_acl.public",
            "module.vpc.module.vpc.aws_network_acl.redshift",
            "module.vpc.module.vpc.aws_network_acl_rule.database_inbound",
            "module.vpc.module.vpc.aws_network_acl_rule.database_outbound",
            "module.vpc.module.vpc.aws_network_acl_rule.elasticache_inbound",
            "module.vpc.module.vpc.aws_network_acl_rule.elasticache_outbound",
            "module.vpc.module.vpc.aws_network_acl_rule.intra_inbound",
            "module.vpc.module.vpc.aws_network_acl_rule.intra_outbound",
            "module.vpc.module.vpc.aws_network_acl_rule.outpost_inbound",
            "module.vpc.module.vpc.aws_network_acl_rule.outpost_outbound",
            "module.vpc.module.vpc.aws_network_acl_rule.private_inbound",
            "module.vpc.module.vpc.aws_network_acl_rule.private_outbound",
            "module.vpc.module.vpc.aws_network_acl_rule.public_inbound",
            "module.vpc.module.vpc.aws_network_acl_rule.public_outbound",
            "module.vpc.module.vpc.aws_network_acl_rule.redshift_inbound",
            "module.vpc.module.vpc.aws_network_acl_rule.redshift_outbound",
            "module.vpc.module.vpc.aws_redshift_subnet_group.redshift",
            "module.vpc.module.vpc.aws_route.database_dns64_nat_gateway",
            "module.vpc.module.vpc.aws_route.database_internet_gateway",
            "module.vpc.module.vpc.aws_route.database_ipv6_egress",
            "module.vpc.module.vpc.aws_route.database_nat_gateway",
            "module.vpc.module.vpc.aws_route.private_dns64_nat_gateway",
            "module.vpc.module.vpc.aws_route.private_ipv6_egress",
            "module.vpc.module.vpc.aws_route.private_nat_gateway",
            "module.vpc.module.vpc.aws_route.public_internet_gateway",
            "module.vpc.module.vpc.aws_route.public_internet_gateway_ipv6",
            "module.vpc.module.vpc.aws_route_table.database",
            "module.vpc.module.vpc.aws_route_table.elasticache",
            "module.vpc.module.vpc.aws_route_table.intra",
            "module.vpc.module.vpc.aws_route_table.private",
            "module.vpc.module.vpc.aws_route_table.public",
            "module.vpc.module.vpc.aws_route_table.redshift",
            "module.vpc.module.vpc.aws_route_table_association.database",
            "module.vpc.module.vpc.aws_route_table_association.elasticache",
            "module.vpc.module.vpc.aws_route_table_association.intra",
            "module.vpc.module.vpc.aws_route_table_association.outpost",
            "module.vpc.module.vpc.aws_route_table_association.private",
            "module.vpc.module.vpc.aws_route_table_association.public",
            "module.vpc.module.vpc.aws_route_table_association.redshift",
            "module.vpc.module.vpc.aws_route_table_association.redshift_public",
            "module.vpc.module.vpc.aws_subnet.database",
            "module.vpc.module.vpc.aws_subnet.elasticache",
            "module.vpc.module.vpc.aws_subnet.intra",
            "module.vpc.module.vpc.aws_subnet.outpost",
            "module.vpc.module.vpc.aws_subnet.private",
            "module.vpc.module.vpc.aws_subnet.public",
            "module.vpc.module.vpc.aws_subnet.redshift",
            "module.vpc.module.vpc.aws_vpc.this",
            "module.vpc.module.vpc.aws_vpc_dhcp_options.this",
            "module.vpc.module.vpc.aws_vpc_dhcp_options_association.this",
            "module.vpc.module.vpc.aws_vpc_ipv4_cidr_block_association.this",
            "module.vpc.module.vpc.aws_vpn_gateway.this",
            "module.vpc.module.vpc.aws_vpn_gateway_attachment.this",
            "module.vpc.module.vpc.aws_vpn_gateway_route_propagation.intra",
            "module.vpc.module.vpc.aws_vpn_gateway_route_propagation.private",
            "module.vpc.module.vpc.aws_vpn_gateway_route_propagation.public",
            "module.vpc.module.vpc.data.aws_iam_policy_document.flow_log_cloudwatch_assume_role",
            "module.vpc.module.vpc.data.aws_iam_policy_document.vpc_flow_log_cloudwatch"
          ]
        }
      ]
    },
    {
      "module": "module.alb",
      "mode": "managed",
      "type": "aws_security_group",
      "name": "alb",
      "provider": "provider[\"registry.terraform.io/hashicorp/aws\"]",
      "instances": [
        {
          "schema_version": 1,
          "attributes": {
            "arn": "arn:aws:ec2:us-east-1:789264351109:security-group/sg-0c16ab4a10e01c3bf",
            "description": "Allow HTTPS inbound traffc",
            "egress": [
              {
                "cidr_blocks": [
                  "0.0.0.0/0"
                ],
                "description": "",
                "from_port": 0,
                "ipv6_cidr_blocks": [],
                "prefix_list_ids": [],
                "protocol": "-1",
                "security_groups": [],
                "self": false,
                "to_port": 0
              }
            ],
            "id": "sg-0c16ab4a10e01c3bf",
            "ingress": [
              {
                "cidr_blocks": [
                  "0.0.0.0/0"
                ],
                "description": "",
                "from_port": 80,
                "ipv6_cidr_blocks": [],
                "prefix_list_ids": [],
                "protocol": "tcp",
                "security_groups": [],
                "self": false,
                "to_port": 80
              },
              {
                "cidr_blocks": [],
                "description": "",
                "from_port": 0,
                "ipv6_cidr_blocks": [],
                "prefix_list_ids": [],
                "protocol": "-1",
                "security_groups": [],
                "self": true,
                "to_port": 0
              }
            ],
            "name": "nyu-alb",
            "name_prefix": "",
            "owner_id": "789264351109",
            "revoke_rules_on_delete": false,
            "tags": null,
            "tags_all": {},
            "timeouts": null,
            "vpc_id": "vpc-0c5d9b0d0495f8ca7"
          },
          "sensitive_attributes": [],
          "private": "eyJlMmJmYjczMC1lY2FhLTExZTYtOGY4OC0zNDM2M2JjN2M0YzAiOnsiY3JlYXRlIjo2MDAwMDAwMDAwMDAsImRlbGV0ZSI6OTAwMDAwMDAwMDAwfSwic2NoZW1hX3ZlcnNpb24iOiIxIn0=",
          "dependencies": [
            "module.vpc.aws_route.public",
            "module.vpc.aws_route_table.public",
            "module.vpc.module.vpc.aws_cloudwatch_log_group.flow_log",
            "module.vpc.module.vpc.aws_customer_gateway.this",
            "module.vpc.module.vpc.aws_db_subnet_group.database",
            "module.vpc.module.vpc.aws_default_network_acl.this",
            "module.vpc.module.vpc.aws_default_route_table.default",
            "module.vpc.module.vpc.aws_default_security_group.this",
            "module.vpc.module.vpc.aws_default_vpc.this",
            "module.vpc.module.vpc.aws_egress_only_internet_gateway.this",
            "module.vpc.module.vpc.aws_eip.nat",
            "module.vpc.module.vpc.aws_elasticache_subnet_group.elasticache",
            "module.vpc.module.vpc.aws_flow_log.this",
            "module.vpc.module.vpc.aws_iam_policy.vpc_flow_log_cloudwatch",
            "module.vpc.module.vpc.aws_iam_role.vpc_flow_log_cloudwatch",
            "module.vpc.module.vpc.aws_iam_role_policy_attachment.vpc_flow_log_cloudwatch",
            "module.vpc.module.vpc.aws_internet_gateway.this",
            "module.vpc.module.vpc.aws_nat_gateway.this",
            "module.vpc.module.vpc.aws_network_acl.database",
            "module.vpc.module.vpc.aws_network_acl.elasticache",
            "module.vpc.module.vpc.aws_network_acl.intra",
            "module.vpc.module.vpc.aws_network_acl.outpost",
            "module.vpc.module.vpc.aws_network_acl.private",
            "module.vpc.module.vpc.aws_network_acl.public",
            "module.vpc.module.vpc.aws_network_acl.redshift",
            "module.vpc.module.vpc.aws_network_acl_rule.database_inbound",
            "module.vpc.module.vpc.aws_network_acl_rule.database_outbound",
            "module.vpc.module.vpc.aws_network_acl_rule.elasticache_inbound",
            "module.vpc.module.vpc.aws_network_acl_rule.elasticache_outbound",
            "module.vpc.module.vpc.aws_network_acl_rule.intra_inbound",
            "module.vpc.module.vpc.aws_network_acl_rule.intra_outbound",
            "module.vpc.module.vpc.aws_network_acl_rule.outpost_inbound",
            "module.vpc.module.vpc.aws_network_acl_rule.outpost_outbound",
            "module.vpc.module.vpc.aws_network_acl_rule.private_inbound",
            "module.vpc.module.vpc.aws_network_acl_rule.private_outbound",
            "module.vpc.module.vpc.aws_network_acl_rule.public_inbound",
            "module.vpc.module.vpc.aws_network_acl_rule.public_outbound",
            "module.vpc.module.vpc.aws_network_acl_rule.redshift_inbound",
            "module.vpc.module.vpc.aws_network_acl_rule.redshift_outbound",
            "module.vpc.module.vpc.aws_redshift_subnet_group.redshift",
            "module.vpc.module.vpc.aws_route.database_dns64_nat_gateway",
            "module.vpc.module.vpc.aws_route.database_internet_gateway",
            "module.vpc.module.vpc.aws_route.database_ipv6_egress",
            "module.vpc.module.vpc.aws_route.database_nat_gateway",
            "module.vpc.module.vpc.aws_route.private_dns64_nat_gateway",
            "module.vpc.module.vpc.aws_route.private_ipv6_egress",
            "module.vpc.module.vpc.aws_route.private_nat_gateway",
            "module.vpc.module.vpc.aws_route.public_internet_gateway",
            "module.vpc.module.vpc.aws_route.public_internet_gateway_ipv6",
            "module.vpc.module.vpc.aws_route_table.database",
            "module.vpc.module.vpc.aws_route_table.elasticache",
            "module.vpc.module.vpc.aws_route_table.intra",
            "module.vpc.module.vpc.aws_route_table.private",
            "module.vpc.module.vpc.aws_route_table.public",
            "module.vpc.module.vpc.aws_route_table.redshift",
            "module.vpc.module.vpc.aws_route_table_association.database",
            "module.vpc.module.vpc.aws_route_table_association.elasticache",
            "module.vpc.module.vpc.aws_route_table_association.intra",
            "module.vpc.module.vpc.aws_route_table_association.outpost",
            "module.vpc.module.vpc.aws_route_table_association.private",
            "module.vpc.module.vpc.aws_route_table_association.public",
            "module.vpc.module.vpc.aws_route_table_association.redshift",
            "module.vpc.module.vpc.aws_route_table_association.redshift_public",
            "module.vpc.module.vpc.aws_subnet.database",
            "module.vpc.module.vpc.aws_subnet.elasticache",
            "module.vpc.module.vpc.aws_subnet.intra",
            "module.vpc.module.vpc.aws_subnet.outpost",
            "module.vpc.module.vpc.aws_subnet.private",
            "module.vpc.module.vpc.aws_subnet.public",
            "module.vpc.module.vpc.aws_subnet.redshift",
            "module.vpc.module.vpc.aws_vpc.this",
            "module.vpc.module.vpc.aws_vpc_dhcp_options.this",
            "module.vpc.module.vpc.aws_vpc_dhcp_options_association.this",
            "module.vpc.module.vpc.aws_vpc_ipv4_cidr_block_association.this",
            "module.vpc.module.vpc.aws_vpn_gateway.this",
            "module.vpc.module.vpc.aws_vpn_gateway_attachment.this",
            "module.vpc.module.vpc.aws_vpn_gateway_route_propagation.intra",
            "module.vpc.module.vpc.aws_vpn_gateway_route_propagation.private",
            "module.vpc.module.vpc.aws_vpn_gateway_route_propagation.public",
            "module.vpc.module.vpc.data.aws_iam_policy_document.flow_log_cloudwatch_assume_role",
            "module.vpc.module.vpc.data.aws_iam_policy_document.vpc_flow_log_cloudwatch"
          ]
        }
      ]
    },
    {
      "module": "module.vpc",
      "mode": "managed",
      "type": "aws_route",
      "name": "public",
      "provider": "provider[\"registry.terraform.io/hashicorp/aws\"]",
      "instances": [
        {
          "schema_version": 0,
          "attributes": {
            "carrier_gateway_id": "",
            "core_network_arn": "",
            "destination_cidr_block": "0.0.0.0/0",
            "destination_ipv6_cidr_block": "",
            "destination_prefix_list_id": "",
            "egress_only_gateway_id": "",
            "gateway_id": "igw-00f40dbd65901a183",
            "id": "r-rtb-0fa79f01c1f6f00991080289494",
            "instance_id": "",
            "instance_owner_id": "",
            "local_gateway_id": "",
            "nat_gateway_id": "",
            "network_interface_id": "",
            "origin": "CreateRoute",
            "route_table_id": "rtb-0fa79f01c1f6f0099",
            "state": "active",
            "timeouts": null,
            "transit_gateway_id": "",
            "vpc_endpoint_id": "",
            "vpc_peering_connection_id": ""
          },
          "sensitive_attributes": [],
          "private": "eyJlMmJmYjczMC1lY2FhLTExZTYtOGY4OC0zNDM2M2JjN2M0YzAiOnsiY3JlYXRlIjozMDAwMDAwMDAwMDAsImRlbGV0ZSI6MzAwMDAwMDAwMDAwLCJ1cGRhdGUiOjEyMDAwMDAwMDAwMH19",
          "dependencies": [
            "module.vpc.aws_route_table.public",
            "module.vpc.module.vpc.aws_internet_gateway.this",
            "module.vpc.module.vpc.aws_vpc.this",
            "module.vpc.module.vpc.aws_vpc_ipv4_cidr_block_association.this"
          ]
        }
      ]
    },
    {
      "module": "module.vpc",
      "mode": "managed",
      "type": "aws_route_table",
      "name": "public",
      "provider": "provider[\"registry.terraform.io/hashicorp/aws\"]",
      "instances": [
        {
          "schema_version": 0,
          "attributes": {
            "arn": "arn:aws:ec2:us-east-1:789264351109:route-table/rtb-0fa79f01c1f6f0099",
            "id": "rtb-0fa79f01c1f6f0099",
            "owner_id": "789264351109",
            "propagating_vgws": [],
            "route": [],
            "tags": null,
            "tags_all": {},
            "timeouts": null,
            "vpc_id": "vpc-0c5d9b0d0495f8ca7"
          },
          "sensitive_attributes": [],
          "private": "eyJlMmJmYjczMC1lY2FhLTExZTYtOGY4OC0zNDM2M2JjN2M0YzAiOnsiY3JlYXRlIjozMDAwMDAwMDAwMDAsImRlbGV0ZSI6MzAwMDAwMDAwMDAwLCJ1cGRhdGUiOjEyMDAwMDAwMDAwMH19",
          "dependencies": [
            "module.vpc.module.vpc.aws_vpc.this"
          ]
        }
      ]
    },
    {
      "module": "module.vpc.module.vpc",
      "mode": "managed",
      "type": "aws_default_network_acl",
      "name": "this",
      "provider": "provider[\"registry.terraform.io/hashicorp/aws\"]",
      "instances": [
        {
          "index_key": 0,
          "schema_version": 0,
          "attributes": {
            "arn": "arn:aws:ec2:us-east-1:789264351109:network-acl/acl-01881cb527247eb23",
            "default_network_acl_id": "acl-01881cb527247eb23",
            "egress": [
              {
                "action": "allow",
                "cidr_block": "",
                "from_port": 0,
                "icmp_code": null,
                "icmp_type": null,
                "ipv6_cidr_block": "::/0",
                "protocol": "-1",
                "rule_no": 101,
                "to_port": 0
              },
              {
                "action": "allow",
                "cidr_block": "0.0.0.0/0",
                "from_port": 0,
                "icmp_code": null,
                "icmp_type": null,
                "ipv6_cidr_block": "",
                "protocol": "-1",
                "rule_no": 100,
                "to_port": 0
              }
            ],
            "id": "acl-01881cb527247eb23",
            "ingress": [
              {
                "action": "allow",
                "cidr_block": "",
                "from_port": 0,
                "icmp_code": null,
                "icmp_type": null,
                "ipv6_cidr_block": "::/0",
                "protocol": "-1",
                "rule_no": 101,
                "to_port": 0
              },
              {
                "action": "allow",
                "cidr_block": "0.0.0.0/0",
                "from_port": 0,
                "icmp_code": null,
                "icmp_type": null,
                "ipv6_cidr_block": "",
                "protocol": "-1",
                "rule_no": 100,
                "to_port": 0
              }
            ],
            "owner_id": "789264351109",
            "subnet_ids": [
              "subnet-01bde03ee102347a6",
              "subnet-0483da7bea37549fc",
              "subnet-04afd0a1941a9cc98",
              "subnet-0a73d4e91941e9427"
            ],
            "tags": {
              "Environment": "dev",
              "Name": "nyu-al-vpc-default",
              "Owner": "NYU"
            },
            "tags_all": {
              "Environment": "dev",
              "Name": "nyu-al-vpc-default",
              "Owner": "NYU"
            },
            "vpc_id": "vpc-0c5d9b0d0495f8ca7"
          },
          "sensitive_attributes": [],
          "private": "bnVsbA==",
          "dependencies": [
            "module.vpc.module.vpc.aws_vpc.this"
          ]
        }
      ]
    },
    {
      "module": "module.vpc.module.vpc",
      "mode": "managed",
      "type": "aws_default_route_table",
      "name": "default",
      "provider": "provider[\"registry.terraform.io/hashicorp/aws\"]",
      "instances": [
        {
          "index_key": 0,
          "schema_version": 0,
          "attributes": {
            "arn": "arn:aws:ec2:us-east-1:789264351109:route-table/rtb-0f2780aa598962cc7",
            "default_route_table_id": "rtb-0f2780aa598962cc7",
            "id": "rtb-0f2780aa598962cc7",
            "owner_id": "789264351109",
            "propagating_vgws": null,
            "route": [],
            "tags": {
              "Environment": "dev",
              "Name": "nyu-al-vpc-default",
              "Owner": "NYU"
            },
            "tags_all": {
              "Environment": "dev",
              "Name": "nyu-al-vpc-default",
              "Owner": "NYU"
            },
            "timeouts": {
              "create": "5m",
              "update": "5m"
            },
            "vpc_id": "vpc-0c5d9b0d0495f8ca7"
          },
          "sensitive_attributes": [],
          "private": "eyJlMmJmYjczMC1lY2FhLTExZTYtOGY4OC0zNDM2M2JjN2M0YzAiOnsiY3JlYXRlIjozMDAwMDAwMDAwMDAsInVwZGF0ZSI6MzAwMDAwMDAwMDAwfX0=",
          "dependencies": [
            "module.vpc.module.vpc.aws_vpc.this"
          ]
        }
      ]
    },
    {
      "module": "module.vpc.module.vpc",
      "mode": "managed",
      "type": "aws_default_security_group",
      "name": "this",
      "provider": "provider[\"registry.terraform.io/hashicorp/aws\"]",
      "instances": [
        {
          "index_key": 0,
          "schema_version": 1,
          "attributes": {
            "arn": "arn:aws:ec2:us-east-1:789264351109:security-group/sg-0be50202e4708e362",
            "description": "default VPC security group",
            "egress": [],
            "id": "sg-0be50202e4708e362",
            "ingress": [],
            "name": "default",
            "name_prefix": "",
            "owner_id": "789264351109",
            "revoke_rules_on_delete": false,
            "tags": {
              "Environment": "dev",
              "Name": "nyu-al-vpc-default",
              "Owner": "NYU"
            },
            "tags_all": {
              "Environment": "dev",
              "Name": "nyu-al-vpc-default",
              "Owner": "NYU"
            },
            "vpc_id": "vpc-0c5d9b0d0495f8ca7"
          },
          "sensitive_attributes": [],
          "private": "eyJzY2hlbWFfdmVyc2lvbiI6IjEifQ==",
          "dependencies": [
            "module.vpc.module.vpc.aws_vpc.this"
          ]
        }
      ]
    },
    {
      "module": "module.vpc.module.vpc",
      "mode": "managed",
      "type": "aws_eip",
      "name": "nat",
      "provider": "provider[\"registry.terraform.io/hashicorp/aws\"]",
      "instances": [
        {
          "index_key": 0,
          "schema_version": 0,
          "attributes": {
            "address": null,
            "allocation_id": "eipalloc-044e5bba6ff7e35e9",
            "associate_with_private_ip": null,
            "association_id": "",
            "carrier_ip": "",
            "customer_owned_ip": "",
            "customer_owned_ipv4_pool": "",
            "domain": "vpc",
            "id": "eipalloc-044e5bba6ff7e35e9",
            "instance": "",
            "network_border_group": "us-east-1",
            "network_interface": "",
            "private_dns": null,
            "private_ip": "",
            "public_dns": "ec2-3-221-5-194.compute-1.amazonaws.com",
            "public_ip": "3.221.5.194",
            "public_ipv4_pool": "amazon",
            "tags": {
              "Environment": "dev",
              "Name": "nyu-al-vpc-us-east-1a",
              "Owner": "NYU"
            },
            "tags_all": {
              "Environment": "dev",
              "Name": "nyu-al-vpc-us-east-1a",
              "Owner": "NYU"
            },
            "timeouts": null,
            "vpc": true
          },
          "sensitive_attributes": [],
          "private": "eyJlMmJmYjczMC1lY2FhLTExZTYtOGY4OC0zNDM2M2JjN2M0YzAiOnsiZGVsZXRlIjoxODAwMDAwMDAwMDAsInJlYWQiOjkwMDAwMDAwMDAwMCwidXBkYXRlIjozMDAwMDAwMDAwMDB9fQ==",
          "dependencies": [
            "module.vpc.module.vpc.aws_internet_gateway.this",
            "module.vpc.module.vpc.aws_vpc.this",
            "module.vpc.module.vpc.aws_vpc_ipv4_cidr_block_association.this"
          ]
        }
      ]
    },
    {
      "module": "module.vpc.module.vpc",
      "mode": "managed",
      "type": "aws_internet_gateway",
      "name": "this",
      "provider": "provider[\"registry.terraform.io/hashicorp/aws\"]",
      "instances": [
        {
          "index_key": 0,
          "schema_version": 0,
          "attributes": {
            "arn": "arn:aws:ec2:us-east-1:789264351109:internet-gateway/igw-00f40dbd65901a183",
            "id": "igw-00f40dbd65901a183",
            "owner_id": "789264351109",
            "tags": {
              "Environment": "dev",
              "Name": "nyu-al-vpc",
              "Owner": "NYU"
            },
            "tags_all": {
              "Environment": "dev",
              "Name": "nyu-al-vpc",
              "Owner": "NYU"
            },
            "timeouts": null,
            "vpc_id": "vpc-0c5d9b0d0495f8ca7"
          },
          "sensitive_attributes": [],
          "private": "eyJlMmJmYjczMC1lY2FhLTExZTYtOGY4OC0zNDM2M2JjN2M0YzAiOnsiY3JlYXRlIjoxMjAwMDAwMDAwMDAwLCJkZWxldGUiOjEyMDAwMDAwMDAwMDAsInVwZGF0ZSI6MTIwMDAwMDAwMDAwMH19",
          "dependencies": [
            "module.vpc.module.vpc.aws_vpc.this",
            "module.vpc.module.vpc.aws_vpc_ipv4_cidr_block_association.this"
          ]
        }
      ]
    },
    {
      "module": "module.vpc.module.vpc",
      "mode": "managed",
      "type": "aws_nat_gateway",
      "name": "this",
      "provider": "provider[\"registry.terraform.io/hashicorp/aws\"]",
      "instances": [
        {
          "index_key": 0,
          "schema_version": 0,
          "attributes": {
            "allocation_id": "eipalloc-044e5bba6ff7e35e9",
            "association_id": "eipassoc-062bb470a5dad3873",
            "connectivity_type": "public",
            "id": "nat-0b1a12145cb29f593",
            "network_interface_id": "eni-027c0436c59b854d4",
            "private_ip": "10.0.101.69",
            "public_ip": "3.221.5.194",
            "secondary_allocation_ids": null,
            "secondary_private_ip_address_count": 0,
            "secondary_private_ip_addresses": [],
            "subnet_id": "subnet-0483da7bea37549fc",
            "tags": {
              "Environment": "dev",
              "Name": "nyu-al-vpc-us-east-1a",
              "Owner": "NYU"
            },
            "tags_all": {
              "Environment": "dev",
              "Name": "nyu-al-vpc-us-east-1a",
              "Owner": "NYU"
            },
            "timeouts": null
          },
          "sensitive_attributes": [],
          "private": "eyJlMmJmYjczMC1lY2FhLTExZTYtOGY4OC0zNDM2M2JjN2M0YzAiOnsiY3JlYXRlIjo2MDAwMDAwMDAwMDAsImRlbGV0ZSI6MTgwMDAwMDAwMDAwMCwidXBkYXRlIjo2MDAwMDAwMDAwMDB9fQ==",
          "dependencies": [
            "module.vpc.module.vpc.aws_eip.nat",
            "module.vpc.module.vpc.aws_internet_gateway.this",
            "module.vpc.module.vpc.aws_subnet.public",
            "module.vpc.module.vpc.aws_vpc.this",
            "module.vpc.module.vpc.aws_vpc_ipv4_cidr_block_association.this"
          ]
        }
      ]
    },
    {
      "module": "module.vpc.module.vpc",
      "mode": "managed",
      "type": "aws_route",
      "name": "private_nat_gateway",
      "provider": "provider[\"registry.terraform.io/hashicorp/aws\"]",
      "instances": [
        {
          "index_key": 0,
          "schema_version": 0,
          "attributes": {
            "carrier_gateway_id": "",
            "core_network_arn": "",
            "destination_cidr_block": "0.0.0.0/0",
            "destination_ipv6_cidr_block": "",
            "destination_prefix_list_id": "",
            "egress_only_gateway_id": "",
            "gateway_id": "",
            "id": "r-rtb-05f8a35f5a47997e71080289494",
            "instance_id": "",
            "instance_owner_id": "",
            "local_gateway_id": "",
            "nat_gateway_id": "nat-0b1a12145cb29f593",
            "network_interface_id": "",
            "origin": "CreateRoute",
            "route_table_id": "rtb-05f8a35f5a47997e7",
            "state": "active",
            "timeouts": {
              "create": "5m",
              "delete": null,
              "update": null
            },
            "transit_gateway_id": "",
            "vpc_endpoint_id": "",
            "vpc_peering_connection_id": ""
          },
          "sensitive_attributes": [],
          "private": "eyJlMmJmYjczMC1lY2FhLTExZTYtOGY4OC0zNDM2M2JjN2M0YzAiOnsiY3JlYXRlIjozMDAwMDAwMDAwMDAsImRlbGV0ZSI6MzAwMDAwMDAwMDAwLCJ1cGRhdGUiOjEyMDAwMDAwMDAwMH19",
          "dependencies": [
            "module.vpc.module.vpc.aws_eip.nat",
            "module.vpc.module.vpc.aws_internet_gateway.this",
            "module.vpc.module.vpc.aws_nat_gateway.this",
            "module.vpc.module.vpc.aws_route_table.private",
            "module.vpc.module.vpc.aws_subnet.public",
            "module.vpc.module.vpc.aws_vpc.this",
            "module.vpc.module.vpc.aws_vpc_ipv4_cidr_block_association.this"
          ]
        }
      ]
    },
    {
      "module": "module.vpc.module.vpc",
      "mode": "managed",
      "type": "aws_route",
      "name": "public_internet_gateway",
      "provider": "provider[\"registry.terraform.io/hashicorp/aws\"]",
      "instances": [
        {
          "index_key": 0,
          "schema_version": 0,
          "attributes": {
            "carrier_gateway_id": "",
            "core_network_arn": "",
            "destination_cidr_block": "0.0.0.0/0",
            "destination_ipv6_cidr_block": "",
            "destination_prefix_list_id": "",
            "egress_only_gateway_id": "",
            "gateway_id": "igw-00f40dbd65901a183",
            "id": "r-rtb-01e34f5aa6bc1b1a61080289494",
            "instance_id": "",
            "instance_owner_id": "",
            "local_gateway_id": "",
            "nat_gateway_id": "",
            "network_interface_id": "",
            "origin": "CreateRoute",
            "route_table_id": "rtb-01e34f5aa6bc1b1a6",
            "state": "active",
            "timeouts": {
              "create": "5m",
              "delete": null,
              "update": null
            },
            "transit_gateway_id": "",
            "vpc_endpoint_id": "",
            "vpc_peering_connection_id": ""
          },
          "sensitive_attributes": [],
          "private": "eyJlMmJmYjczMC1lY2FhLTExZTYtOGY4OC0zNDM2M2JjN2M0YzAiOnsiY3JlYXRlIjozMDAwMDAwMDAwMDAsImRlbGV0ZSI6MzAwMDAwMDAwMDAwLCJ1cGRhdGUiOjEyMDAwMDAwMDAwMH19",
          "dependencies": [
            "module.vpc.module.vpc.aws_internet_gateway.this",
            "module.vpc.module.vpc.aws_route_table.public",
            "module.vpc.module.vpc.aws_vpc.this",
            "module.vpc.module.vpc.aws_vpc_ipv4_cidr_block_association.this"
          ]
        }
      ]
    },
    {
      "module": "module.vpc.module.vpc",
      "mode": "managed",
      "type": "aws_route_table",
      "name": "private",
      "provider": "provider[\"registry.terraform.io/hashicorp/aws\"]",
      "instances": [
        {
          "index_key": 0,
          "schema_version": 0,
          "attributes": {
            "arn": "arn:aws:ec2:us-east-1:789264351109:route-table/rtb-05f8a35f5a47997e7",
            "id": "rtb-05f8a35f5a47997e7",
            "owner_id": "789264351109",
            "propagating_vgws": [],
            "route": [],
            "tags": {
              "Environment": "dev",
              "Name": "nyu-al-vpc-private",
              "Owner": "NYU"
            },
            "tags_all": {
              "Environment": "dev",
              "Name": "nyu-al-vpc-private",
              "Owner": "NYU"
            },
            "timeouts": null,
            "vpc_id": "vpc-0c5d9b0d0495f8ca7"
          },
          "sensitive_attributes": [],
          "private": "eyJlMmJmYjczMC1lY2FhLTExZTYtOGY4OC0zNDM2M2JjN2M0YzAiOnsiY3JlYXRlIjozMDAwMDAwMDAwMDAsImRlbGV0ZSI6MzAwMDAwMDAwMDAwLCJ1cGRhdGUiOjEyMDAwMDAwMDAwMH19",
          "dependencies": [
            "module.vpc.module.vpc.aws_vpc.this",
            "module.vpc.module.vpc.aws_vpc_ipv4_cidr_block_association.this"
          ]
        }
      ]
    },
    {
      "module": "module.vpc.module.vpc",
      "mode": "managed",
      "type": "aws_route_table",
      "name": "public",
      "provider": "provider[\"registry.terraform.io/hashicorp/aws\"]",
      "instances": [
        {
          "index_key": 0,
          "schema_version": 0,
          "attributes": {
            "arn": "arn:aws:ec2:us-east-1:789264351109:route-table/rtb-01e34f5aa6bc1b1a6",
            "id": "rtb-01e34f5aa6bc1b1a6",
            "owner_id": "789264351109",
            "propagating_vgws": [],
            "route": [],
            "tags": {
              "Environment": "dev",
              "Name": "nyu-al-vpc-public",
              "Owner": "NYU"
            },
            "tags_all": {
              "Environment": "dev",
              "Name": "nyu-al-vpc-public",
              "Owner": "NYU"
            },
            "timeouts": null,
            "vpc_id": "vpc-0c5d9b0d0495f8ca7"
          },
          "sensitive_attributes": [],
          "private": "eyJlMmJmYjczMC1lY2FhLTExZTYtOGY4OC0zNDM2M2JjN2M0YzAiOnsiY3JlYXRlIjozMDAwMDAwMDAwMDAsImRlbGV0ZSI6MzAwMDAwMDAwMDAwLCJ1cGRhdGUiOjEyMDAwMDAwMDAwMH19",
          "dependencies": [
            "module.vpc.module.vpc.aws_vpc.this",
            "module.vpc.module.vpc.aws_vpc_ipv4_cidr_block_association.this"
          ]
        }
      ]
    },
    {
      "module": "module.vpc.module.vpc",
      "mode": "managed",
      "type": "aws_route_table_association",
      "name": "private",
      "provider": "provider[\"registry.terraform.io/hashicorp/aws\"]",
      "instances": [
        {
          "index_key": 0,
          "schema_version": 0,
          "attributes": {
            "gateway_id": "",
            "id": "rtbassoc-07550483c4d4c9def",
            "route_table_id": "rtb-05f8a35f5a47997e7",
            "subnet_id": "subnet-0a73d4e91941e9427",
            "timeouts": null
          },
          "sensitive_attributes": [],
          "private": "eyJlMmJmYjczMC1lY2FhLTExZTYtOGY4OC0zNDM2M2JjN2M0YzAiOnsiY3JlYXRlIjozMDAwMDAwMDAwMDAsImRlbGV0ZSI6MzAwMDAwMDAwMDAwLCJ1cGRhdGUiOjEyMDAwMDAwMDAwMH19",
          "dependencies": [
            "module.vpc.module.vpc.aws_route_table.private",
            "module.vpc.module.vpc.aws_subnet.private",
            "module.vpc.module.vpc.aws_vpc.this",
            "module.vpc.module.vpc.aws_vpc_ipv4_cidr_block_association.this"
          ]
        },
        {
          "index_key": 1,
          "schema_version": 0,
          "attributes": {
            "gateway_id": "",
            "id": "rtbassoc-060573c9cd1136f8b",
            "route_table_id": "rtb-05f8a35f5a47997e7",
            "subnet_id": "subnet-01bde03ee102347a6",
            "timeouts": null
          },
          "sensitive_attributes": [],
          "private": "eyJlMmJmYjczMC1lY2FhLTExZTYtOGY4OC0zNDM2M2JjN2M0YzAiOnsiY3JlYXRlIjozMDAwMDAwMDAwMDAsImRlbGV0ZSI6MzAwMDAwMDAwMDAwLCJ1cGRhdGUiOjEyMDAwMDAwMDAwMH19",
          "dependencies": [
            "module.vpc.module.vpc.aws_route_table.private",
            "module.vpc.module.vpc.aws_subnet.private",
            "module.vpc.module.vpc.aws_vpc.this",
            "module.vpc.module.vpc.aws_vpc_ipv4_cidr_block_association.this"
          ]
        }
      ]
    },
    {
      "module": "module.vpc.module.vpc",
      "mode": "managed",
      "type": "aws_route_table_association",
      "name": "public",
      "provider": "provider[\"registry.terraform.io/hashicorp/aws\"]",
      "instances": [
        {
          "index_key": 0,
          "schema_version": 0,
          "attributes": {
            "gateway_id": "",
            "id": "rtbassoc-0a3ad792d8ff83d23",
            "route_table_id": "rtb-01e34f5aa6bc1b1a6",
            "subnet_id": "subnet-0483da7bea37549fc",
            "timeouts": null
          },
          "sensitive_attributes": [],
          "private": "eyJlMmJmYjczMC1lY2FhLTExZTYtOGY4OC0zNDM2M2JjN2M0YzAiOnsiY3JlYXRlIjozMDAwMDAwMDAwMDAsImRlbGV0ZSI6MzAwMDAwMDAwMDAwLCJ1cGRhdGUiOjEyMDAwMDAwMDAwMH19",
          "dependencies": [
            "module.vpc.module.vpc.aws_route_table.public",
            "module.vpc.module.vpc.aws_subnet.public",
            "module.vpc.module.vpc.aws_vpc.this",
            "module.vpc.module.vpc.aws_vpc_ipv4_cidr_block_association.this"
          ]
        },
        {
          "index_key": 1,
          "schema_version": 0,
          "attributes": {
            "gateway_id": "",
            "id": "rtbassoc-00d0daa934156146f",
            "route_table_id": "rtb-01e34f5aa6bc1b1a6",
            "subnet_id": "subnet-04afd0a1941a9cc98",
            "timeouts": null
          },
          "sensitive_attributes": [],
          "private": "eyJlMmJmYjczMC1lY2FhLTExZTYtOGY4OC0zNDM2M2JjN2M0YzAiOnsiY3JlYXRlIjozMDAwMDAwMDAwMDAsImRlbGV0ZSI6MzAwMDAwMDAwMDAwLCJ1cGRhdGUiOjEyMDAwMDAwMDAwMH19",
          "dependencies": [
            "module.vpc.module.vpc.aws_route_table.public",
            "module.vpc.module.vpc.aws_subnet.public",
            "module.vpc.module.vpc.aws_vpc.this",
            "module.vpc.module.vpc.aws_vpc_ipv4_cidr_block_association.this"
          ]
        }
      ]
    },
    {
      "module": "module.vpc.module.vpc",
      "mode": "managed",
      "type": "aws_subnet",
      "name": "private",
      "provider": "provider[\"registry.terraform.io/hashicorp/aws\"]",
      "instances": [
        {
          "index_key": 0,
          "schema_version": 1,
          "attributes": {
            "arn": "arn:aws:ec2:us-east-1:789264351109:subnet/subnet-0a73d4e91941e9427",
            "assign_ipv6_address_on_creation": false,
            "availability_zone": "us-east-1a",
            "availability_zone_id": "use1-az1",
            "cidr_block": "10.0.1.0/24",
            "customer_owned_ipv4_pool": "",
            "enable_dns64": false,
            "enable_lni_at_device_index": 0,
            "enable_resource_name_dns_a_record_on_launch": false,
            "enable_resource_name_dns_aaaa_record_on_launch": false,
            "id": "subnet-0a73d4e91941e9427",
            "ipv6_cidr_block": "",
            "ipv6_cidr_block_association_id": "",
            "ipv6_native": false,
            "map_customer_owned_ip_on_launch": false,
            "map_public_ip_on_launch": false,
            "outpost_arn": "",
            "owner_id": "789264351109",
            "private_dns_hostname_type_on_launch": "ip-name",
            "tags": {
              "Environment": "dev",
              "Name": "nyu-al-vpc-private-us-east-1a",
              "Owner": "NYU",
              "Type": "Private Subnets"
            },
            "tags_all": {
              "Environment": "dev",
              "Name": "nyu-al-vpc-private-us-east-1a",
              "Owner": "NYU",
              "Type": "Private Subnets"
            },
            "timeouts": null,
            "vpc_id": "vpc-0c5d9b0d0495f8ca7"
          },
          "sensitive_attributes": [],
          "private": "eyJlMmJmYjczMC1lY2FhLTExZTYtOGY4OC0zNDM2M2JjN2M0YzAiOnsiY3JlYXRlIjo2MDAwMDAwMDAwMDAsImRlbGV0ZSI6MTIwMDAwMDAwMDAwMH0sInNjaGVtYV92ZXJzaW9uIjoiMSJ9",
          "dependencies": [
            "module.vpc.module.vpc.aws_vpc.this",
            "module.vpc.module.vpc.aws_vpc_ipv4_cidr_block_association.this"
          ]
        },
        {
          "index_key": 1,
          "schema_version": 1,
          "attributes": {
            "arn": "arn:aws:ec2:us-east-1:789264351109:subnet/subnet-01bde03ee102347a6",
            "assign_ipv6_address_on_creation": false,
            "availability_zone": "us-east-1b",
            "availability_zone_id": "use1-az2",
            "cidr_block": "10.0.2.0/24",
            "customer_owned_ipv4_pool": "",
            "enable_dns64": false,
            "enable_lni_at_device_index": 0,
            "enable_resource_name_dns_a_record_on_launch": false,
            "enable_resource_name_dns_aaaa_record_on_launch": false,
            "id": "subnet-01bde03ee102347a6",
            "ipv6_cidr_block": "",
            "ipv6_cidr_block_association_id": "",
            "ipv6_native": false,
            "map_customer_owned_ip_on_launch": false,
            "map_public_ip_on_launch": false,
            "outpost_arn": "",
            "owner_id": "789264351109",
            "private_dns_hostname_type_on_launch": "ip-name",
            "tags": {
              "Environment": "dev",
              "Name": "nyu-al-vpc-private-us-east-1b",
              "Owner": "NYU",
              "Type": "Private Subnets"
            },
            "tags_all": {
              "Environment": "dev",
              "Name": "nyu-al-vpc-private-us-east-1b",
              "Owner": "NYU",
              "Type": "Private Subnets"
            },
            "timeouts": null,
            "vpc_id": "vpc-0c5d9b0d0495f8ca7"
          },
          "sensitive_attributes": [],
          "private": "eyJlMmJmYjczMC1lY2FhLTExZTYtOGY4OC0zNDM2M2JjN2M0YzAiOnsiY3JlYXRlIjo2MDAwMDAwMDAwMDAsImRlbGV0ZSI6MTIwMDAwMDAwMDAwMH0sInNjaGVtYV92ZXJzaW9uIjoiMSJ9",
          "dependencies": [
            "module.vpc.module.vpc.aws_vpc.this",
            "module.vpc.module.vpc.aws_vpc_ipv4_cidr_block_association.this"
          ]
        }
      ]
    },
    {
      "module": "module.vpc.module.vpc",
      "mode": "managed",
      "type": "aws_subnet",
      "name": "public",
      "provider": "provider[\"registry.terraform.io/hashicorp/aws\"]",
      "instances": [
        {
          "index_key": 0,
          "schema_version": 1,
          "attributes": {
            "arn": "arn:aws:ec2:us-east-1:789264351109:subnet/subnet-0483da7bea37549fc",
            "assign_ipv6_address_on_creation": false,
            "availability_zone": "us-east-1a",
            "availability_zone_id": "use1-az1",
            "cidr_block": "10.0.101.0/24",
            "customer_owned_ipv4_pool": "",
            "enable_dns64": false,
            "enable_lni_at_device_index": 0,
            "enable_resource_name_dns_a_record_on_launch": false,
            "enable_resource_name_dns_aaaa_record_on_launch": false,
            "id": "subnet-0483da7bea37549fc",
            "ipv6_cidr_block": "",
            "ipv6_cidr_block_association_id": "",
            "ipv6_native": false,
            "map_customer_owned_ip_on_launch": false,
            "map_public_ip_on_launch": true,
            "outpost_arn": "",
            "owner_id": "789264351109",
            "private_dns_hostname_type_on_launch": "ip-name",
            "tags": {
              "Environment": "dev",
              "Name": "nyu-al-vpc-public-us-east-1a",
              "Owner": "NYU",
              "Type": "Public Subnets",
              "map_public_ip_on_launch": "true"
            },
            "tags_all": {
              "Environment": "dev",
              "Name": "nyu-al-vpc-public-us-east-1a",
              "Owner": "NYU",
              "Type": "Public Subnets",
              "map_public_ip_on_launch": "true"
            },
            "timeouts": null,
            "vpc_id": "vpc-0c5d9b0d0495f8ca7"
          },
          "sensitive_attributes": [],
          "private": "eyJlMmJmYjczMC1lY2FhLTExZTYtOGY4OC0zNDM2M2JjN2M0YzAiOnsiY3JlYXRlIjo2MDAwMDAwMDAwMDAsImRlbGV0ZSI6MTIwMDAwMDAwMDAwMH0sInNjaGVtYV92ZXJzaW9uIjoiMSJ9",
          "dependencies": [
            "module.vpc.module.vpc.aws_vpc.this",
            "module.vpc.module.vpc.aws_vpc_ipv4_cidr_block_association.this"
          ]
        },
        {
          "index_key": 1,
          "schema_version": 1,
          "attributes": {
            "arn": "arn:aws:ec2:us-east-1:789264351109:subnet/subnet-04afd0a1941a9cc98",
            "assign_ipv6_address_on_creation": false,
            "availability_zone": "us-east-1b",
            "availability_zone_id": "use1-az2",
            "cidr_block": "10.0.102.0/24",
            "customer_owned_ipv4_pool": "",
            "enable_dns64": false,
            "enable_lni_at_device_index": 0,
            "enable_resource_name_dns_a_record_on_launch": false,
            "enable_resource_name_dns_aaaa_record_on_launch": false,
            "id": "subnet-04afd0a1941a9cc98",
            "ipv6_cidr_block": "",
            "ipv6_cidr_block_association_id": "",
            "ipv6_native": false,
            "map_customer_owned_ip_on_launch": false,
            "map_public_ip_on_launch": true,
            "outpost_arn": "",
            "owner_id": "789264351109",
            "private_dns_hostname_type_on_launch": "ip-name",
            "tags": {
              "Environment": "dev",
              "Name": "nyu-al-vpc-public-us-east-1b",
              "Owner": "NYU",
              "Type": "Public Subnets",
              "map_public_ip_on_launch": "true"
            },
            "tags_all": {
              "Environment": "dev",
              "Name": "nyu-al-vpc-public-us-east-1b",
              "Owner": "NYU",
              "Type": "Public Subnets",
              "map_public_ip_on_launch": "true"
            },
            "timeouts": null,
            "vpc_id": "vpc-0c5d9b0d0495f8ca7"
          },
          "sensitive_attributes": [],
          "private": "eyJlMmJmYjczMC1lY2FhLTExZTYtOGY4OC0zNDM2M2JjN2M0YzAiOnsiY3JlYXRlIjo2MDAwMDAwMDAwMDAsImRlbGV0ZSI6MTIwMDAwMDAwMDAwMH0sInNjaGVtYV92ZXJzaW9uIjoiMSJ9",
          "dependencies": [
            "module.vpc.module.vpc.aws_vpc.this",
            "module.vpc.module.vpc.aws_vpc_ipv4_cidr_block_association.this"
          ]
        }
      ]
    },
    {
      "module": "module.vpc.module.vpc",
      "mode": "managed",
      "type": "aws_vpc",
      "name": "this",
      "provider": "provider[\"registry.terraform.io/hashicorp/aws\"]",
      "instances": [
        {
          "index_key": 0,
          "schema_version": 1,
          "attributes": {
            "arn": "arn:aws:ec2:us-east-1:789264351109:vpc/vpc-0c5d9b0d0495f8ca7",
            "assign_generated_ipv6_cidr_block": false,
            "cidr_block": "10.0.0.0/16",
            "default_network_acl_id": "acl-01881cb527247eb23",
            "default_route_table_id": "rtb-0f2780aa598962cc7",
            "default_security_group_id": "sg-0be50202e4708e362",
            "dhcp_options_id": "dopt-0942086e3073987f4",
            "enable_dns_hostnames": true,
            "enable_dns_support": true,
            "enable_network_address_usage_metrics": false,
            "id": "vpc-0c5d9b0d0495f8ca7",
            "instance_tenancy": "default",
            "ipv4_ipam_pool_id": null,
            "ipv4_netmask_length": null,
            "ipv6_association_id": "",
            "ipv6_cidr_block": "",
            "ipv6_cidr_block_network_border_group": "",
            "ipv6_ipam_pool_id": "",
            "ipv6_netmask_length": 0,
            "main_route_table_id": "rtb-0f2780aa598962cc7",
            "owner_id": "789264351109",
            "tags": {
              "Environment": "dev",
              "Name": "nyu-al-vpc",
              "Owner": "NYU"
            },
            "tags_all": {
              "Environment": "dev",
              "Name": "nyu-al-vpc",
              "Owner": "NYU"
            }
          },
          "sensitive_attributes": [],
          "private": "eyJzY2hlbWFfdmVyc2lvbiI6IjEifQ=="
        }
      ]
    },
    {
      "module": "module.vpc.module.vpc",
      "mode": "managed",
      "type": "aws_vpc_dhcp_options",
      "name": "this",
      "provider": "provider[\"registry.terraform.io/hashicorp/aws\"]",
      "instances": [
        {
          "index_key": 0,
          "schema_version": 0,
          "attributes": {
            "arn": "arn:aws:ec2:us-east-1:789264351109:dhcp-options/dopt-0a4da18dffa153921",
            "domain_name": "",
            "domain_name_servers": [
              "AmazonProvidedDNS"
            ],
            "id": "dopt-0a4da18dffa153921",
            "netbios_name_servers": [],
            "netbios_node_type": "",
            "ntp_servers": [],
            "owner_id": "789264351109",
            "tags": {
              "Environment": "dev",
              "Name": "nyu-al-vpc",
              "Owner": "NYU"
            },
            "tags_all": {
              "Environment": "dev",
              "Name": "nyu-al-vpc",
              "Owner": "NYU"
            }
          },
          "sensitive_attributes": [],
          "private": "bnVsbA=="
        }
      ]
    },
    {
      "module": "module.vpc.module.vpc",
      "mode": "managed",
      "type": "aws_vpc_dhcp_options_association",
      "name": "this",
      "provider": "provider[\"registry.terraform.io/hashicorp/aws\"]",
      "instances": [
        {
          "index_key": 0,
          "schema_version": 0,
          "attributes": {
            "dhcp_options_id": "dopt-0a4da18dffa153921",
            "id": "dopt-0a4da18dffa153921-vpc-0c5d9b0d0495f8ca7",
            "vpc_id": "vpc-0c5d9b0d0495f8ca7"
          },
          "sensitive_attributes": [],
          "private": "bnVsbA==",
          "dependencies": [
            "module.vpc.module.vpc.aws_vpc.this",
            "module.vpc.module.vpc.aws_vpc_dhcp_options.this",
            "module.vpc.module.vpc.aws_vpc_ipv4_cidr_block_association.this"
          ]
        }
      ]
    },
    {
      "module": "module.vpc.module.vpc",
      "mode": "managed",
      "type": "aws_vpc_ipv4_cidr_block_association",
      "name": "this",
      "provider": "provider[\"registry.terraform.io/hashicorp/aws\"]",
      "instances": []
    }
  ],
  "check_results": null
}
