{
  "version": 4,
  "terraform_version": "1.5.7",
  "serial": 659,
  "lineage": "fb50a0de-31b9-2974-b41e-7ba5da9860c9",
  "outputs": {
    "alb_dns_name": {
      "value": "nyu-vip-alb-475979171.us-east-1.elb.amazonaws.com",
      "type": "string"
    }
  },
  "resources": [
    {
      "mode": "data",
      "type": "aws_caller_identity",
      "name": "current",
      "provider": "provider[\"registry.terraform.io/hashicorp/aws\"]",
      "instances": [
        {
          "schema_version": 0,
          "attributes": {
            "account_id": "789264351109",
            "arn": "arn:aws:iam::789264351109:root",
            "id": "789264351109",
            "user_id": "789264351109"
          },
          "sensitive_attributes": []
        }
      ]
    },
    {
      "mode": "data",
      "type": "aws_region",
      "name": "current",
      "provider": "provider[\"registry.terraform.io/hashicorp/aws\"]",
      "instances": [
        {
          "schema_version": 0,
          "attributes": {
            "description": "US East (N. Virginia)",
            "endpoint": "ec2.us-east-1.amazonaws.com",
            "id": "us-east-1",
            "name": "us-east-1"
          },
          "sensitive_attributes": []
        }
      ]
    },
    {
      "mode": "managed",
      "type": "aws_codestarconnections_connection",
      "name": "nyu-vip-connection",
      "provider": "provider[\"registry.terraform.io/hashicorp/aws\"]",
      "instances": [
        {
          "schema_version": 0,
          "attributes": {
            "arn": "arn:aws:codestar-connections:us-east-1:789264351109:connection/9fcdc6a2-237a-49ab-bbb0-73ab02782f94",
            "connection_status": "AVAILABLE",
            "host_arn": "",
            "id": "arn:aws:codestar-connections:us-east-1:789264351109:connection/9fcdc6a2-237a-49ab-bbb0-73ab02782f94",
            "name": "nyu-vip-github-connection",
            "provider_type": "GitHub",
            "tags": {},
            "tags_all": {}
          },
          "sensitive_attributes": [],
          "private": "bnVsbA=="
        }
      ]
    },
    {
      "module": "module.IAM",
      "mode": "data",
      "type": "aws_caller_identity",
      "name": "current",
      "provider": "provider[\"registry.terraform.io/hashicorp/aws\"]",
      "instances": [
        {
          "schema_version": 0,
          "attributes": {
            "account_id": "789264351109",
            "arn": "arn:aws:iam::789264351109:root",
            "id": "789264351109",
            "user_id": "789264351109"
          },
          "sensitive_attributes": []
        }
      ]
    },
    {
      "module": "module.IAM",
      "mode": "data",
      "type": "aws_partition",
      "name": "current",
      "provider": "provider[\"registry.terraform.io/hashicorp/aws\"]",
      "instances": [
        {
          "schema_version": 0,
          "attributes": {
            "dns_suffix": "amazonaws.com",
            "id": "aws",
            "partition": "aws",
            "reverse_dns_prefix": "com.amazonaws"
          },
          "sensitive_attributes": []
        }
      ]
    },
    {
      "module": "module.IAM",
      "mode": "data",
      "type": "aws_region",
      "name": "current",
      "provider": "provider[\"registry.terraform.io/hashicorp/aws\"]",
      "instances": [
        {
          "schema_version": 0,
          "attributes": {
            "description": "US East (N. Virginia)",
            "endpoint": "ec2.us-east-1.amazonaws.com",
            "id": "us-east-1",
            "name": "us-east-1"
          },
          "sensitive_attributes": []
        }
      ]
    },
    {
      "module": "module.IAM",
      "mode": "managed",
      "type": "aws_iam_policy",
      "name": "codepipeline_policy",
      "provider": "provider[\"registry.terraform.io/hashicorp/aws\"]",
      "instances": [
        {
          "schema_version": 0,
          "attributes": {
            "arn": "arn:aws:iam::789264351109:policy/nyu-vip-codepipeline-policy",
            "description": "Policy to allow codepipeline to execute",
            "id": "arn:aws:iam::789264351109:policy/nyu-vip-codepipeline-policy",
            "name": "nyu-vip-codepipeline-policy",
            "name_prefix": "",
            "path": "/",
            "policy": "{\"Statement\":[{\"Action\":[\"s3:GetObject\",\"s3:GetObjectVersion\",\"s3:PutObjectAcl\",\"s3:PutObject\"],\"Effect\":\"Allow\",\"Resource\":\"arn:aws:s3:::nyu-vip-codepipeline-bucket/*\"},{\"Action\":[\"s3:GetBucketVersioning\"],\"Effect\":\"Allow\",\"Resource\":\"arn:aws:s3:::nyu-vip-codepipeline-bucket\"},{\"Action\":[\"kms:DescribeKey\",\"kms:GenerateDataKey*\",\"kms:Encrypt\",\"kms:ReEncrypt*\",\"kms:Decrypt\"],\"Effect\":\"Allow\",\"Resource\":\"arn:aws:kms:us-east-1:789264351109:key/de6096c5-8df7-44ec-9152-a49d4428b3c4\"},{\"Action\":[\"codestar-connections:UseConnection\"],\"Effect\":\"Allow\",\"Resource\":\"arn:aws:codestar-connections:us-east-1:789264351109:connection/9fcdc6a2-237a-49ab-bbb0-73ab02782f94\"},{\"Action\":[\"codestar-connections:CreateConnection\",\"codestar-connections:DeleteConnection\",\"codestar-connections:GetConnection\",\"codestar-connections:ListConnections\",\"codestar-connections:GetInstallationUrl\",\"codestar-connections:GetIndividualAccessToken\",\"codestar-connections:ListInstallationTargets\",\"codestar-connections:StartOAuthHandshake\",\"codestar-connections:UpdateConnectionInstallation\",\"codestar-connections:UseConnection\",\"codestar-connections:TagResource\",\"codestar-connections:ListTagsForResource\",\"codestar-connections:UntagResource\"],\"Effect\":\"Allow\",\"Resource\":[\"*\"]},{\"Action\":[\"codebuild:BatchGetBuilds\",\"codebuild:StartBuild\",\"codebuild:BatchGetProjects\"],\"Effect\":\"Allow\",\"Resource\":\"arn:aws:codebuild:us-east-1:789264351109:project/nyu-vip*\"},{\"Action\":[\"codebuild:CreateReportGroup\",\"codebuild:CreateReport\",\"codebuild:UpdateReport\",\"codebuild:BatchPutTestCases\"],\"Effect\":\"Allow\",\"Resource\":\"arn:aws:codebuild:us-east-1:789264351109:report-group/nyu-vip*\"},{\"Action\":[\"logs:CreateLogGroup\",\"logs:CreateLogStream\",\"logs:PutLogEvents\"],\"Effect\":\"Allow\",\"Resource\":\"arn:aws:logs:us-east-1:789264351109:log-group:*\"},{\"Action\":[\"ecr:BatchCheckLayerAvailability\",\"ecr:CompleteLayerUpload\",\"ecr:GetAuthorizationToken\",\"ecr:InitiateLayerUpload\",\"ecr:PutImage\",\"ecr:UploadLayerPart\"],\"Effect\":\"Allow\",\"Resource\":[\"*\"]},{\"Action\":[\"ecs:UpdateService\",\"ecs:ListTaskDefinitions\",\"ecs:DescribeTaskDefinition\",\"ecs:RegisterTaskDefinition\",\"ecs:DeregisterTaskDefinition\",\"ecs:DescribeServices\",\"ecs:DescribeClusters\",\"ecs:ListClusters\",\"ecs:ListServices\",\"iam:GetRole\",\"iam:PassRole\"],\"Effect\":\"Allow\",\"Resource\":[\"*\"]},{\"Action\":[\"codedeploy:CreateDeployment\",\"codedeploy:GetApplication\",\"codedeploy:GetApplicationRevision\",\"codedeploy:GetDeployment\",\"codedeploy:GetDeploymentConfig\",\"codedeploy:RegisterApplicationRevision\"],\"Effect\":\"Allow\",\"Resource\":[\"*\"]},{\"Action\":[\"elasticloadbalancing:DescribeListeners\",\"elasticloadbalancing:DescribeRules\",\"elasticloadbalancing:DescribeTargetGroups\",\"elasticloadbalancing:ModifyListener\",\"elasticloadbalancing:ModifyRule\"],\"Effect\":\"Allow\",\"Resource\":[\"*\"]}],\"Version\":\"2012-10-17\"}",
            "policy_id": "ANPA3PQ6SH6C4X4V4S65V",
            "tags": {
              "Environment": "dev",
              "Name": "nyu-vip-codepipeline-policy"
            },
            "tags_all": {
              "Environment": "dev",
              "Name": "nyu-vip-codepipeline-policy"
            }
          },
          "sensitive_attributes": [],
          "private": "bnVsbA==",
          "dependencies": [
            "aws_codestarconnections_connection.nyu-vip-connection",
            "module.IAM.data.aws_caller_identity.current",
            "module.IAM.data.aws_partition.current",
            "module.IAM.data.aws_region.current",
            "module.kms.aws_kms_key.encryption_key",
            "module.s3.aws_s3_bucket.codepipeline_bucket",
            "module.s3.aws_s3_bucket_public_access_block.codepipeline_bucket_access",
            "module.s3.aws_s3_bucket_server_side_encryption_configuration.codepipeline_bucket_encryption",
            "module.s3.aws_s3_bucket_versioning.codepipeline_bucket_versioning"
          ]
        }
      ]
    },
    {
      "module": "module.IAM",
      "mode": "managed",
      "type": "aws_iam_role",
      "name": "codepipeline_role",
      "provider": "provider[\"registry.terraform.io/hashicorp/aws\"]",
      "instances": [
        {
          "schema_version": 0,
          "attributes": {
            "arn": "arn:aws:iam::789264351109:role/nyu-codepipeline-iam-role",
            "assume_role_policy": "{\"Statement\":[{\"Action\":\"sts:AssumeRole\",\"Effect\":\"Allow\",\"Principal\":{\"Service\":\"codepipeline.amazonaws.com\"}},{\"Action\":\"sts:AssumeRole\",\"Effect\":\"Allow\",\"Principal\":{\"Service\":\"codebuild.amazonaws.com\"}},{\"Action\":\"sts:AssumeRole\",\"Effect\":\"Allow\",\"Principal\":{\"Service\":\"codedeploy.amazonaws.com\"}}],\"Version\":\"2012-10-17\"}",
            "create_date": "2024-03-17T17:45:04Z",
            "description": "",
            "force_detach_policies": false,
            "id": "nyu-codepipeline-iam-role",
            "inline_policy": [],
            "managed_policy_arns": [
              "arn:aws:iam::789264351109:policy/nyu-vip-codepipeline-policy"
            ],
            "max_session_duration": 3600,
            "name": "nyu-codepipeline-iam-role",
            "name_prefix": "",
            "path": "/",
            "permissions_boundary": "",
            "tags": {
              "Environment": "dev",
              "Name": "nyu-vip-codepipeline-role"
            },
            "tags_all": {
              "Environment": "dev",
              "Name": "nyu-vip-codepipeline-role"
            },
            "unique_id": "AROA3PQ6SH6C66YZZYIRZ"
          },
          "sensitive_attributes": [],
          "private": "bnVsbA==",
          "dependencies": [
            "module.kms.aws_kms_key.encryption_key",
            "module.s3.aws_s3_bucket.codepipeline_bucket",
            "module.s3.aws_s3_bucket_public_access_block.codepipeline_bucket_access",
            "module.s3.aws_s3_bucket_server_side_encryption_configuration.codepipeline_bucket_encryption",
            "module.s3.aws_s3_bucket_versioning.codepipeline_bucket_versioning"
          ]
        }
      ]
    },
    {
      "module": "module.IAM",
      "mode": "managed",
      "type": "aws_iam_role_policy_attachment",
      "name": "codepipeline_role_attach",
      "provider": "provider[\"registry.terraform.io/hashicorp/aws\"]",
      "instances": [
        {
          "schema_version": 0,
          "attributes": {
            "id": "nyu-codepipeline-iam-role-20240317174504957300000001",
            "policy_arn": "arn:aws:iam::789264351109:policy/nyu-vip-codepipeline-policy",
            "role": "nyu-codepipeline-iam-role"
          },
          "sensitive_attributes": [],
          "private": "bnVsbA==",
          "dependencies": [
            "aws_codestarconnections_connection.nyu-vip-connection",
            "module.IAM.aws_iam_policy.codepipeline_policy",
            "module.IAM.aws_iam_role.codepipeline_role",
            "module.IAM.data.aws_caller_identity.current",
            "module.IAM.data.aws_partition.current",
            "module.IAM.data.aws_region.current",
            "module.kms.aws_kms_key.encryption_key",
            "module.s3.aws_s3_bucket.codepipeline_bucket",
            "module.s3.aws_s3_bucket_public_access_block.codepipeline_bucket_access",
            "module.s3.aws_s3_bucket_server_side_encryption_configuration.codepipeline_bucket_encryption",
            "module.s3.aws_s3_bucket_versioning.codepipeline_bucket_versioning"
          ]
        }
      ]
    },
    {
      "module": "module.alb",
      "mode": "managed",
      "type": "aws_alb",
      "name": "application_load_balancer",
      "provider": "provider[\"registry.terraform.io/hashicorp/aws\"]",
      "instances": [
        {
          "schema_version": 0,
          "attributes": {
            "access_logs": [
              {
                "bucket": "",
                "enabled": false,
                "prefix": ""
              }
            ],
            "arn": "arn:aws:elasticloadbalancing:us-east-1:789264351109:loadbalancer/app/nyu-vip-alb/7b411adcbf744d22",
            "arn_suffix": "app/nyu-vip-alb/7b411adcbf744d22",
            "connection_logs": [
              {
                "bucket": "",
                "enabled": false,
                "prefix": ""
              }
            ],
            "customer_owned_ipv4_pool": "",
            "desync_mitigation_mode": "defensive",
            "dns_name": "nyu-vip-alb-475979171.us-east-1.elb.amazonaws.com",
            "dns_record_client_routing_policy": null,
            "drop_invalid_header_fields": false,
            "enable_cross_zone_load_balancing": true,
            "enable_deletion_protection": false,
            "enable_http2": true,
            "enable_tls_version_and_cipher_suite_headers": false,
            "enable_waf_fail_open": false,
            "enable_xff_client_port": false,
            "enforce_security_group_inbound_rules_on_private_link_traffic": "",
            "id": "arn:aws:elasticloadbalancing:us-east-1:789264351109:loadbalancer/app/nyu-vip-alb/7b411adcbf744d22",
            "idle_timeout": 60,
            "internal": false,
            "ip_address_type": "ipv4",
            "load_balancer_type": "application",
            "name": "nyu-vip-alb",
            "name_prefix": "",
            "preserve_host_header": false,
            "security_groups": [
              "sg-0478737f83606ec15"
            ],
            "subnet_mapping": [
              {
                "allocation_id": "",
                "ipv6_address": "",
                "outpost_id": "",
                "private_ipv4_address": "",
                "subnet_id": "subnet-0155ec1de901b1302"
              },
              {
                "allocation_id": "",
                "ipv6_address": "",
                "outpost_id": "",
                "private_ipv4_address": "",
                "subnet_id": "subnet-06e5a85b2db05cf86"
              }
            ],
            "subnets": [
              "subnet-0155ec1de901b1302",
              "subnet-06e5a85b2db05cf86"
            ],
            "tags": {},
            "tags_all": {},
            "timeouts": null,
            "vpc_id": "vpc-03e9c28a024562e01",
            "xff_header_processing_mode": "append",
            "zone_id": "Z35SXDOTRQ7X7K"
          },
          "sensitive_attributes": [],
          "private": "eyJlMmJmYjczMC1lY2FhLTExZTYtOGY4OC0zNDM2M2JjN2M0YzAiOnsiY3JlYXRlIjo2MDAwMDAwMDAwMDAsImRlbGV0ZSI6NjAwMDAwMDAwMDAwLCJ1cGRhdGUiOjYwMDAwMDAwMDAwMH19",
          "dependencies": [
            "module.alb.aws_security_group.alb",
            "module.vpc.aws_route.public",
            "module.vpc.aws_route_table.public",
            "module.vpc.module.vpc.aws_cloudwatch_log_group.flow_log",
            "module.vpc.module.vpc.aws_customer_gateway.this",
            "module.vpc.module.vpc.aws_db_subnet_group.database",
            "module.vpc.module.vpc.aws_default_network_acl.this",
            "module.vpc.module.vpc.aws_default_route_table.default",
            "module.vpc.module.vpc.aws_default_security_group.this",
            "module.vpc.module.vpc.aws_default_vpc.this",
            "module.vpc.module.vpc.aws_egress_only_internet_gateway.this",
            "module.vpc.module.vpc.aws_eip.nat",
            "module.vpc.module.vpc.aws_elasticache_subnet_group.elasticache",
            "module.vpc.module.vpc.aws_flow_log.this",
            "module.vpc.module.vpc.aws_iam_policy.vpc_flow_log_cloudwatch",
            "module.vpc.module.vpc.aws_iam_role.vpc_flow_log_cloudwatch",
            "module.vpc.module.vpc.aws_iam_role_policy_attachment.vpc_flow_log_cloudwatch",
            "module.vpc.module.vpc.aws_internet_gateway.this",
            "module.vpc.module.vpc.aws_nat_gateway.this",
            "module.vpc.module.vpc.aws_network_acl.database",
            "module.vpc.module.vpc.aws_network_acl.elasticache",
            "module.vpc.module.vpc.aws_network_acl.intra",
            "module.vpc.module.vpc.aws_network_acl.outpost",
            "module.vpc.module.vpc.aws_network_acl.private",
            "module.vpc.module.vpc.aws_network_acl.public",
            "module.vpc.module.vpc.aws_network_acl.redshift",
            "module.vpc.module.vpc.aws_network_acl_rule.database_inbound",
            "module.vpc.module.vpc.aws_network_acl_rule.database_outbound",
            "module.vpc.module.vpc.aws_network_acl_rule.elasticache_inbound",
            "module.vpc.module.vpc.aws_network_acl_rule.elasticache_outbound",
            "module.vpc.module.vpc.aws_network_acl_rule.intra_inbound",
            "module.vpc.module.vpc.aws_network_acl_rule.intra_outbound",
            "module.vpc.module.vpc.aws_network_acl_rule.outpost_inbound",
            "module.vpc.module.vpc.aws_network_acl_rule.outpost_outbound",
            "module.vpc.module.vpc.aws_network_acl_rule.private_inbound",
            "module.vpc.module.vpc.aws_network_acl_rule.private_outbound",
            "module.vpc.module.vpc.aws_network_acl_rule.public_inbound",
            "module.vpc.module.vpc.aws_network_acl_rule.public_outbound",
            "module.vpc.module.vpc.aws_network_acl_rule.redshift_inbound",
            "module.vpc.module.vpc.aws_network_acl_rule.redshift_outbound",
            "module.vpc.module.vpc.aws_redshift_subnet_group.redshift",
            "module.vpc.module.vpc.aws_route.database_dns64_nat_gateway",
            "module.vpc.module.vpc.aws_route.database_internet_gateway",
            "module.vpc.module.vpc.aws_route.database_ipv6_egress",
            "module.vpc.module.vpc.aws_route.database_nat_gateway",
            "module.vpc.module.vpc.aws_route.private_dns64_nat_gateway",
            "module.vpc.module.vpc.aws_route.private_ipv6_egress",
            "module.vpc.module.vpc.aws_route.private_nat_gateway",
            "module.vpc.module.vpc.aws_route.public_internet_gateway",
            "module.vpc.module.vpc.aws_route.public_internet_gateway_ipv6",
            "module.vpc.module.vpc.aws_route_table.database",
            "module.vpc.module.vpc.aws_route_table.elasticache",
            "module.vpc.module.vpc.aws_route_table.intra",
            "module.vpc.module.vpc.aws_route_table.private",
            "module.vpc.module.vpc.aws_route_table.public",
            "module.vpc.module.vpc.aws_route_table.redshift",
            "module.vpc.module.vpc.aws_route_table_association.database",
            "module.vpc.module.vpc.aws_route_table_association.elasticache",
            "module.vpc.module.vpc.aws_route_table_association.intra",
            "module.vpc.module.vpc.aws_route_table_association.outpost",
            "module.vpc.module.vpc.aws_route_table_association.private",
            "module.vpc.module.vpc.aws_route_table_association.public",
            "module.vpc.module.vpc.aws_route_table_association.redshift",
            "module.vpc.module.vpc.aws_route_table_association.redshift_public",
            "module.vpc.module.vpc.aws_subnet.database",
            "module.vpc.module.vpc.aws_subnet.elasticache",
            "module.vpc.module.vpc.aws_subnet.intra",
            "module.vpc.module.vpc.aws_subnet.outpost",
            "module.vpc.module.vpc.aws_subnet.private",
            "module.vpc.module.vpc.aws_subnet.public",
            "module.vpc.module.vpc.aws_subnet.redshift",
            "module.vpc.module.vpc.aws_vpc.this",
            "module.vpc.module.vpc.aws_vpc_dhcp_options.this",
            "module.vpc.module.vpc.aws_vpc_dhcp_options_association.this",
            "module.vpc.module.vpc.aws_vpc_ipv4_cidr_block_association.this",
            "module.vpc.module.vpc.aws_vpn_gateway.this",
            "module.vpc.module.vpc.aws_vpn_gateway_attachment.this",
            "module.vpc.module.vpc.aws_vpn_gateway_route_propagation.intra",
            "module.vpc.module.vpc.aws_vpn_gateway_route_propagation.private",
            "module.vpc.module.vpc.aws_vpn_gateway_route_propagation.public",
            "module.vpc.module.vpc.data.aws_iam_policy_document.flow_log_cloudwatch_assume_role",
            "module.vpc.module.vpc.data.aws_iam_policy_document.vpc_flow_log_cloudwatch"
          ]
        }
      ]
    },
    {
      "module": "module.alb",
      "mode": "managed",
      "type": "aws_lb_listener",
      "name": "listener",
      "provider": "provider[\"registry.terraform.io/hashicorp/aws\"]",
      "instances": [
        {
          "schema_version": 0,
          "attributes": {
            "alpn_policy": null,
            "arn": "arn:aws:elasticloadbalancing:us-east-1:789264351109:listener/app/nyu-vip-alb/7b411adcbf744d22/5263d5fd2a8e4207",
            "certificate_arn": null,
            "default_action": [
              {
                "authenticate_cognito": [],
                "authenticate_oidc": [],
                "fixed_response": [],
                "forward": [],
                "order": 1,
                "redirect": [],
                "target_group_arn": "arn:aws:elasticloadbalancing:us-east-1:789264351109:targetgroup/nyu-vip-target-group-0/2695760c4606356b",
                "type": "forward"
              }
            ],
            "id": "arn:aws:elasticloadbalancing:us-east-1:789264351109:listener/app/nyu-vip-alb/7b411adcbf744d22/5263d5fd2a8e4207",
            "load_balancer_arn": "arn:aws:elasticloadbalancing:us-east-1:789264351109:loadbalancer/app/nyu-vip-alb/7b411adcbf744d22",
            "mutual_authentication": [],
            "port": 80,
            "protocol": "HTTP",
            "ssl_policy": "",
            "tags": {},
            "tags_all": {},
            "timeouts": null
          },
          "sensitive_attributes": [],
          "private": "eyJlMmJmYjczMC1lY2FhLTExZTYtOGY4OC0zNDM2M2JjN2M0YzAiOnsiY3JlYXRlIjozMDAwMDAwMDAwMDAsInVwZGF0ZSI6MzAwMDAwMDAwMDAwfX0=",
          "dependencies": [
            "module.alb.aws_alb.application_load_balancer",
            "module.alb.aws_lb_target_group.target_group",
            "module.alb.aws_security_group.alb",
            "module.vpc.aws_route.public",
            "module.vpc.aws_route_table.public",
            "module.vpc.module.vpc.aws_cloudwatch_log_group.flow_log",
            "module.vpc.module.vpc.aws_customer_gateway.this",
            "module.vpc.module.vpc.aws_db_subnet_group.database",
            "module.vpc.module.vpc.aws_default_network_acl.this",
            "module.vpc.module.vpc.aws_default_route_table.default",
            "module.vpc.module.vpc.aws_default_security_group.this",
            "module.vpc.module.vpc.aws_default_vpc.this",
            "module.vpc.module.vpc.aws_egress_only_internet_gateway.this",
            "module.vpc.module.vpc.aws_eip.nat",
            "module.vpc.module.vpc.aws_elasticache_subnet_group.elasticache",
            "module.vpc.module.vpc.aws_flow_log.this",
            "module.vpc.module.vpc.aws_iam_policy.vpc_flow_log_cloudwatch",
            "module.vpc.module.vpc.aws_iam_role.vpc_flow_log_cloudwatch",
            "module.vpc.module.vpc.aws_iam_role_policy_attachment.vpc_flow_log_cloudwatch",
            "module.vpc.module.vpc.aws_internet_gateway.this",
            "module.vpc.module.vpc.aws_nat_gateway.this",
            "module.vpc.module.vpc.aws_network_acl.database",
            "module.vpc.module.vpc.aws_network_acl.elasticache",
            "module.vpc.module.vpc.aws_network_acl.intra",
            "module.vpc.module.vpc.aws_network_acl.outpost",
            "module.vpc.module.vpc.aws_network_acl.private",
            "module.vpc.module.vpc.aws_network_acl.public",
            "module.vpc.module.vpc.aws_network_acl.redshift",
            "module.vpc.module.vpc.aws_network_acl_rule.database_inbound",
            "module.vpc.module.vpc.aws_network_acl_rule.database_outbound",
            "module.vpc.module.vpc.aws_network_acl_rule.elasticache_inbound",
            "module.vpc.module.vpc.aws_network_acl_rule.elasticache_outbound",
            "module.vpc.module.vpc.aws_network_acl_rule.intra_inbound",
            "module.vpc.module.vpc.aws_network_acl_rule.intra_outbound",
            "module.vpc.module.vpc.aws_network_acl_rule.outpost_inbound",
            "module.vpc.module.vpc.aws_network_acl_rule.outpost_outbound",
            "module.vpc.module.vpc.aws_network_acl_rule.private_inbound",
            "module.vpc.module.vpc.aws_network_acl_rule.private_outbound",
            "module.vpc.module.vpc.aws_network_acl_rule.public_inbound",
            "module.vpc.module.vpc.aws_network_acl_rule.public_outbound",
            "module.vpc.module.vpc.aws_network_acl_rule.redshift_inbound",
            "module.vpc.module.vpc.aws_network_acl_rule.redshift_outbound",
            "module.vpc.module.vpc.aws_redshift_subnet_group.redshift",
            "module.vpc.module.vpc.aws_route.database_dns64_nat_gateway",
            "module.vpc.module.vpc.aws_route.database_internet_gateway",
            "module.vpc.module.vpc.aws_route.database_ipv6_egress",
            "module.vpc.module.vpc.aws_route.database_nat_gateway",
            "module.vpc.module.vpc.aws_route.private_dns64_nat_gateway",
            "module.vpc.module.vpc.aws_route.private_ipv6_egress",
            "module.vpc.module.vpc.aws_route.private_nat_gateway",
            "module.vpc.module.vpc.aws_route.public_internet_gateway",
            "module.vpc.module.vpc.aws_route.public_internet_gateway_ipv6",
            "module.vpc.module.vpc.aws_route_table.database",
            "module.vpc.module.vpc.aws_route_table.elasticache",
            "module.vpc.module.vpc.aws_route_table.intra",
            "module.vpc.module.vpc.aws_route_table.private",
            "module.vpc.module.vpc.aws_route_table.public",
            "module.vpc.module.vpc.aws_route_table.redshift",
            "module.vpc.module.vpc.aws_route_table_association.database",
            "module.vpc.module.vpc.aws_route_table_association.elasticache",
            "module.vpc.module.vpc.aws_route_table_association.intra",
            "module.vpc.module.vpc.aws_route_table_association.outpost",
            "module.vpc.module.vpc.aws_route_table_association.private",
            "module.vpc.module.vpc.aws_route_table_association.public",
            "module.vpc.module.vpc.aws_route_table_association.redshift",
            "module.vpc.module.vpc.aws_route_table_association.redshift_public",
            "module.vpc.module.vpc.aws_subnet.database",
            "module.vpc.module.vpc.aws_subnet.elasticache",
            "module.vpc.module.vpc.aws_subnet.intra",
            "module.vpc.module.vpc.aws_subnet.outpost",
            "module.vpc.module.vpc.aws_subnet.private",
            "module.vpc.module.vpc.aws_subnet.public",
            "module.vpc.module.vpc.aws_subnet.redshift",
            "module.vpc.module.vpc.aws_vpc.this",
            "module.vpc.module.vpc.aws_vpc_dhcp_options.this",
            "module.vpc.module.vpc.aws_vpc_dhcp_options_association.this",
            "module.vpc.module.vpc.aws_vpc_ipv4_cidr_block_association.this",
            "module.vpc.module.vpc.aws_vpn_gateway.this",
            "module.vpc.module.vpc.aws_vpn_gateway_attachment.this",
            "module.vpc.module.vpc.aws_vpn_gateway_route_propagation.intra",
            "module.vpc.module.vpc.aws_vpn_gateway_route_propagation.private",
            "module.vpc.module.vpc.aws_vpn_gateway_route_propagation.public",
            "module.vpc.module.vpc.data.aws_iam_policy_document.flow_log_cloudwatch_assume_role",
            "module.vpc.module.vpc.data.aws_iam_policy_document.vpc_flow_log_cloudwatch"
          ]
        }
      ]
    },
    {
      "module": "module.alb",
      "mode": "managed",
      "type": "aws_lb_target_group",
      "name": "target_group",
      "provider": "provider[\"registry.terraform.io/hashicorp/aws\"]",
      "instances": [
        {
          "index_key": 0,
          "schema_version": 0,
          "attributes": {
            "arn": "arn:aws:elasticloadbalancing:us-east-1:789264351109:targetgroup/nyu-vip-target-group-0/2695760c4606356b",
            "arn_suffix": "targetgroup/nyu-vip-target-group-0/2695760c4606356b",
            "connection_termination": null,
            "deregistration_delay": "300",
            "health_check": [
              {
                "enabled": true,
                "healthy_threshold": 3,
                "interval": 300,
                "matcher": "200",
                "path": "/",
                "port": "3000",
                "protocol": "HTTP",
                "timeout": 5,
                "unhealthy_threshold": 3
              }
            ],
            "id": "arn:aws:elasticloadbalancing:us-east-1:789264351109:targetgroup/nyu-vip-target-group-0/2695760c4606356b",
            "ip_address_type": "ipv4",
            "lambda_multi_value_headers_enabled": false,
            "load_balancer_arns": [
              "arn:aws:elasticloadbalancing:us-east-1:789264351109:loadbalancer/app/nyu-vip-alb/7b411adcbf744d22"
            ],
            "load_balancing_algorithm_type": "round_robin",
            "load_balancing_anomaly_mitigation": "off",
            "load_balancing_cross_zone_enabled": "use_load_balancer_configuration",
            "name": "nyu-vip-target-group-0",
            "name_prefix": "",
            "port": 3000,
            "preserve_client_ip": null,
            "protocol": "HTTP",
            "protocol_version": "HTTP1",
            "proxy_protocol_v2": false,
            "slow_start": 0,
            "stickiness": [
              {
                "cookie_duration": 86400,
                "cookie_name": "",
                "enabled": false,
                "type": "lb_cookie"
              }
            ],
            "tags": {},
            "tags_all": {},
            "target_failover": [
              {
                "on_deregistration": null,
                "on_unhealthy": null
              }
            ],
            "target_health_state": [
              {
                "enable_unhealthy_connection_termination": null
              }
            ],
            "target_type": "ip",
            "vpc_id": "vpc-03e9c28a024562e01"
          },
          "sensitive_attributes": [],
          "private": "bnVsbA==",
          "dependencies": [
            "module.vpc.aws_route.public",
            "module.vpc.aws_route_table.public",
            "module.vpc.module.vpc.aws_cloudwatch_log_group.flow_log",
            "module.vpc.module.vpc.aws_customer_gateway.this",
            "module.vpc.module.vpc.aws_db_subnet_group.database",
            "module.vpc.module.vpc.aws_default_network_acl.this",
            "module.vpc.module.vpc.aws_default_route_table.default",
            "module.vpc.module.vpc.aws_default_security_group.this",
            "module.vpc.module.vpc.aws_default_vpc.this",
            "module.vpc.module.vpc.aws_egress_only_internet_gateway.this",
            "module.vpc.module.vpc.aws_eip.nat",
            "module.vpc.module.vpc.aws_elasticache_subnet_group.elasticache",
            "module.vpc.module.vpc.aws_flow_log.this",
            "module.vpc.module.vpc.aws_iam_policy.vpc_flow_log_cloudwatch",
            "module.vpc.module.vpc.aws_iam_role.vpc_flow_log_cloudwatch",
            "module.vpc.module.vpc.aws_iam_role_policy_attachment.vpc_flow_log_cloudwatch",
            "module.vpc.module.vpc.aws_internet_gateway.this",
            "module.vpc.module.vpc.aws_nat_gateway.this",
            "module.vpc.module.vpc.aws_network_acl.database",
            "module.vpc.module.vpc.aws_network_acl.elasticache",
            "module.vpc.module.vpc.aws_network_acl.intra",
            "module.vpc.module.vpc.aws_network_acl.outpost",
            "module.vpc.module.vpc.aws_network_acl.private",
            "module.vpc.module.vpc.aws_network_acl.public",
            "module.vpc.module.vpc.aws_network_acl.redshift",
            "module.vpc.module.vpc.aws_network_acl_rule.database_inbound",
            "module.vpc.module.vpc.aws_network_acl_rule.database_outbound",
            "module.vpc.module.vpc.aws_network_acl_rule.elasticache_inbound",
            "module.vpc.module.vpc.aws_network_acl_rule.elasticache_outbound",
            "module.vpc.module.vpc.aws_network_acl_rule.intra_inbound",
            "module.vpc.module.vpc.aws_network_acl_rule.intra_outbound",
            "module.vpc.module.vpc.aws_network_acl_rule.outpost_inbound",
            "module.vpc.module.vpc.aws_network_acl_rule.outpost_outbound",
            "module.vpc.module.vpc.aws_network_acl_rule.private_inbound",
            "module.vpc.module.vpc.aws_network_acl_rule.private_outbound",
            "module.vpc.module.vpc.aws_network_acl_rule.public_inbound",
            "module.vpc.module.vpc.aws_network_acl_rule.public_outbound",
            "module.vpc.module.vpc.aws_network_acl_rule.redshift_inbound",
            "module.vpc.module.vpc.aws_network_acl_rule.redshift_outbound",
            "module.vpc.module.vpc.aws_redshift_subnet_group.redshift",
            "module.vpc.module.vpc.aws_route.database_dns64_nat_gateway",
            "module.vpc.module.vpc.aws_route.database_internet_gateway",
            "module.vpc.module.vpc.aws_route.database_ipv6_egress",
            "module.vpc.module.vpc.aws_route.database_nat_gateway",
            "module.vpc.module.vpc.aws_route.private_dns64_nat_gateway",
            "module.vpc.module.vpc.aws_route.private_ipv6_egress",
            "module.vpc.module.vpc.aws_route.private_nat_gateway",
            "module.vpc.module.vpc.aws_route.public_internet_gateway",
            "module.vpc.module.vpc.aws_route.public_internet_gateway_ipv6",
            "module.vpc.module.vpc.aws_route_table.database",
            "module.vpc.module.vpc.aws_route_table.elasticache",
            "module.vpc.module.vpc.aws_route_table.intra",
            "module.vpc.module.vpc.aws_route_table.private",
            "module.vpc.module.vpc.aws_route_table.public",
            "module.vpc.module.vpc.aws_route_table.redshift",
            "module.vpc.module.vpc.aws_route_table_association.database",
            "module.vpc.module.vpc.aws_route_table_association.elasticache",
            "module.vpc.module.vpc.aws_route_table_association.intra",
            "module.vpc.module.vpc.aws_route_table_association.outpost",
            "module.vpc.module.vpc.aws_route_table_association.private",
            "module.vpc.module.vpc.aws_route_table_association.public",
            "module.vpc.module.vpc.aws_route_table_association.redshift",
            "module.vpc.module.vpc.aws_route_table_association.redshift_public",
            "module.vpc.module.vpc.aws_subnet.database",
            "module.vpc.module.vpc.aws_subnet.elasticache",
            "module.vpc.module.vpc.aws_subnet.intra",
            "module.vpc.module.vpc.aws_subnet.outpost",
            "module.vpc.module.vpc.aws_subnet.private",
            "module.vpc.module.vpc.aws_subnet.public",
            "module.vpc.module.vpc.aws_subnet.redshift",
            "module.vpc.module.vpc.aws_vpc.this",
            "module.vpc.module.vpc.aws_vpc_dhcp_options.this",
            "module.vpc.module.vpc.aws_vpc_dhcp_options_association.this",
            "module.vpc.module.vpc.aws_vpc_ipv4_cidr_block_association.this",
            "module.vpc.module.vpc.aws_vpn_gateway.this",
            "module.vpc.module.vpc.aws_vpn_gateway_attachment.this",
            "module.vpc.module.vpc.aws_vpn_gateway_route_propagation.intra",
            "module.vpc.module.vpc.aws_vpn_gateway_route_propagation.private",
            "module.vpc.module.vpc.aws_vpn_gateway_route_propagation.public",
            "module.vpc.module.vpc.data.aws_iam_policy_document.flow_log_cloudwatch_assume_role",
            "module.vpc.module.vpc.data.aws_iam_policy_document.vpc_flow_log_cloudwatch"
          ]
        },
        {
          "index_key": 1,
          "schema_version": 0,
          "attributes": {
            "arn": "arn:aws:elasticloadbalancing:us-east-1:789264351109:targetgroup/nyu-vip-target-group-1/f4064d49015ded53",
            "arn_suffix": "targetgroup/nyu-vip-target-group-1/f4064d49015ded53",
            "connection_termination": null,
            "deregistration_delay": "300",
            "health_check": [
              {
                "enabled": true,
                "healthy_threshold": 3,
                "interval": 300,
                "matcher": "200",
                "path": "/",
                "port": "3000",
                "protocol": "HTTP",
                "timeout": 5,
                "unhealthy_threshold": 3
              }
            ],
            "id": "arn:aws:elasticloadbalancing:us-east-1:789264351109:targetgroup/nyu-vip-target-group-1/f4064d49015ded53",
            "ip_address_type": "ipv4",
            "lambda_multi_value_headers_enabled": false,
            "load_balancer_arns": [],
            "load_balancing_algorithm_type": "round_robin",
            "load_balancing_anomaly_mitigation": "off",
            "load_balancing_cross_zone_enabled": "use_load_balancer_configuration",
            "name": "nyu-vip-target-group-1",
            "name_prefix": "",
            "port": 3000,
            "preserve_client_ip": null,
            "protocol": "HTTP",
            "protocol_version": "HTTP1",
            "proxy_protocol_v2": false,
            "slow_start": 0,
            "stickiness": [
              {
                "cookie_duration": 86400,
                "cookie_name": "",
                "enabled": false,
                "type": "lb_cookie"
              }
            ],
            "tags": {},
            "tags_all": {},
            "target_failover": [
              {
                "on_deregistration": null,
                "on_unhealthy": null
              }
            ],
            "target_health_state": [
              {
                "enable_unhealthy_connection_termination": null
              }
            ],
            "target_type": "ip",
            "vpc_id": "vpc-03e9c28a024562e01"
          },
          "sensitive_attributes": [],
          "private": "bnVsbA==",
          "dependencies": [
            "module.vpc.aws_route.public",
            "module.vpc.aws_route_table.public",
            "module.vpc.module.vpc.aws_cloudwatch_log_group.flow_log",
            "module.vpc.module.vpc.aws_customer_gateway.this",
            "module.vpc.module.vpc.aws_db_subnet_group.database",
            "module.vpc.module.vpc.aws_default_network_acl.this",
            "module.vpc.module.vpc.aws_default_route_table.default",
            "module.vpc.module.vpc.aws_default_security_group.this",
            "module.vpc.module.vpc.aws_default_vpc.this",
            "module.vpc.module.vpc.aws_egress_only_internet_gateway.this",
            "module.vpc.module.vpc.aws_eip.nat",
            "module.vpc.module.vpc.aws_elasticache_subnet_group.elasticache",
            "module.vpc.module.vpc.aws_flow_log.this",
            "module.vpc.module.vpc.aws_iam_policy.vpc_flow_log_cloudwatch",
            "module.vpc.module.vpc.aws_iam_role.vpc_flow_log_cloudwatch",
            "module.vpc.module.vpc.aws_iam_role_policy_attachment.vpc_flow_log_cloudwatch",
            "module.vpc.module.vpc.aws_internet_gateway.this",
            "module.vpc.module.vpc.aws_nat_gateway.this",
            "module.vpc.module.vpc.aws_network_acl.database",
            "module.vpc.module.vpc.aws_network_acl.elasticache",
            "module.vpc.module.vpc.aws_network_acl.intra",
            "module.vpc.module.vpc.aws_network_acl.outpost",
            "module.vpc.module.vpc.aws_network_acl.private",
            "module.vpc.module.vpc.aws_network_acl.public",
            "module.vpc.module.vpc.aws_network_acl.redshift",
            "module.vpc.module.vpc.aws_network_acl_rule.database_inbound",
            "module.vpc.module.vpc.aws_network_acl_rule.database_outbound",
            "module.vpc.module.vpc.aws_network_acl_rule.elasticache_inbound",
            "module.vpc.module.vpc.aws_network_acl_rule.elasticache_outbound",
            "module.vpc.module.vpc.aws_network_acl_rule.intra_inbound",
            "module.vpc.module.vpc.aws_network_acl_rule.intra_outbound",
            "module.vpc.module.vpc.aws_network_acl_rule.outpost_inbound",
            "module.vpc.module.vpc.aws_network_acl_rule.outpost_outbound",
            "module.vpc.module.vpc.aws_network_acl_rule.private_inbound",
            "module.vpc.module.vpc.aws_network_acl_rule.private_outbound",
            "module.vpc.module.vpc.aws_network_acl_rule.public_inbound",
            "module.vpc.module.vpc.aws_network_acl_rule.public_outbound",
            "module.vpc.module.vpc.aws_network_acl_rule.redshift_inbound",
            "module.vpc.module.vpc.aws_network_acl_rule.redshift_outbound",
            "module.vpc.module.vpc.aws_redshift_subnet_group.redshift",
            "module.vpc.module.vpc.aws_route.database_dns64_nat_gateway",
            "module.vpc.module.vpc.aws_route.database_internet_gateway",
            "module.vpc.module.vpc.aws_route.database_ipv6_egress",
            "module.vpc.module.vpc.aws_route.database_nat_gateway",
            "module.vpc.module.vpc.aws_route.private_dns64_nat_gateway",
            "module.vpc.module.vpc.aws_route.private_ipv6_egress",
            "module.vpc.module.vpc.aws_route.private_nat_gateway",
            "module.vpc.module.vpc.aws_route.public_internet_gateway",
            "module.vpc.module.vpc.aws_route.public_internet_gateway_ipv6",
            "module.vpc.module.vpc.aws_route_table.database",
            "module.vpc.module.vpc.aws_route_table.elasticache",
            "module.vpc.module.vpc.aws_route_table.intra",
            "module.vpc.module.vpc.aws_route_table.private",
            "module.vpc.module.vpc.aws_route_table.public",
            "module.vpc.module.vpc.aws_route_table.redshift",
            "module.vpc.module.vpc.aws_route_table_association.database",
            "module.vpc.module.vpc.aws_route_table_association.elasticache",
            "module.vpc.module.vpc.aws_route_table_association.intra",
            "module.vpc.module.vpc.aws_route_table_association.outpost",
            "module.vpc.module.vpc.aws_route_table_association.private",
            "module.vpc.module.vpc.aws_route_table_association.public",
            "module.vpc.module.vpc.aws_route_table_association.redshift",
            "module.vpc.module.vpc.aws_route_table_association.redshift_public",
            "module.vpc.module.vpc.aws_subnet.database",
            "module.vpc.module.vpc.aws_subnet.elasticache",
            "module.vpc.module.vpc.aws_subnet.intra",
            "module.vpc.module.vpc.aws_subnet.outpost",
            "module.vpc.module.vpc.aws_subnet.private",
            "module.vpc.module.vpc.aws_subnet.public",
            "module.vpc.module.vpc.aws_subnet.redshift",
            "module.vpc.module.vpc.aws_vpc.this",
            "module.vpc.module.vpc.aws_vpc_dhcp_options.this",
            "module.vpc.module.vpc.aws_vpc_dhcp_options_association.this",
            "module.vpc.module.vpc.aws_vpc_ipv4_cidr_block_association.this",
            "module.vpc.module.vpc.aws_vpn_gateway.this",
            "module.vpc.module.vpc.aws_vpn_gateway_attachment.this",
            "module.vpc.module.vpc.aws_vpn_gateway_route_propagation.intra",
            "module.vpc.module.vpc.aws_vpn_gateway_route_propagation.private",
            "module.vpc.module.vpc.aws_vpn_gateway_route_propagation.public",
            "module.vpc.module.vpc.data.aws_iam_policy_document.flow_log_cloudwatch_assume_role",
            "module.vpc.module.vpc.data.aws_iam_policy_document.vpc_flow_log_cloudwatch"
          ]
        }
      ]
    },
    {
      "module": "module.alb",
      "mode": "managed",
      "type": "aws_security_group",
      "name": "alb",
      "provider": "provider[\"registry.terraform.io/hashicorp/aws\"]",
      "instances": [
        {
          "schema_version": 1,
          "attributes": {
            "arn": "arn:aws:ec2:us-east-1:789264351109:security-group/sg-0478737f83606ec15",
            "description": "Allow HTTPS inbound traffc",
            "egress": [
              {
                "cidr_blocks": [
                  "0.0.0.0/0"
                ],
                "description": "",
                "from_port": 0,
                "ipv6_cidr_blocks": [],
                "prefix_list_ids": [],
                "protocol": "-1",
                "security_groups": [],
                "self": false,
                "to_port": 0
              }
            ],
            "id": "sg-0478737f83606ec15",
            "ingress": [
              {
                "cidr_blocks": [
                  "0.0.0.0/0"
                ],
                "description": "",
                "from_port": 80,
                "ipv6_cidr_blocks": [],
                "prefix_list_ids": [],
                "protocol": "tcp",
                "security_groups": [],
                "self": false,
                "to_port": 80
              },
              {
                "cidr_blocks": [],
                "description": "",
                "from_port": 0,
                "ipv6_cidr_blocks": [],
                "prefix_list_ids": [],
                "protocol": "-1",
                "security_groups": [],
                "self": true,
                "to_port": 0
              }
            ],
            "name": "nyu-alb",
            "name_prefix": "",
            "owner_id": "789264351109",
            "revoke_rules_on_delete": false,
            "tags": {},
            "tags_all": {},
            "timeouts": null,
            "vpc_id": "vpc-03e9c28a024562e01"
          },
          "sensitive_attributes": [],
          "private": "eyJlMmJmYjczMC1lY2FhLTExZTYtOGY4OC0zNDM2M2JjN2M0YzAiOnsiY3JlYXRlIjo2MDAwMDAwMDAwMDAsImRlbGV0ZSI6OTAwMDAwMDAwMDAwfSwic2NoZW1hX3ZlcnNpb24iOiIxIn0=",
          "dependencies": [
            "module.vpc.aws_route.public",
            "module.vpc.aws_route_table.public",
            "module.vpc.module.vpc.aws_cloudwatch_log_group.flow_log",
            "module.vpc.module.vpc.aws_customer_gateway.this",
            "module.vpc.module.vpc.aws_db_subnet_group.database",
            "module.vpc.module.vpc.aws_default_network_acl.this",
            "module.vpc.module.vpc.aws_default_route_table.default",
            "module.vpc.module.vpc.aws_default_security_group.this",
            "module.vpc.module.vpc.aws_default_vpc.this",
            "module.vpc.module.vpc.aws_egress_only_internet_gateway.this",
            "module.vpc.module.vpc.aws_eip.nat",
            "module.vpc.module.vpc.aws_elasticache_subnet_group.elasticache",
            "module.vpc.module.vpc.aws_flow_log.this",
            "module.vpc.module.vpc.aws_iam_policy.vpc_flow_log_cloudwatch",
            "module.vpc.module.vpc.aws_iam_role.vpc_flow_log_cloudwatch",
            "module.vpc.module.vpc.aws_iam_role_policy_attachment.vpc_flow_log_cloudwatch",
            "module.vpc.module.vpc.aws_internet_gateway.this",
            "module.vpc.module.vpc.aws_nat_gateway.this",
            "module.vpc.module.vpc.aws_network_acl.database",
            "module.vpc.module.vpc.aws_network_acl.elasticache",
            "module.vpc.module.vpc.aws_network_acl.intra",
            "module.vpc.module.vpc.aws_network_acl.outpost",
            "module.vpc.module.vpc.aws_network_acl.private",
            "module.vpc.module.vpc.aws_network_acl.public",
            "module.vpc.module.vpc.aws_network_acl.redshift",
            "module.vpc.module.vpc.aws_network_acl_rule.database_inbound",
            "module.vpc.module.vpc.aws_network_acl_rule.database_outbound",
            "module.vpc.module.vpc.aws_network_acl_rule.elasticache_inbound",
            "module.vpc.module.vpc.aws_network_acl_rule.elasticache_outbound",
            "module.vpc.module.vpc.aws_network_acl_rule.intra_inbound",
            "module.vpc.module.vpc.aws_network_acl_rule.intra_outbound",
            "module.vpc.module.vpc.aws_network_acl_rule.outpost_inbound",
            "module.vpc.module.vpc.aws_network_acl_rule.outpost_outbound",
            "module.vpc.module.vpc.aws_network_acl_rule.private_inbound",
            "module.vpc.module.vpc.aws_network_acl_rule.private_outbound",
            "module.vpc.module.vpc.aws_network_acl_rule.public_inbound",
            "module.vpc.module.vpc.aws_network_acl_rule.public_outbound",
            "module.vpc.module.vpc.aws_network_acl_rule.redshift_inbound",
            "module.vpc.module.vpc.aws_network_acl_rule.redshift_outbound",
            "module.vpc.module.vpc.aws_redshift_subnet_group.redshift",
            "module.vpc.module.vpc.aws_route.database_dns64_nat_gateway",
            "module.vpc.module.vpc.aws_route.database_internet_gateway",
            "module.vpc.module.vpc.aws_route.database_ipv6_egress",
            "module.vpc.module.vpc.aws_route.database_nat_gateway",
            "module.vpc.module.vpc.aws_route.private_dns64_nat_gateway",
            "module.vpc.module.vpc.aws_route.private_ipv6_egress",
            "module.vpc.module.vpc.aws_route.private_nat_gateway",
            "module.vpc.module.vpc.aws_route.public_internet_gateway",
            "module.vpc.module.vpc.aws_route.public_internet_gateway_ipv6",
            "module.vpc.module.vpc.aws_route_table.database",
            "module.vpc.module.vpc.aws_route_table.elasticache",
            "module.vpc.module.vpc.aws_route_table.intra",
            "module.vpc.module.vpc.aws_route_table.private",
            "module.vpc.module.vpc.aws_route_table.public",
            "module.vpc.module.vpc.aws_route_table.redshift",
            "module.vpc.module.vpc.aws_route_table_association.database",
            "module.vpc.module.vpc.aws_route_table_association.elasticache",
            "module.vpc.module.vpc.aws_route_table_association.intra",
            "module.vpc.module.vpc.aws_route_table_association.outpost",
            "module.vpc.module.vpc.aws_route_table_association.private",
            "module.vpc.module.vpc.aws_route_table_association.public",
            "module.vpc.module.vpc.aws_route_table_association.redshift",
            "module.vpc.module.vpc.aws_route_table_association.redshift_public",
            "module.vpc.module.vpc.aws_subnet.database",
            "module.vpc.module.vpc.aws_subnet.elasticache",
            "module.vpc.module.vpc.aws_subnet.intra",
            "module.vpc.module.vpc.aws_subnet.outpost",
            "module.vpc.module.vpc.aws_subnet.private",
            "module.vpc.module.vpc.aws_subnet.public",
            "module.vpc.module.vpc.aws_subnet.redshift",
            "module.vpc.module.vpc.aws_vpc.this",
            "module.vpc.module.vpc.aws_vpc_dhcp_options.this",
            "module.vpc.module.vpc.aws_vpc_dhcp_options_association.this",
            "module.vpc.module.vpc.aws_vpc_ipv4_cidr_block_association.this",
            "module.vpc.module.vpc.aws_vpn_gateway.this",
            "module.vpc.module.vpc.aws_vpn_gateway_attachment.this",
            "module.vpc.module.vpc.aws_vpn_gateway_route_propagation.intra",
            "module.vpc.module.vpc.aws_vpn_gateway_route_propagation.private",
            "module.vpc.module.vpc.aws_vpn_gateway_route_propagation.public",
            "module.vpc.module.vpc.data.aws_iam_policy_document.flow_log_cloudwatch_assume_role",
            "module.vpc.module.vpc.data.aws_iam_policy_document.vpc_flow_log_cloudwatch"
          ]
        }
      ]
    },
    {
      "module": "module.codebuild",
      "mode": "data",
      "type": "aws_caller_identity",
      "name": "current",
      "provider": "provider[\"registry.terraform.io/hashicorp/aws\"]",
      "instances": [
        {
          "schema_version": 0,
          "attributes": {
            "account_id": "789264351109",
            "arn": "arn:aws:iam::789264351109:root",
            "id": "789264351109",
            "user_id": "789264351109"
          },
          "sensitive_attributes": []
        }
      ]
    },
    {
      "module": "module.codebuild",
      "mode": "data",
      "type": "aws_partition",
      "name": "current",
      "provider": "provider[\"registry.terraform.io/hashicorp/aws\"]",
      "instances": [
        {
          "schema_version": 0,
          "attributes": {
            "dns_suffix": "amazonaws.com",
            "id": "aws",
            "partition": "aws",
            "reverse_dns_prefix": "com.amazonaws"
          },
          "sensitive_attributes": []
        }
      ]
    },
    {
      "module": "module.codebuild",
      "mode": "data",
      "type": "aws_region",
      "name": "current",
      "provider": "provider[\"registry.terraform.io/hashicorp/aws\"]",
      "instances": [
        {
          "schema_version": 0,
          "attributes": {
            "description": "US East (N. Virginia)",
            "endpoint": "ec2.us-east-1.amazonaws.com",
            "id": "us-east-1",
            "name": "us-east-1"
          },
          "sensitive_attributes": []
        }
      ]
    },
    {
      "module": "module.codebuild",
      "mode": "managed",
      "type": "aws_codebuild_project",
      "name": "nyu_vip_codebuild_project",
      "provider": "provider[\"registry.terraform.io/hashicorp/aws\"]",
      "instances": [
        {
          "schema_version": 0,
          "attributes": {
            "arn": "arn:aws:codebuild:us-east-1:789264351109:project/nyu-vip-codebuild",
            "artifacts": [
              {
                "artifact_identifier": "",
                "bucket_owner_access": "",
                "encryption_disabled": false,
                "location": "",
                "name": "nyu-vip-codebuild",
                "namespace_type": "",
                "override_artifact_name": false,
                "packaging": "NONE",
                "path": "",
                "type": "CODEPIPELINE"
              }
            ],
            "badge_enabled": false,
            "badge_url": "",
            "build_batch_config": [],
            "build_timeout": 60,
            "cache": [
              {
                "location": "",
                "modes": [],
                "type": "NO_CACHE"
              }
            ],
            "concurrent_build_limit": 0,
            "description": "",
            "encryption_key": "arn:aws:kms:us-east-1:789264351109:key/de6096c5-8df7-44ec-9152-a49d4428b3c4",
            "environment": [
              {
                "certificate": "",
                "compute_type": "BUILD_GENERAL1_SMALL",
                "environment_variable": [
                  {
                    "name": "REPO_URL",
                    "type": "PLAINTEXT",
                    "value": "789264351109.dkr.ecr.us-east-1.amazonaws.com/nyu-vip"
                  },
                  {
                    "name": "PUSH_TO_ECR_COMMAND",
                    "type": "PLAINTEXT",
                    "value": "aws ecr get-login-password --region us-east-1 | docker login --username AWS --password-stdin 789264351109.dkr.ecr.us-east-1.amazonaws.com"
                  },
                  {
                    "name": "CONTAINER_NAME",
                    "type": "PLAINTEXT",
                    "value": "nyu-vip-container"
                  }
                ],
                "image": "aws/codebuild/standard:4.0",
                "image_pull_credentials_type": "CODEBUILD",
                "privileged_mode": true,
                "registry_credential": [],
                "type": "LINUX_CONTAINER"
              }
            ],
            "file_system_locations": [],
            "id": "arn:aws:codebuild:us-east-1:789264351109:project/nyu-vip-codebuild",
            "logs_config": [
              {
                "cloudwatch_logs": [
                  {
                    "group_name": "",
                    "status": "ENABLED",
                    "stream_name": ""
                  }
                ],
                "s3_logs": [
                  {
                    "bucket_owner_access": "",
                    "encryption_disabled": false,
                    "location": "",
                    "status": "DISABLED"
                  }
                ]
              }
            ],
            "name": "nyu-vip-codebuild",
            "project_visibility": "PRIVATE",
            "public_project_alias": "",
            "queued_timeout": 480,
            "resource_access_role": "",
            "secondary_artifacts": [],
            "secondary_source_version": [],
            "secondary_sources": [],
            "service_role": "arn:aws:iam::789264351109:role/nyu-codepipeline-iam-role",
            "source": [
              {
                "build_status_config": [],
                "buildspec": "buildspec.yml",
                "git_clone_depth": 0,
                "git_submodules_config": [],
                "insecure_ssl": false,
                "location": "",
                "report_build_status": false,
                "type": "CODEPIPELINE"
              }
            ],
            "source_version": "",
            "tags": {
              "Name": "nyu-vip-codebuild"
            },
            "tags_all": {
              "Name": "nyu-vip-codebuild"
            },
            "vpc_config": []
          },
          "sensitive_attributes": [],
          "private": "bnVsbA==",
          "dependencies": [
            "module.IAM.aws_iam_role.codepipeline_role",
            "module.kms.aws_kms_key.encryption_key",
            "module.s3.aws_s3_bucket.codepipeline_bucket",
            "module.s3.aws_s3_bucket_public_access_block.codepipeline_bucket_access",
            "module.s3.aws_s3_bucket_server_side_encryption_configuration.codepipeline_bucket_encryption",
            "module.s3.aws_s3_bucket_versioning.codepipeline_bucket_versioning"
          ]
        }
      ]
    },
    {
      "module": "module.codebuild",
      "mode": "managed",
      "type": "aws_iam_role",
      "name": "codebuild_role",
      "provider": "provider[\"registry.terraform.io/hashicorp/aws\"]",
      "instances": [
        {
          "schema_version": 0,
          "attributes": {
            "arn": "arn:aws:iam::789264351109:role/codebuild-service-role",
            "assume_role_policy": "{\"Statement\":[{\"Action\":\"sts:AssumeRole\",\"Effect\":\"Allow\",\"Principal\":{\"Service\":\"codebuild.amazonaws.com\"}}],\"Version\":\"2012-10-17\"}",
            "create_date": "2024-03-17T17:44:54Z",
            "description": "",
            "force_detach_policies": false,
            "id": "codebuild-service-role",
            "inline_policy": [],
            "managed_policy_arns": [],
            "max_session_duration": 3600,
            "name": "codebuild-service-role",
            "name_prefix": "",
            "path": "/",
            "permissions_boundary": "",
            "tags": {},
            "tags_all": {},
            "unique_id": "AROA3PQ6SH6CTCXGXUPIO"
          },
          "sensitive_attributes": [],
          "private": "bnVsbA=="
        }
      ]
    },
    {
      "module": "module.codedeploy",
      "mode": "managed",
      "type": "aws_codedeploy_app",
      "name": "nyu-vip-codedeploy-app",
      "provider": "provider[\"registry.terraform.io/hashicorp/aws\"]",
      "instances": [
        {
          "schema_version": 0,
          "attributes": {
            "application_id": "0c64bdcd-f147-49da-993e-eb1e2af078e1",
            "arn": "arn:aws:codedeploy:us-east-1:789264351109:application:nyu-vip-codedeploy-app",
            "compute_platform": "ECS",
            "github_account_name": "",
            "id": "0c64bdcd-f147-49da-993e-eb1e2af078e1:nyu-vip-codedeploy-app",
            "linked_to_github": false,
            "name": "nyu-vip-codedeploy-app",
            "tags": {},
            "tags_all": {}
          },
          "sensitive_attributes": [],
          "private": "bnVsbA==",
          "dependencies": [
            "module.alb.aws_alb.application_load_balancer",
            "module.alb.aws_lb_listener.listener",
            "module.alb.aws_lb_target_group.target_group",
            "module.alb.aws_security_group.alb",
            "module.ecs.aws_ecs_cluster.nyu-al-ecs-cluster",
            "module.ecs.aws_ecs_service.nyu-al-ecs-service",
            "module.ecs.aws_ecs_task_definition.nyu-al-ecs-task-definition",
            "module.ecs.aws_iam_policy.ec2-role",
            "module.ecs.aws_iam_policy.ecs_task_execution_policy",
            "module.ecs.aws_iam_policy.secret_manager",
            "module.ecs.aws_iam_role.ecs_task_execution_role",
            "module.ecs.aws_iam_role_policy_attachment.ec2_task_execution_attachment",
            "module.ecs.aws_iam_role_policy_attachment.ecs_task_execution_attachment",
            "module.ecs.aws_iam_role_policy_attachment.secret_manager_attachment",
            "module.ecs.aws_security_group.ecs_sg",
            "module.ecs.data.aws_ecr_image.latest_image",
            "module.ecs.data.aws_ecr_repository.my_ecr_repository",
            "module.vpc.aws_route.public",
            "module.vpc.aws_route_table.public",
            "module.vpc.module.vpc.aws_cloudwatch_log_group.flow_log",
            "module.vpc.module.vpc.aws_customer_gateway.this",
            "module.vpc.module.vpc.aws_db_subnet_group.database",
            "module.vpc.module.vpc.aws_default_network_acl.this",
            "module.vpc.module.vpc.aws_default_route_table.default",
            "module.vpc.module.vpc.aws_default_security_group.this",
            "module.vpc.module.vpc.aws_default_vpc.this",
            "module.vpc.module.vpc.aws_egress_only_internet_gateway.this",
            "module.vpc.module.vpc.aws_eip.nat",
            "module.vpc.module.vpc.aws_elasticache_subnet_group.elasticache",
            "module.vpc.module.vpc.aws_flow_log.this",
            "module.vpc.module.vpc.aws_iam_policy.vpc_flow_log_cloudwatch",
            "module.vpc.module.vpc.aws_iam_role.vpc_flow_log_cloudwatch",
            "module.vpc.module.vpc.aws_iam_role_policy_attachment.vpc_flow_log_cloudwatch",
            "module.vpc.module.vpc.aws_internet_gateway.this",
            "module.vpc.module.vpc.aws_nat_gateway.this",
            "module.vpc.module.vpc.aws_network_acl.database",
            "module.vpc.module.vpc.aws_network_acl.elasticache",
            "module.vpc.module.vpc.aws_network_acl.intra",
            "module.vpc.module.vpc.aws_network_acl.outpost",
            "module.vpc.module.vpc.aws_network_acl.private",
            "module.vpc.module.vpc.aws_network_acl.public",
            "module.vpc.module.vpc.aws_network_acl.redshift",
            "module.vpc.module.vpc.aws_network_acl_rule.database_inbound",
            "module.vpc.module.vpc.aws_network_acl_rule.database_outbound",
            "module.vpc.module.vpc.aws_network_acl_rule.elasticache_inbound",
            "module.vpc.module.vpc.aws_network_acl_rule.elasticache_outbound",
            "module.vpc.module.vpc.aws_network_acl_rule.intra_inbound",
            "module.vpc.module.vpc.aws_network_acl_rule.intra_outbound",
            "module.vpc.module.vpc.aws_network_acl_rule.outpost_inbound",
            "module.vpc.module.vpc.aws_network_acl_rule.outpost_outbound",
            "module.vpc.module.vpc.aws_network_acl_rule.private_inbound",
            "module.vpc.module.vpc.aws_network_acl_rule.private_outbound",
            "module.vpc.module.vpc.aws_network_acl_rule.public_inbound",
            "module.vpc.module.vpc.aws_network_acl_rule.public_outbound",
            "module.vpc.module.vpc.aws_network_acl_rule.redshift_inbound",
            "module.vpc.module.vpc.aws_network_acl_rule.redshift_outbound",
            "module.vpc.module.vpc.aws_redshift_subnet_group.redshift",
            "module.vpc.module.vpc.aws_route.database_dns64_nat_gateway",
            "module.vpc.module.vpc.aws_route.database_internet_gateway",
            "module.vpc.module.vpc.aws_route.database_ipv6_egress",
            "module.vpc.module.vpc.aws_route.database_nat_gateway",
            "module.vpc.module.vpc.aws_route.private_dns64_nat_gateway",
            "module.vpc.module.vpc.aws_route.private_ipv6_egress",
            "module.vpc.module.vpc.aws_route.private_nat_gateway",
            "module.vpc.module.vpc.aws_route.public_internet_gateway",
            "module.vpc.module.vpc.aws_route.public_internet_gateway_ipv6",
            "module.vpc.module.vpc.aws_route_table.database",
            "module.vpc.module.vpc.aws_route_table.elasticache",
            "module.vpc.module.vpc.aws_route_table.intra",
            "module.vpc.module.vpc.aws_route_table.private",
            "module.vpc.module.vpc.aws_route_table.public",
            "module.vpc.module.vpc.aws_route_table.redshift",
            "module.vpc.module.vpc.aws_route_table_association.database",
            "module.vpc.module.vpc.aws_route_table_association.elasticache",
            "module.vpc.module.vpc.aws_route_table_association.intra",
            "module.vpc.module.vpc.aws_route_table_association.outpost",
            "module.vpc.module.vpc.aws_route_table_association.private",
            "module.vpc.module.vpc.aws_route_table_association.public",
            "module.vpc.module.vpc.aws_route_table_association.redshift",
            "module.vpc.module.vpc.aws_route_table_association.redshift_public",
            "module.vpc.module.vpc.aws_subnet.database",
            "module.vpc.module.vpc.aws_subnet.elasticache",
            "module.vpc.module.vpc.aws_subnet.intra",
            "module.vpc.module.vpc.aws_subnet.outpost",
            "module.vpc.module.vpc.aws_subnet.private",
            "module.vpc.module.vpc.aws_subnet.public",
            "module.vpc.module.vpc.aws_subnet.redshift",
            "module.vpc.module.vpc.aws_vpc.this",
            "module.vpc.module.vpc.aws_vpc_dhcp_options.this",
            "module.vpc.module.vpc.aws_vpc_dhcp_options_association.this",
            "module.vpc.module.vpc.aws_vpc_ipv4_cidr_block_association.this",
            "module.vpc.module.vpc.aws_vpn_gateway.this",
            "module.vpc.module.vpc.aws_vpn_gateway_attachment.this",
            "module.vpc.module.vpc.aws_vpn_gateway_route_propagation.intra",
            "module.vpc.module.vpc.aws_vpn_gateway_route_propagation.private",
            "module.vpc.module.vpc.aws_vpn_gateway_route_propagation.public",
            "module.vpc.module.vpc.data.aws_iam_policy_document.flow_log_cloudwatch_assume_role",
            "module.vpc.module.vpc.data.aws_iam_policy_document.vpc_flow_log_cloudwatch"
          ]
        }
      ]
    },
    {
      "module": "module.codedeploy",
      "mode": "managed",
      "type": "aws_codedeploy_deployment_group",
      "name": "deployment-group",
      "provider": "provider[\"registry.terraform.io/hashicorp/aws\"]",
      "instances": [
        {
          "schema_version": 0,
          "attributes": {
            "alarm_configuration": [],
            "app_name": "nyu-vip-codedeploy-app",
            "arn": "arn:aws:codedeploy:us-east-1:789264351109:deploymentgroup:nyu-vip-codedeploy-app/nyu-vip-deploy-group",
            "auto_rollback_configuration": [
              {
                "enabled": true,
                "events": [
                  "DEPLOYMENT_FAILURE"
                ]
              }
            ],
            "autoscaling_groups": [],
            "blue_green_deployment_config": [
              {
                "deployment_ready_option": [
                  {
                    "action_on_timeout": "CONTINUE_DEPLOYMENT",
                    "wait_time_in_minutes": 0
                  }
                ],
                "green_fleet_provisioning_option": [],
                "terminate_blue_instances_on_deployment_success": [
                  {
                    "action": "TERMINATE",
                    "termination_wait_time_in_minutes": 0
                  }
                ]
              }
            ],
            "compute_platform": "ECS",
            "deployment_config_name": "CodeDeployDefault.ECSAllAtOnce",
            "deployment_group_id": "7f8ca17e-1ffa-40ec-bf29-f7d599314897",
            "deployment_group_name": "nyu-vip-deploy-group",
            "deployment_style": [
              {
                "deployment_option": "WITH_TRAFFIC_CONTROL",
                "deployment_type": "BLUE_GREEN"
              }
            ],
            "ec2_tag_filter": [],
            "ec2_tag_set": [],
            "ecs_service": [
              {
                "cluster_name": "nyu-vip-cluster",
                "service_name": "ecs-service"
              }
            ],
            "id": "7f8ca17e-1ffa-40ec-bf29-f7d599314897",
            "load_balancer_info": [
              {
                "elb_info": [],
                "target_group_info": [],
                "target_group_pair_info": [
                  {
                    "prod_traffic_route": [
                      {
                        "listener_arns": [
                          "arn:aws:elasticloadbalancing:us-east-1:789264351109:listener/app/nyu-vip-alb/7b411adcbf744d22/5263d5fd2a8e4207"
                        ]
                      }
                    ],
                    "target_group": [
                      {
                        "name": "nyu-vip-target-group-0"
                      },
                      {
                        "name": "nyu-vip-target-group-1"
                      }
                    ],
                    "test_traffic_route": []
                  }
                ]
              }
            ],
            "on_premises_instance_tag_filter": [],
            "outdated_instances_strategy": "UPDATE",
            "service_role_arn": "arn:aws:iam::789264351109:role/nyu-codepipeline-iam-role",
            "tags": {},
            "tags_all": {},
            "trigger_configuration": []
          },
          "sensitive_attributes": [],
          "private": "bnVsbA==",
          "dependencies": [
            "module.IAM.aws_iam_role.codepipeline_role",
            "module.alb.aws_alb.application_load_balancer",
            "module.alb.aws_lb_listener.listener",
            "module.alb.aws_lb_target_group.target_group",
            "module.alb.aws_security_group.alb",
            "module.codedeploy.aws_codedeploy_app.nyu-vip-codedeploy-app",
            "module.ecs.aws_ecs_cluster.nyu-al-ecs-cluster",
            "module.ecs.aws_ecs_service.nyu-al-ecs-service",
            "module.ecs.aws_ecs_task_definition.nyu-al-ecs-task-definition",
            "module.ecs.aws_iam_policy.ec2-role",
            "module.ecs.aws_iam_policy.ecs_task_execution_policy",
            "module.ecs.aws_iam_policy.secret_manager",
            "module.ecs.aws_iam_role.ecs_task_execution_role",
            "module.ecs.aws_iam_role_policy_attachment.ec2_task_execution_attachment",
            "module.ecs.aws_iam_role_policy_attachment.ecs_task_execution_attachment",
            "module.ecs.aws_iam_role_policy_attachment.secret_manager_attachment",
            "module.ecs.aws_security_group.ecs_sg",
            "module.ecs.data.aws_ecr_image.latest_image",
            "module.ecs.data.aws_ecr_repository.my_ecr_repository",
            "module.kms.aws_kms_key.encryption_key",
            "module.s3.aws_s3_bucket.codepipeline_bucket",
            "module.s3.aws_s3_bucket_public_access_block.codepipeline_bucket_access",
            "module.s3.aws_s3_bucket_server_side_encryption_configuration.codepipeline_bucket_encryption",
            "module.s3.aws_s3_bucket_versioning.codepipeline_bucket_versioning",
            "module.vpc.aws_route.public",
            "module.vpc.aws_route_table.public",
            "module.vpc.module.vpc.aws_cloudwatch_log_group.flow_log",
            "module.vpc.module.vpc.aws_customer_gateway.this",
            "module.vpc.module.vpc.aws_db_subnet_group.database",
            "module.vpc.module.vpc.aws_default_network_acl.this",
            "module.vpc.module.vpc.aws_default_route_table.default",
            "module.vpc.module.vpc.aws_default_security_group.this",
            "module.vpc.module.vpc.aws_default_vpc.this",
            "module.vpc.module.vpc.aws_egress_only_internet_gateway.this",
            "module.vpc.module.vpc.aws_eip.nat",
            "module.vpc.module.vpc.aws_elasticache_subnet_group.elasticache",
            "module.vpc.module.vpc.aws_flow_log.this",
            "module.vpc.module.vpc.aws_iam_policy.vpc_flow_log_cloudwatch",
            "module.vpc.module.vpc.aws_iam_role.vpc_flow_log_cloudwatch",
            "module.vpc.module.vpc.aws_iam_role_policy_attachment.vpc_flow_log_cloudwatch",
            "module.vpc.module.vpc.aws_internet_gateway.this",
            "module.vpc.module.vpc.aws_nat_gateway.this",
            "module.vpc.module.vpc.aws_network_acl.database",
            "module.vpc.module.vpc.aws_network_acl.elasticache",
            "module.vpc.module.vpc.aws_network_acl.intra",
            "module.vpc.module.vpc.aws_network_acl.outpost",
            "module.vpc.module.vpc.aws_network_acl.private",
            "module.vpc.module.vpc.aws_network_acl.public",
            "module.vpc.module.vpc.aws_network_acl.redshift",
            "module.vpc.module.vpc.aws_network_acl_rule.database_inbound",
            "module.vpc.module.vpc.aws_network_acl_rule.database_outbound",
            "module.vpc.module.vpc.aws_network_acl_rule.elasticache_inbound",
            "module.vpc.module.vpc.aws_network_acl_rule.elasticache_outbound",
            "module.vpc.module.vpc.aws_network_acl_rule.intra_inbound",
            "module.vpc.module.vpc.aws_network_acl_rule.intra_outbound",
            "module.vpc.module.vpc.aws_network_acl_rule.outpost_inbound",
            "module.vpc.module.vpc.aws_network_acl_rule.outpost_outbound",
            "module.vpc.module.vpc.aws_network_acl_rule.private_inbound",
            "module.vpc.module.vpc.aws_network_acl_rule.private_outbound",
            "module.vpc.module.vpc.aws_network_acl_rule.public_inbound",
            "module.vpc.module.vpc.aws_network_acl_rule.public_outbound",
            "module.vpc.module.vpc.aws_network_acl_rule.redshift_inbound",
            "module.vpc.module.vpc.aws_network_acl_rule.redshift_outbound",
            "module.vpc.module.vpc.aws_redshift_subnet_group.redshift",
            "module.vpc.module.vpc.aws_route.database_dns64_nat_gateway",
            "module.vpc.module.vpc.aws_route.database_internet_gateway",
            "module.vpc.module.vpc.aws_route.database_ipv6_egress",
            "module.vpc.module.vpc.aws_route.database_nat_gateway",
            "module.vpc.module.vpc.aws_route.private_dns64_nat_gateway",
            "module.vpc.module.vpc.aws_route.private_ipv6_egress",
            "module.vpc.module.vpc.aws_route.private_nat_gateway",
            "module.vpc.module.vpc.aws_route.public_internet_gateway",
            "module.vpc.module.vpc.aws_route.public_internet_gateway_ipv6",
            "module.vpc.module.vpc.aws_route_table.database",
            "module.vpc.module.vpc.aws_route_table.elasticache",
            "module.vpc.module.vpc.aws_route_table.intra",
            "module.vpc.module.vpc.aws_route_table.private",
            "module.vpc.module.vpc.aws_route_table.public",
            "module.vpc.module.vpc.aws_route_table.redshift",
            "module.vpc.module.vpc.aws_route_table_association.database",
            "module.vpc.module.vpc.aws_route_table_association.elasticache",
            "module.vpc.module.vpc.aws_route_table_association.intra",
            "module.vpc.module.vpc.aws_route_table_association.outpost",
            "module.vpc.module.vpc.aws_route_table_association.private",
            "module.vpc.module.vpc.aws_route_table_association.public",
            "module.vpc.module.vpc.aws_route_table_association.redshift",
            "module.vpc.module.vpc.aws_route_table_association.redshift_public",
            "module.vpc.module.vpc.aws_subnet.database",
            "module.vpc.module.vpc.aws_subnet.elasticache",
            "module.vpc.module.vpc.aws_subnet.intra",
            "module.vpc.module.vpc.aws_subnet.outpost",
            "module.vpc.module.vpc.aws_subnet.private",
            "module.vpc.module.vpc.aws_subnet.public",
            "module.vpc.module.vpc.aws_subnet.redshift",
            "module.vpc.module.vpc.aws_vpc.this",
            "module.vpc.module.vpc.aws_vpc_dhcp_options.this",
            "module.vpc.module.vpc.aws_vpc_dhcp_options_association.this",
            "module.vpc.module.vpc.aws_vpc_ipv4_cidr_block_association.this",
            "module.vpc.module.vpc.aws_vpn_gateway.this",
            "module.vpc.module.vpc.aws_vpn_gateway_attachment.this",
            "module.vpc.module.vpc.aws_vpn_gateway_route_propagation.intra",
            "module.vpc.module.vpc.aws_vpn_gateway_route_propagation.private",
            "module.vpc.module.vpc.aws_vpn_gateway_route_propagation.public",
            "module.vpc.module.vpc.data.aws_iam_policy_document.flow_log_cloudwatch_assume_role",
            "module.vpc.module.vpc.data.aws_iam_policy_document.vpc_flow_log_cloudwatch"
          ]
        }
      ]
    },
    {
      "module": "module.codepipeline",
      "mode": "managed",
      "type": "aws_codepipeline",
      "name": "codepipeline",
      "provider": "provider[\"registry.terraform.io/hashicorp/aws\"]",
      "instances": [
        {
          "schema_version": 0,
          "attributes": {
            "arn": "arn:aws:codepipeline:us-east-1:789264351109:nyu-vip-pipeline",
            "artifact_store": [
              {
                "encryption_key": [
                  {
                    "id": "arn:aws:kms:us-east-1:789264351109:key/de6096c5-8df7-44ec-9152-a49d4428b3c4",
                    "type": "KMS"
                  }
                ],
                "location": "nyu-vip-codepipeline-bucket",
                "region": "",
                "type": "S3"
              }
            ],
            "execution_mode": "SUPERSEDED",
            "id": "nyu-vip-pipeline",
            "name": "nyu-vip-pipeline",
            "pipeline_type": "V1",
            "role_arn": "arn:aws:iam::789264351109:role/nyu-codepipeline-iam-role",
            "stage": [
              {
                "action": [
                  {
                    "category": "Source",
                    "configuration": {
                      "BranchName": "main",
                      "ConnectionArn": "arn:aws:codestar-connections:us-east-1:789264351109:connection/9fcdc6a2-237a-49ab-bbb0-73ab02782f94",
                      "FullRepositoryId": "Alice-2096/NYU_AL"
                    },
                    "input_artifacts": [],
                    "name": "download-source-code",
                    "namespace": "",
                    "output_artifacts": [
                      "source_output"
                    ],
                    "owner": "AWS",
                    "provider": "CodeStarSourceConnection",
                    "region": "",
                    "role_arn": "",
                    "run_order": 1,
                    "version": "1"
                  }
                ],
                "name": "Source"
              },
              {
                "action": [
                  {
                    "category": "Build",
                    "configuration": {
                      "ProjectName": "nyu-vip-codebuild"
                    },
                    "input_artifacts": [
                      "source_output"
                    ],
                    "name": "Build",
                    "namespace": "",
                    "output_artifacts": [
                      "build_output"
                    ],
                    "owner": "AWS",
                    "provider": "CodeBuild",
                    "region": "",
                    "role_arn": "",
                    "run_order": 1,
                    "version": "1"
                  }
                ],
                "name": "Build"
              },
              {
                "action": [
                  {
                    "category": "Deploy",
                    "configuration": {
                      "ClusterName": "nyu-vip-cluster",
                      "FileName": "imagedefinitions.json",
                      "ServiceName": "ecs-service"
                    },
                    "input_artifacts": [
                      "build_output"
                    ],
                    "name": "Deploy",
                    "namespace": "",
                    "output_artifacts": [],
                    "owner": "AWS",
                    "provider": "ECS",
                    "region": "",
                    "role_arn": "",
                    "run_order": 1,
                    "version": "1"
                  }
                ],
                "name": "Deploy"
              }
            ],
            "tags": {},
            "tags_all": {},
            "trigger": [],
            "variable": []
          },
          "sensitive_attributes": [],
          "private": "bnVsbA==",
          "dependencies": [
            "aws_codestarconnections_connection.nyu-vip-connection",
            "module.IAM.aws_iam_policy.codepipeline_policy",
            "module.IAM.aws_iam_role.codepipeline_role",
            "module.IAM.aws_iam_role_policy_attachment.codepipeline_role_attach",
            "module.IAM.data.aws_caller_identity.current",
            "module.IAM.data.aws_partition.current",
            "module.IAM.data.aws_region.current",
            "module.alb.aws_alb.application_load_balancer",
            "module.alb.aws_lb_listener.listener",
            "module.alb.aws_lb_target_group.target_group",
            "module.alb.aws_security_group.alb",
            "module.codebuild.aws_codebuild_project.nyu_vip_codebuild_project",
            "module.codebuild.aws_iam_role.codebuild_role",
            "module.codebuild.data.aws_caller_identity.current",
            "module.codebuild.data.aws_partition.current",
            "module.codebuild.data.aws_region.current",
            "module.codedeploy.aws_codedeploy_app.nyu-vip-codedeploy-app",
            "module.codedeploy.aws_codedeploy_deployment_group.deployment-group",
            "module.ecs.aws_ecs_cluster.nyu-al-ecs-cluster",
            "module.ecs.aws_ecs_service.nyu-al-ecs-service",
            "module.ecs.aws_ecs_task_definition.nyu-al-ecs-task-definition",
            "module.ecs.aws_iam_policy.ec2-role",
            "module.ecs.aws_iam_policy.ecs_task_execution_policy",
            "module.ecs.aws_iam_policy.secret_manager",
            "module.ecs.aws_iam_role.ecs_task_execution_role",
            "module.ecs.aws_iam_role_policy_attachment.ec2_task_execution_attachment",
            "module.ecs.aws_iam_role_policy_attachment.ecs_task_execution_attachment",
            "module.ecs.aws_iam_role_policy_attachment.secret_manager_attachment",
            "module.ecs.aws_security_group.ecs_sg",
            "module.ecs.data.aws_ecr_image.latest_image",
            "module.ecs.data.aws_ecr_repository.my_ecr_repository",
            "module.kms.aws_kms_key.encryption_key",
            "module.s3.aws_s3_bucket.codepipeline_bucket",
            "module.s3.aws_s3_bucket_public_access_block.codepipeline_bucket_access",
            "module.s3.aws_s3_bucket_server_side_encryption_configuration.codepipeline_bucket_encryption",
            "module.s3.aws_s3_bucket_versioning.codepipeline_bucket_versioning",
            "module.vpc.aws_route.public",
            "module.vpc.aws_route_table.public",
            "module.vpc.module.vpc.aws_cloudwatch_log_group.flow_log",
            "module.vpc.module.vpc.aws_customer_gateway.this",
            "module.vpc.module.vpc.aws_db_subnet_group.database",
            "module.vpc.module.vpc.aws_default_network_acl.this",
            "module.vpc.module.vpc.aws_default_route_table.default",
            "module.vpc.module.vpc.aws_default_security_group.this",
            "module.vpc.module.vpc.aws_default_vpc.this",
            "module.vpc.module.vpc.aws_egress_only_internet_gateway.this",
            "module.vpc.module.vpc.aws_eip.nat",
            "module.vpc.module.vpc.aws_elasticache_subnet_group.elasticache",
            "module.vpc.module.vpc.aws_flow_log.this",
            "module.vpc.module.vpc.aws_iam_policy.vpc_flow_log_cloudwatch",
            "module.vpc.module.vpc.aws_iam_role.vpc_flow_log_cloudwatch",
            "module.vpc.module.vpc.aws_iam_role_policy_attachment.vpc_flow_log_cloudwatch",
            "module.vpc.module.vpc.aws_internet_gateway.this",
            "module.vpc.module.vpc.aws_nat_gateway.this",
            "module.vpc.module.vpc.aws_network_acl.database",
            "module.vpc.module.vpc.aws_network_acl.elasticache",
            "module.vpc.module.vpc.aws_network_acl.intra",
            "module.vpc.module.vpc.aws_network_acl.outpost",
            "module.vpc.module.vpc.aws_network_acl.private",
            "module.vpc.module.vpc.aws_network_acl.public",
            "module.vpc.module.vpc.aws_network_acl.redshift",
            "module.vpc.module.vpc.aws_network_acl_rule.database_inbound",
            "module.vpc.module.vpc.aws_network_acl_rule.database_outbound",
            "module.vpc.module.vpc.aws_network_acl_rule.elasticache_inbound",
            "module.vpc.module.vpc.aws_network_acl_rule.elasticache_outbound",
            "module.vpc.module.vpc.aws_network_acl_rule.intra_inbound",
            "module.vpc.module.vpc.aws_network_acl_rule.intra_outbound",
            "module.vpc.module.vpc.aws_network_acl_rule.outpost_inbound",
            "module.vpc.module.vpc.aws_network_acl_rule.outpost_outbound",
            "module.vpc.module.vpc.aws_network_acl_rule.private_inbound",
            "module.vpc.module.vpc.aws_network_acl_rule.private_outbound",
            "module.vpc.module.vpc.aws_network_acl_rule.public_inbound",
            "module.vpc.module.vpc.aws_network_acl_rule.public_outbound",
            "module.vpc.module.vpc.aws_network_acl_rule.redshift_inbound",
            "module.vpc.module.vpc.aws_network_acl_rule.redshift_outbound",
            "module.vpc.module.vpc.aws_redshift_subnet_group.redshift",
            "module.vpc.module.vpc.aws_route.database_dns64_nat_gateway",
            "module.vpc.module.vpc.aws_route.database_internet_gateway",
            "module.vpc.module.vpc.aws_route.database_ipv6_egress",
            "module.vpc.module.vpc.aws_route.database_nat_gateway",
            "module.vpc.module.vpc.aws_route.private_dns64_nat_gateway",
            "module.vpc.module.vpc.aws_route.private_ipv6_egress",
            "module.vpc.module.vpc.aws_route.private_nat_gateway",
            "module.vpc.module.vpc.aws_route.public_internet_gateway",
            "module.vpc.module.vpc.aws_route.public_internet_gateway_ipv6",
            "module.vpc.module.vpc.aws_route_table.database",
            "module.vpc.module.vpc.aws_route_table.elasticache",
            "module.vpc.module.vpc.aws_route_table.intra",
            "module.vpc.module.vpc.aws_route_table.private",
            "module.vpc.module.vpc.aws_route_table.public",
            "module.vpc.module.vpc.aws_route_table.redshift",
            "module.vpc.module.vpc.aws_route_table_association.database",
            "module.vpc.module.vpc.aws_route_table_association.elasticache",
            "module.vpc.module.vpc.aws_route_table_association.intra",
            "module.vpc.module.vpc.aws_route_table_association.outpost",
            "module.vpc.module.vpc.aws_route_table_association.private",
            "module.vpc.module.vpc.aws_route_table_association.public",
            "module.vpc.module.vpc.aws_route_table_association.redshift",
            "module.vpc.module.vpc.aws_route_table_association.redshift_public",
            "module.vpc.module.vpc.aws_subnet.database",
            "module.vpc.module.vpc.aws_subnet.elasticache",
            "module.vpc.module.vpc.aws_subnet.intra",
            "module.vpc.module.vpc.aws_subnet.outpost",
            "module.vpc.module.vpc.aws_subnet.private",
            "module.vpc.module.vpc.aws_subnet.public",
            "module.vpc.module.vpc.aws_subnet.redshift",
            "module.vpc.module.vpc.aws_vpc.this",
            "module.vpc.module.vpc.aws_vpc_dhcp_options.this",
            "module.vpc.module.vpc.aws_vpc_dhcp_options_association.this",
            "module.vpc.module.vpc.aws_vpc_ipv4_cidr_block_association.this",
            "module.vpc.module.vpc.aws_vpn_gateway.this",
            "module.vpc.module.vpc.aws_vpn_gateway_attachment.this",
            "module.vpc.module.vpc.aws_vpn_gateway_route_propagation.intra",
            "module.vpc.module.vpc.aws_vpn_gateway_route_propagation.private",
            "module.vpc.module.vpc.aws_vpn_gateway_route_propagation.public",
            "module.vpc.module.vpc.data.aws_iam_policy_document.flow_log_cloudwatch_assume_role",
            "module.vpc.module.vpc.data.aws_iam_policy_document.vpc_flow_log_cloudwatch"
          ]
        }
      ]
    },
    {
      "module": "module.ecs",
      "mode": "data",
      "type": "aws_ecr_image",
      "name": "latest_image",
      "provider": "provider[\"registry.terraform.io/hashicorp/aws\"]",
      "instances": [
        {
          "schema_version": 0,
          "attributes": {
            "id": "sha256:e4b2d7136464f225dc498f2f9db1df09d284b15bb65465d67249fc046d2c947a",
            "image_digest": "sha256:e4b2d7136464f225dc498f2f9db1df09d284b15bb65465d67249fc046d2c947a",
            "image_pushed_at": 1710699064,
            "image_size_in_bytes": 350997142,
            "image_tag": null,
            "image_tags": [
              "latest",
              "build-b96ed606-3948-4547-a306-9087f7c25a97"
            ],
            "image_uri": "789264351109.dkr.ecr.us-east-1.amazonaws.com/nyu-vip@sha256:e4b2d7136464f225dc498f2f9db1df09d284b15bb65465d67249fc046d2c947a",
            "most_recent": true,
            "registry_id": "789264351109",
            "repository_name": "nyu-vip"
          },
          "sensitive_attributes": []
        }
      ]
    },
    {
      "module": "module.ecs",
      "mode": "data",
      "type": "aws_ecr_repository",
      "name": "my_ecr_repository",
      "provider": "provider[\"registry.terraform.io/hashicorp/aws\"]",
      "instances": [
        {
          "schema_version": 0,
          "attributes": {
            "arn": "arn:aws:ecr:us-east-1:789264351109:repository/nyu-vip",
            "encryption_configuration": [
              {
                "encryption_type": "AES256",
                "kms_key": ""
              }
            ],
            "id": "nyu-vip",
            "image_scanning_configuration": [
              {
                "scan_on_push": false
              }
            ],
            "image_tag_mutability": "MUTABLE",
            "most_recent_image_tags": [
              "latest",
              "build-b96ed606-3948-4547-a306-9087f7c25a97"
            ],
            "name": "nyu-vip",
            "registry_id": "789264351109",
            "repository_url": "789264351109.dkr.ecr.us-east-1.amazonaws.com/nyu-vip",
            "tags": {}
          },
          "sensitive_attributes": []
        }
      ]
    },
    {
      "module": "module.ecs",
      "mode": "managed",
      "type": "aws_ecs_cluster",
      "name": "nyu-al-ecs-cluster",
      "provider": "provider[\"registry.terraform.io/hashicorp/aws\"]",
      "instances": [
        {
          "schema_version": 0,
          "attributes": {
            "arn": "arn:aws:ecs:us-east-1:789264351109:cluster/nyu-vip-cluster",
            "configuration": [],
            "id": "arn:aws:ecs:us-east-1:789264351109:cluster/nyu-vip-cluster",
            "name": "nyu-vip-cluster",
            "service_connect_defaults": [],
            "setting": [
              {
                "name": "containerInsights",
                "value": "disabled"
              }
            ],
            "tags": {},
            "tags_all": {}
          },
          "sensitive_attributes": [],
          "private": "bnVsbA==",
          "dependencies": [
            "module.alb.aws_alb.application_load_balancer",
            "module.alb.aws_lb_listener.listener",
            "module.alb.aws_lb_target_group.target_group",
            "module.alb.aws_security_group.alb",
            "module.vpc.aws_route.public",
            "module.vpc.aws_route_table.public",
            "module.vpc.module.vpc.aws_cloudwatch_log_group.flow_log",
            "module.vpc.module.vpc.aws_customer_gateway.this",
            "module.vpc.module.vpc.aws_db_subnet_group.database",
            "module.vpc.module.vpc.aws_default_network_acl.this",
            "module.vpc.module.vpc.aws_default_route_table.default",
            "module.vpc.module.vpc.aws_default_security_group.this",
            "module.vpc.module.vpc.aws_default_vpc.this",
            "module.vpc.module.vpc.aws_egress_only_internet_gateway.this",
            "module.vpc.module.vpc.aws_eip.nat",
            "module.vpc.module.vpc.aws_elasticache_subnet_group.elasticache",
            "module.vpc.module.vpc.aws_flow_log.this",
            "module.vpc.module.vpc.aws_iam_policy.vpc_flow_log_cloudwatch",
            "module.vpc.module.vpc.aws_iam_role.vpc_flow_log_cloudwatch",
            "module.vpc.module.vpc.aws_iam_role_policy_attachment.vpc_flow_log_cloudwatch",
            "module.vpc.module.vpc.aws_internet_gateway.this",
            "module.vpc.module.vpc.aws_nat_gateway.this",
            "module.vpc.module.vpc.aws_network_acl.database",
            "module.vpc.module.vpc.aws_network_acl.elasticache",
            "module.vpc.module.vpc.aws_network_acl.intra",
            "module.vpc.module.vpc.aws_network_acl.outpost",
            "module.vpc.module.vpc.aws_network_acl.private",
            "module.vpc.module.vpc.aws_network_acl.public",
            "module.vpc.module.vpc.aws_network_acl.redshift",
            "module.vpc.module.vpc.aws_network_acl_rule.database_inbound",
            "module.vpc.module.vpc.aws_network_acl_rule.database_outbound",
            "module.vpc.module.vpc.aws_network_acl_rule.elasticache_inbound",
            "module.vpc.module.vpc.aws_network_acl_rule.elasticache_outbound",
            "module.vpc.module.vpc.aws_network_acl_rule.intra_inbound",
            "module.vpc.module.vpc.aws_network_acl_rule.intra_outbound",
            "module.vpc.module.vpc.aws_network_acl_rule.outpost_inbound",
            "module.vpc.module.vpc.aws_network_acl_rule.outpost_outbound",
            "module.vpc.module.vpc.aws_network_acl_rule.private_inbound",
            "module.vpc.module.vpc.aws_network_acl_rule.private_outbound",
            "module.vpc.module.vpc.aws_network_acl_rule.public_inbound",
            "module.vpc.module.vpc.aws_network_acl_rule.public_outbound",
            "module.vpc.module.vpc.aws_network_acl_rule.redshift_inbound",
            "module.vpc.module.vpc.aws_network_acl_rule.redshift_outbound",
            "module.vpc.module.vpc.aws_redshift_subnet_group.redshift",
            "module.vpc.module.vpc.aws_route.database_dns64_nat_gateway",
            "module.vpc.module.vpc.aws_route.database_internet_gateway",
            "module.vpc.module.vpc.aws_route.database_ipv6_egress",
            "module.vpc.module.vpc.aws_route.database_nat_gateway",
            "module.vpc.module.vpc.aws_route.private_dns64_nat_gateway",
            "module.vpc.module.vpc.aws_route.private_ipv6_egress",
            "module.vpc.module.vpc.aws_route.private_nat_gateway",
            "module.vpc.module.vpc.aws_route.public_internet_gateway",
            "module.vpc.module.vpc.aws_route.public_internet_gateway_ipv6",
            "module.vpc.module.vpc.aws_route_table.database",
            "module.vpc.module.vpc.aws_route_table.elasticache",
            "module.vpc.module.vpc.aws_route_table.intra",
            "module.vpc.module.vpc.aws_route_table.private",
            "module.vpc.module.vpc.aws_route_table.public",
            "module.vpc.module.vpc.aws_route_table.redshift",
            "module.vpc.module.vpc.aws_route_table_association.database",
            "module.vpc.module.vpc.aws_route_table_association.elasticache",
            "module.vpc.module.vpc.aws_route_table_association.intra",
            "module.vpc.module.vpc.aws_route_table_association.outpost",
            "module.vpc.module.vpc.aws_route_table_association.private",
            "module.vpc.module.vpc.aws_route_table_association.public",
            "module.vpc.module.vpc.aws_route_table_association.redshift",
            "module.vpc.module.vpc.aws_route_table_association.redshift_public",
            "module.vpc.module.vpc.aws_subnet.database",
            "module.vpc.module.vpc.aws_subnet.elasticache",
            "module.vpc.module.vpc.aws_subnet.intra",
            "module.vpc.module.vpc.aws_subnet.outpost",
            "module.vpc.module.vpc.aws_subnet.private",
            "module.vpc.module.vpc.aws_subnet.public",
            "module.vpc.module.vpc.aws_subnet.redshift",
            "module.vpc.module.vpc.aws_vpc.this",
            "module.vpc.module.vpc.aws_vpc_dhcp_options.this",
            "module.vpc.module.vpc.aws_vpc_dhcp_options_association.this",
            "module.vpc.module.vpc.aws_vpc_ipv4_cidr_block_association.this",
            "module.vpc.module.vpc.aws_vpn_gateway.this",
            "module.vpc.module.vpc.aws_vpn_gateway_attachment.this",
            "module.vpc.module.vpc.aws_vpn_gateway_route_propagation.intra",
            "module.vpc.module.vpc.aws_vpn_gateway_route_propagation.private",
            "module.vpc.module.vpc.aws_vpn_gateway_route_propagation.public",
            "module.vpc.module.vpc.data.aws_iam_policy_document.flow_log_cloudwatch_assume_role",
            "module.vpc.module.vpc.data.aws_iam_policy_document.vpc_flow_log_cloudwatch"
          ]
        }
      ]
    },
    {
      "module": "module.ecs",
      "mode": "managed",
      "type": "aws_ecs_service",
      "name": "nyu-al-ecs-service",
      "provider": "provider[\"registry.terraform.io/hashicorp/aws\"]",
      "instances": [
        {
          "schema_version": 0,
          "attributes": {
            "alarms": [],
            "capacity_provider_strategy": [],
            "cluster": "arn:aws:ecs:us-east-1:789264351109:cluster/nyu-vip-cluster",
            "deployment_circuit_breaker": [],
            "deployment_controller": [
              {
                "type": "CODE_DEPLOY"
              }
            ],
            "deployment_maximum_percent": 200,
            "deployment_minimum_healthy_percent": 100,
            "desired_count": 1,
            "enable_ecs_managed_tags": false,
            "enable_execute_command": false,
            "force_new_deployment": null,
            "health_check_grace_period_seconds": 0,
            "iam_role": "/aws-service-role/ecs.amazonaws.com/AWSServiceRoleForECS",
            "id": "arn:aws:ecs:us-east-1:789264351109:service/nyu-vip-cluster/ecs-service",
            "launch_type": "FARGATE",
            "load_balancer": [
              {
                "container_name": "nyu-vip-container",
                "container_port": 3000,
                "elb_name": "",
                "target_group_arn": "arn:aws:elasticloadbalancing:us-east-1:789264351109:targetgroup/nyu-vip-target-group-0/2695760c4606356b"
              }
            ],
            "name": "ecs-service",
            "network_configuration": [
              {
                "assign_public_ip": false,
                "security_groups": [
                  "sg-08d78d1ebd6fcbf46"
                ],
                "subnets": [
                  "subnet-0965bebde9cc7c5cc",
                  "subnet-0d92bee3671d7f38a"
                ]
              }
            ],
            "ordered_placement_strategy": [],
            "placement_constraints": [],
            "platform_version": "1.4.0",
            "propagate_tags": "NONE",
            "scheduling_strategy": "REPLICA",
            "service_connect_configuration": [],
            "service_registries": [],
            "tags": {},
            "tags_all": {},
            "task_definition": "arn:aws:ecs:us-east-1:789264351109:task-definition/nyu-vip-task-definition:4",
            "timeouts": null,
            "triggers": {},
            "wait_for_steady_state": false
          },
          "sensitive_attributes": [],
          "private": "eyJlMmJmYjczMC1lY2FhLTExZTYtOGY4OC0zNDM2M2JjN2M0YzAiOnsiY3JlYXRlIjoxMjAwMDAwMDAwMDAwLCJkZWxldGUiOjEyMDAwMDAwMDAwMDAsInVwZGF0ZSI6MTIwMDAwMDAwMDAwMH19",
          "dependencies": [
            "module.alb.aws_alb.application_load_balancer",
            "module.alb.aws_lb_listener.listener",
            "module.alb.aws_lb_target_group.target_group",
            "module.alb.aws_security_group.alb",
            "module.ecs.aws_ecs_cluster.nyu-al-ecs-cluster",
            "module.ecs.aws_ecs_task_definition.nyu-al-ecs-task-definition",
            "module.ecs.aws_iam_role.ecs_task_execution_role",
            "module.ecs.aws_security_group.ecs_sg",
            "module.vpc.aws_route.public",
            "module.vpc.aws_route_table.public",
            "module.vpc.module.vpc.aws_cloudwatch_log_group.flow_log",
            "module.vpc.module.vpc.aws_customer_gateway.this",
            "module.vpc.module.vpc.aws_db_subnet_group.database",
            "module.vpc.module.vpc.aws_default_network_acl.this",
            "module.vpc.module.vpc.aws_default_route_table.default",
            "module.vpc.module.vpc.aws_default_security_group.this",
            "module.vpc.module.vpc.aws_default_vpc.this",
            "module.vpc.module.vpc.aws_egress_only_internet_gateway.this",
            "module.vpc.module.vpc.aws_eip.nat",
            "module.vpc.module.vpc.aws_elasticache_subnet_group.elasticache",
            "module.vpc.module.vpc.aws_flow_log.this",
            "module.vpc.module.vpc.aws_iam_policy.vpc_flow_log_cloudwatch",
            "module.vpc.module.vpc.aws_iam_role.vpc_flow_log_cloudwatch",
            "module.vpc.module.vpc.aws_iam_role_policy_attachment.vpc_flow_log_cloudwatch",
            "module.vpc.module.vpc.aws_internet_gateway.this",
            "module.vpc.module.vpc.aws_nat_gateway.this",
            "module.vpc.module.vpc.aws_network_acl.database",
            "module.vpc.module.vpc.aws_network_acl.elasticache",
            "module.vpc.module.vpc.aws_network_acl.intra",
            "module.vpc.module.vpc.aws_network_acl.outpost",
            "module.vpc.module.vpc.aws_network_acl.private",
            "module.vpc.module.vpc.aws_network_acl.public",
            "module.vpc.module.vpc.aws_network_acl.redshift",
            "module.vpc.module.vpc.aws_network_acl_rule.database_inbound",
            "module.vpc.module.vpc.aws_network_acl_rule.database_outbound",
            "module.vpc.module.vpc.aws_network_acl_rule.elasticache_inbound",
            "module.vpc.module.vpc.aws_network_acl_rule.elasticache_outbound",
            "module.vpc.module.vpc.aws_network_acl_rule.intra_inbound",
            "module.vpc.module.vpc.aws_network_acl_rule.intra_outbound",
            "module.vpc.module.vpc.aws_network_acl_rule.outpost_inbound",
            "module.vpc.module.vpc.aws_network_acl_rule.outpost_outbound",
            "module.vpc.module.vpc.aws_network_acl_rule.private_inbound",
            "module.vpc.module.vpc.aws_network_acl_rule.private_outbound",
            "module.vpc.module.vpc.aws_network_acl_rule.public_inbound",
            "module.vpc.module.vpc.aws_network_acl_rule.public_outbound",
            "module.vpc.module.vpc.aws_network_acl_rule.redshift_inbound",
            "module.vpc.module.vpc.aws_network_acl_rule.redshift_outbound",
            "module.vpc.module.vpc.aws_redshift_subnet_group.redshift",
            "module.vpc.module.vpc.aws_route.database_dns64_nat_gateway",
            "module.vpc.module.vpc.aws_route.database_internet_gateway",
            "module.vpc.module.vpc.aws_route.database_ipv6_egress",
            "module.vpc.module.vpc.aws_route.database_nat_gateway",
            "module.vpc.module.vpc.aws_route.private_dns64_nat_gateway",
            "module.vpc.module.vpc.aws_route.private_ipv6_egress",
            "module.vpc.module.vpc.aws_route.private_nat_gateway",
            "module.vpc.module.vpc.aws_route.public_internet_gateway",
            "module.vpc.module.vpc.aws_route.public_internet_gateway_ipv6",
            "module.vpc.module.vpc.aws_route_table.database",
            "module.vpc.module.vpc.aws_route_table.elasticache",
            "module.vpc.module.vpc.aws_route_table.intra",
            "module.vpc.module.vpc.aws_route_table.private",
            "module.vpc.module.vpc.aws_route_table.public",
            "module.vpc.module.vpc.aws_route_table.redshift",
            "module.vpc.module.vpc.aws_route_table_association.database",
            "module.vpc.module.vpc.aws_route_table_association.elasticache",
            "module.vpc.module.vpc.aws_route_table_association.intra",
            "module.vpc.module.vpc.aws_route_table_association.outpost",
            "module.vpc.module.vpc.aws_route_table_association.private",
            "module.vpc.module.vpc.aws_route_table_association.public",
            "module.vpc.module.vpc.aws_route_table_association.redshift",
            "module.vpc.module.vpc.aws_route_table_association.redshift_public",
            "module.vpc.module.vpc.aws_subnet.database",
            "module.vpc.module.vpc.aws_subnet.elasticache",
            "module.vpc.module.vpc.aws_subnet.intra",
            "module.vpc.module.vpc.aws_subnet.outpost",
            "module.vpc.module.vpc.aws_subnet.private",
            "module.vpc.module.vpc.aws_subnet.public",
            "module.vpc.module.vpc.aws_subnet.redshift",
            "module.vpc.module.vpc.aws_vpc.this",
            "module.vpc.module.vpc.aws_vpc_dhcp_options.this",
            "module.vpc.module.vpc.aws_vpc_dhcp_options_association.this",
            "module.vpc.module.vpc.aws_vpc_ipv4_cidr_block_association.this",
            "module.vpc.module.vpc.aws_vpn_gateway.this",
            "module.vpc.module.vpc.aws_vpn_gateway_attachment.this",
            "module.vpc.module.vpc.aws_vpn_gateway_route_propagation.intra",
            "module.vpc.module.vpc.aws_vpn_gateway_route_propagation.private",
            "module.vpc.module.vpc.aws_vpn_gateway_route_propagation.public",
            "module.vpc.module.vpc.data.aws_iam_policy_document.flow_log_cloudwatch_assume_role",
            "module.vpc.module.vpc.data.aws_iam_policy_document.vpc_flow_log_cloudwatch"
          ]
        }
      ]
    },
    {
      "module": "module.ecs",
      "mode": "managed",
      "type": "aws_ecs_task_definition",
      "name": "nyu-al-ecs-task-definition",
      "provider": "provider[\"registry.terraform.io/hashicorp/aws\"]",
      "instances": [
        {
          "schema_version": 1,
          "attributes": {
            "arn": "arn:aws:ecs:us-east-1:789264351109:task-definition/nyu-vip-task-definition:4",
            "arn_without_revision": "arn:aws:ecs:us-east-1:789264351109:task-definition/nyu-vip-task-definition",
            "container_definitions": "[{\"cpu\":0,\"environment\":[],\"essential\":true,\"image\":\"789264351109.dkr.ecr.us-east-1.amazonaws.com/nyu-vip:latest\",\"logConfiguration\":{\"logDriver\":\"awslogs\",\"options\":{\"awslogs-create-group\":\"true\",\"awslogs-group\":\"/ecs/nyu-vip\",\"awslogs-region\":\"us-east-1\",\"awslogs-stream-prefix\":\"nyu-vip-ecs\"}},\"mountPoints\":[],\"name\":\"nyu-vip-container\",\"portMappings\":[{\"containerPort\":3000,\"hostPort\":3000,\"protocol\":\"tcp\"}],\"systemControls\":[],\"volumesFrom\":[]}]",
            "cpu": "256",
            "ephemeral_storage": [],
            "execution_role_arn": "arn:aws:iam::789264351109:role/ecs_task_execution_role",
            "family": "nyu-vip-task-definition",
            "id": "nyu-vip-task-definition",
            "inference_accelerator": [],
            "ipc_mode": "",
            "memory": "512",
            "network_mode": "awsvpc",
            "pid_mode": "",
            "placement_constraints": [],
            "proxy_configuration": [],
            "requires_compatibilities": [
              "FARGATE"
            ],
            "revision": 4,
            "runtime_platform": [],
            "skip_destroy": false,
            "tags": {},
            "tags_all": {},
            "task_role_arn": "",
            "track_latest": false,
            "volume": []
          },
          "sensitive_attributes": [],
          "private": "eyJzY2hlbWFfdmVyc2lvbiI6IjEifQ==",
          "dependencies": [
            "module.alb.aws_alb.application_load_balancer",
            "module.alb.aws_lb_listener.listener",
            "module.alb.aws_lb_target_group.target_group",
            "module.alb.aws_security_group.alb",
            "module.ecs.aws_iam_role.ecs_task_execution_role",
            "module.vpc.aws_route.public",
            "module.vpc.aws_route_table.public",
            "module.vpc.module.vpc.aws_cloudwatch_log_group.flow_log",
            "module.vpc.module.vpc.aws_customer_gateway.this",
            "module.vpc.module.vpc.aws_db_subnet_group.database",
            "module.vpc.module.vpc.aws_default_network_acl.this",
            "module.vpc.module.vpc.aws_default_route_table.default",
            "module.vpc.module.vpc.aws_default_security_group.this",
            "module.vpc.module.vpc.aws_default_vpc.this",
            "module.vpc.module.vpc.aws_egress_only_internet_gateway.this",
            "module.vpc.module.vpc.aws_eip.nat",
            "module.vpc.module.vpc.aws_elasticache_subnet_group.elasticache",
            "module.vpc.module.vpc.aws_flow_log.this",
            "module.vpc.module.vpc.aws_iam_policy.vpc_flow_log_cloudwatch",
            "module.vpc.module.vpc.aws_iam_role.vpc_flow_log_cloudwatch",
            "module.vpc.module.vpc.aws_iam_role_policy_attachment.vpc_flow_log_cloudwatch",
            "module.vpc.module.vpc.aws_internet_gateway.this",
            "module.vpc.module.vpc.aws_nat_gateway.this",
            "module.vpc.module.vpc.aws_network_acl.database",
            "module.vpc.module.vpc.aws_network_acl.elasticache",
            "module.vpc.module.vpc.aws_network_acl.intra",
            "module.vpc.module.vpc.aws_network_acl.outpost",
            "module.vpc.module.vpc.aws_network_acl.private",
            "module.vpc.module.vpc.aws_network_acl.public",
            "module.vpc.module.vpc.aws_network_acl.redshift",
            "module.vpc.module.vpc.aws_network_acl_rule.database_inbound",
            "module.vpc.module.vpc.aws_network_acl_rule.database_outbound",
            "module.vpc.module.vpc.aws_network_acl_rule.elasticache_inbound",
            "module.vpc.module.vpc.aws_network_acl_rule.elasticache_outbound",
            "module.vpc.module.vpc.aws_network_acl_rule.intra_inbound",
            "module.vpc.module.vpc.aws_network_acl_rule.intra_outbound",
            "module.vpc.module.vpc.aws_network_acl_rule.outpost_inbound",
            "module.vpc.module.vpc.aws_network_acl_rule.outpost_outbound",
            "module.vpc.module.vpc.aws_network_acl_rule.private_inbound",
            "module.vpc.module.vpc.aws_network_acl_rule.private_outbound",
            "module.vpc.module.vpc.aws_network_acl_rule.public_inbound",
            "module.vpc.module.vpc.aws_network_acl_rule.public_outbound",
            "module.vpc.module.vpc.aws_network_acl_rule.redshift_inbound",
            "module.vpc.module.vpc.aws_network_acl_rule.redshift_outbound",
            "module.vpc.module.vpc.aws_redshift_subnet_group.redshift",
            "module.vpc.module.vpc.aws_route.database_dns64_nat_gateway",
            "module.vpc.module.vpc.aws_route.database_internet_gateway",
            "module.vpc.module.vpc.aws_route.database_ipv6_egress",
            "module.vpc.module.vpc.aws_route.database_nat_gateway",
            "module.vpc.module.vpc.aws_route.private_dns64_nat_gateway",
            "module.vpc.module.vpc.aws_route.private_ipv6_egress",
            "module.vpc.module.vpc.aws_route.private_nat_gateway",
            "module.vpc.module.vpc.aws_route.public_internet_gateway",
            "module.vpc.module.vpc.aws_route.public_internet_gateway_ipv6",
            "module.vpc.module.vpc.aws_route_table.database",
            "module.vpc.module.vpc.aws_route_table.elasticache",
            "module.vpc.module.vpc.aws_route_table.intra",
            "module.vpc.module.vpc.aws_route_table.private",
            "module.vpc.module.vpc.aws_route_table.public",
            "module.vpc.module.vpc.aws_route_table.redshift",
            "module.vpc.module.vpc.aws_route_table_association.database",
            "module.vpc.module.vpc.aws_route_table_association.elasticache",
            "module.vpc.module.vpc.aws_route_table_association.intra",
            "module.vpc.module.vpc.aws_route_table_association.outpost",
            "module.vpc.module.vpc.aws_route_table_association.private",
            "module.vpc.module.vpc.aws_route_table_association.public",
            "module.vpc.module.vpc.aws_route_table_association.redshift",
            "module.vpc.module.vpc.aws_route_table_association.redshift_public",
            "module.vpc.module.vpc.aws_subnet.database",
            "module.vpc.module.vpc.aws_subnet.elasticache",
            "module.vpc.module.vpc.aws_subnet.intra",
            "module.vpc.module.vpc.aws_subnet.outpost",
            "module.vpc.module.vpc.aws_subnet.private",
            "module.vpc.module.vpc.aws_subnet.public",
            "module.vpc.module.vpc.aws_subnet.redshift",
            "module.vpc.module.vpc.aws_vpc.this",
            "module.vpc.module.vpc.aws_vpc_dhcp_options.this",
            "module.vpc.module.vpc.aws_vpc_dhcp_options_association.this",
            "module.vpc.module.vpc.aws_vpc_ipv4_cidr_block_association.this",
            "module.vpc.module.vpc.aws_vpn_gateway.this",
            "module.vpc.module.vpc.aws_vpn_gateway_attachment.this",
            "module.vpc.module.vpc.aws_vpn_gateway_route_propagation.intra",
            "module.vpc.module.vpc.aws_vpn_gateway_route_propagation.private",
            "module.vpc.module.vpc.aws_vpn_gateway_route_propagation.public",
            "module.vpc.module.vpc.data.aws_iam_policy_document.flow_log_cloudwatch_assume_role",
            "module.vpc.module.vpc.data.aws_iam_policy_document.vpc_flow_log_cloudwatch"
          ]
        }
      ]
    },
    {
      "module": "module.ecs",
      "mode": "managed",
      "type": "aws_iam_policy",
      "name": "ec2-role",
      "provider": "provider[\"registry.terraform.io/hashicorp/aws\"]",
      "instances": [
        {
          "schema_version": 0,
          "attributes": {
            "arn": "arn:aws:iam::789264351109:policy/ec2-role",
            "description": "",
            "id": "arn:aws:iam::789264351109:policy/ec2-role",
            "name": "ec2-role",
            "name_prefix": "",
            "path": "/",
            "policy": "{\"Statement\":[{\"Action\":[\"ec2:DescribeTags\",\"ecs:CreateCluster\",\"ecs:DeregisterContainerInstance\",\"ecs:DiscoverPollEndpoint\",\"ecs:Poll\",\"ecs:RegisterContainerInstance\",\"ecs:StartTelemetrySession\",\"ecs:UpdateContainerInstancesState\",\"ecs:Submit*\",\"ecr:GetAuthorizationToken\",\"ecr:BatchCheckLayerAvailability\",\"ecr:GetDownloadUrlForLayer\",\"ecr:BatchGetImage\",\"logs:CreateLogStream\",\"logs:PutLogEvents\"],\"Effect\":\"Allow\",\"Resource\":\"*\"},{\"Action\":\"ecs:TagResource\",\"Condition\":{\"StringEquals\":{\"ecs:CreateAction\":[\"CreateCluster\",\"RegisterContainerInstance\"]}},\"Effect\":\"Allow\",\"Resource\":\"*\"}],\"Version\":\"2012-10-17\"}",
            "policy_id": "ANPA3PQ6SH6CRQTIM2WKS",
            "tags": {},
            "tags_all": {}
          },
          "sensitive_attributes": [],
          "private": "bnVsbA==",
          "dependencies": [
            "module.alb.aws_alb.application_load_balancer",
            "module.alb.aws_lb_listener.listener",
            "module.alb.aws_lb_target_group.target_group",
            "module.alb.aws_security_group.alb",
            "module.vpc.aws_route.public",
            "module.vpc.aws_route_table.public",
            "module.vpc.module.vpc.aws_cloudwatch_log_group.flow_log",
            "module.vpc.module.vpc.aws_customer_gateway.this",
            "module.vpc.module.vpc.aws_db_subnet_group.database",
            "module.vpc.module.vpc.aws_default_network_acl.this",
            "module.vpc.module.vpc.aws_default_route_table.default",
            "module.vpc.module.vpc.aws_default_security_group.this",
            "module.vpc.module.vpc.aws_default_vpc.this",
            "module.vpc.module.vpc.aws_egress_only_internet_gateway.this",
            "module.vpc.module.vpc.aws_eip.nat",
            "module.vpc.module.vpc.aws_elasticache_subnet_group.elasticache",
            "module.vpc.module.vpc.aws_flow_log.this",
            "module.vpc.module.vpc.aws_iam_policy.vpc_flow_log_cloudwatch",
            "module.vpc.module.vpc.aws_iam_role.vpc_flow_log_cloudwatch",
            "module.vpc.module.vpc.aws_iam_role_policy_attachment.vpc_flow_log_cloudwatch",
            "module.vpc.module.vpc.aws_internet_gateway.this",
            "module.vpc.module.vpc.aws_nat_gateway.this",
            "module.vpc.module.vpc.aws_network_acl.database",
            "module.vpc.module.vpc.aws_network_acl.elasticache",
            "module.vpc.module.vpc.aws_network_acl.intra",
            "module.vpc.module.vpc.aws_network_acl.outpost",
            "module.vpc.module.vpc.aws_network_acl.private",
            "module.vpc.module.vpc.aws_network_acl.public",
            "module.vpc.module.vpc.aws_network_acl.redshift",
            "module.vpc.module.vpc.aws_network_acl_rule.database_inbound",
            "module.vpc.module.vpc.aws_network_acl_rule.database_outbound",
            "module.vpc.module.vpc.aws_network_acl_rule.elasticache_inbound",
            "module.vpc.module.vpc.aws_network_acl_rule.elasticache_outbound",
            "module.vpc.module.vpc.aws_network_acl_rule.intra_inbound",
            "module.vpc.module.vpc.aws_network_acl_rule.intra_outbound",
            "module.vpc.module.vpc.aws_network_acl_rule.outpost_inbound",
            "module.vpc.module.vpc.aws_network_acl_rule.outpost_outbound",
            "module.vpc.module.vpc.aws_network_acl_rule.private_inbound",
            "module.vpc.module.vpc.aws_network_acl_rule.private_outbound",
            "module.vpc.module.vpc.aws_network_acl_rule.public_inbound",
            "module.vpc.module.vpc.aws_network_acl_rule.public_outbound",
            "module.vpc.module.vpc.aws_network_acl_rule.redshift_inbound",
            "module.vpc.module.vpc.aws_network_acl_rule.redshift_outbound",
            "module.vpc.module.vpc.aws_redshift_subnet_group.redshift",
            "module.vpc.module.vpc.aws_route.database_dns64_nat_gateway",
            "module.vpc.module.vpc.aws_route.database_internet_gateway",
            "module.vpc.module.vpc.aws_route.database_ipv6_egress",
            "module.vpc.module.vpc.aws_route.database_nat_gateway",
            "module.vpc.module.vpc.aws_route.private_dns64_nat_gateway",
            "module.vpc.module.vpc.aws_route.private_ipv6_egress",
            "module.vpc.module.vpc.aws_route.private_nat_gateway",
            "module.vpc.module.vpc.aws_route.public_internet_gateway",
            "module.vpc.module.vpc.aws_route.public_internet_gateway_ipv6",
            "module.vpc.module.vpc.aws_route_table.database",
            "module.vpc.module.vpc.aws_route_table.elasticache",
            "module.vpc.module.vpc.aws_route_table.intra",
            "module.vpc.module.vpc.aws_route_table.private",
            "module.vpc.module.vpc.aws_route_table.public",
            "module.vpc.module.vpc.aws_route_table.redshift",
            "module.vpc.module.vpc.aws_route_table_association.database",
            "module.vpc.module.vpc.aws_route_table_association.elasticache",
            "module.vpc.module.vpc.aws_route_table_association.intra",
            "module.vpc.module.vpc.aws_route_table_association.outpost",
            "module.vpc.module.vpc.aws_route_table_association.private",
            "module.vpc.module.vpc.aws_route_table_association.public",
            "module.vpc.module.vpc.aws_route_table_association.redshift",
            "module.vpc.module.vpc.aws_route_table_association.redshift_public",
            "module.vpc.module.vpc.aws_subnet.database",
            "module.vpc.module.vpc.aws_subnet.elasticache",
            "module.vpc.module.vpc.aws_subnet.intra",
            "module.vpc.module.vpc.aws_subnet.outpost",
            "module.vpc.module.vpc.aws_subnet.private",
            "module.vpc.module.vpc.aws_subnet.public",
            "module.vpc.module.vpc.aws_subnet.redshift",
            "module.vpc.module.vpc.aws_vpc.this",
            "module.vpc.module.vpc.aws_vpc_dhcp_options.this",
            "module.vpc.module.vpc.aws_vpc_dhcp_options_association.this",
            "module.vpc.module.vpc.aws_vpc_ipv4_cidr_block_association.this",
            "module.vpc.module.vpc.aws_vpn_gateway.this",
            "module.vpc.module.vpc.aws_vpn_gateway_attachment.this",
            "module.vpc.module.vpc.aws_vpn_gateway_route_propagation.intra",
            "module.vpc.module.vpc.aws_vpn_gateway_route_propagation.private",
            "module.vpc.module.vpc.aws_vpn_gateway_route_propagation.public",
            "module.vpc.module.vpc.data.aws_iam_policy_document.flow_log_cloudwatch_assume_role",
            "module.vpc.module.vpc.data.aws_iam_policy_document.vpc_flow_log_cloudwatch"
          ]
        }
      ]
    },
    {
      "module": "module.ecs",
      "mode": "managed",
      "type": "aws_iam_policy",
      "name": "ecs_task_execution_policy",
      "provider": "provider[\"registry.terraform.io/hashicorp/aws\"]",
      "instances": [
        {
          "schema_version": 0,
          "attributes": {
            "arn": "arn:aws:iam::789264351109:policy/ecs_task_execution_policy",
            "description": "Policy for ECS Task Execution",
            "id": "arn:aws:iam::789264351109:policy/ecs_task_execution_policy",
            "name": "ecs_task_execution_policy",
            "name_prefix": "",
            "path": "/",
            "policy": "{\"Statement\":[{\"Action\":[\"ecr:GetAuthorizationToken\",\"ecr:BatchCheckLayerAvailability\",\"ecr:GetDownloadUrlForLayer\",\"ecr:BatchGetImage\",\"logs:CreateLogStream\",\"logs:PutLogEvents\"],\"Effect\":\"Allow\",\"Resource\":\"*\"}],\"Version\":\"2012-10-17\"}",
            "policy_id": "ANPA3PQ6SH6CRJX7ZVRXT",
            "tags": {},
            "tags_all": {}
          },
          "sensitive_attributes": [],
          "private": "bnVsbA==",
          "dependencies": [
            "module.alb.aws_alb.application_load_balancer",
            "module.alb.aws_lb_listener.listener",
            "module.alb.aws_lb_target_group.target_group",
            "module.alb.aws_security_group.alb",
            "module.vpc.aws_route.public",
            "module.vpc.aws_route_table.public",
            "module.vpc.module.vpc.aws_cloudwatch_log_group.flow_log",
            "module.vpc.module.vpc.aws_customer_gateway.this",
            "module.vpc.module.vpc.aws_db_subnet_group.database",
            "module.vpc.module.vpc.aws_default_network_acl.this",
            "module.vpc.module.vpc.aws_default_route_table.default",
            "module.vpc.module.vpc.aws_default_security_group.this",
            "module.vpc.module.vpc.aws_default_vpc.this",
            "module.vpc.module.vpc.aws_egress_only_internet_gateway.this",
            "module.vpc.module.vpc.aws_eip.nat",
            "module.vpc.module.vpc.aws_elasticache_subnet_group.elasticache",
            "module.vpc.module.vpc.aws_flow_log.this",
            "module.vpc.module.vpc.aws_iam_policy.vpc_flow_log_cloudwatch",
            "module.vpc.module.vpc.aws_iam_role.vpc_flow_log_cloudwatch",
            "module.vpc.module.vpc.aws_iam_role_policy_attachment.vpc_flow_log_cloudwatch",
            "module.vpc.module.vpc.aws_internet_gateway.this",
            "module.vpc.module.vpc.aws_nat_gateway.this",
            "module.vpc.module.vpc.aws_network_acl.database",
            "module.vpc.module.vpc.aws_network_acl.elasticache",
            "module.vpc.module.vpc.aws_network_acl.intra",
            "module.vpc.module.vpc.aws_network_acl.outpost",
            "module.vpc.module.vpc.aws_network_acl.private",
            "module.vpc.module.vpc.aws_network_acl.public",
            "module.vpc.module.vpc.aws_network_acl.redshift",
            "module.vpc.module.vpc.aws_network_acl_rule.database_inbound",
            "module.vpc.module.vpc.aws_network_acl_rule.database_outbound",
            "module.vpc.module.vpc.aws_network_acl_rule.elasticache_inbound",
            "module.vpc.module.vpc.aws_network_acl_rule.elasticache_outbound",
            "module.vpc.module.vpc.aws_network_acl_rule.intra_inbound",
            "module.vpc.module.vpc.aws_network_acl_rule.intra_outbound",
            "module.vpc.module.vpc.aws_network_acl_rule.outpost_inbound",
            "module.vpc.module.vpc.aws_network_acl_rule.outpost_outbound",
            "module.vpc.module.vpc.aws_network_acl_rule.private_inbound",
            "module.vpc.module.vpc.aws_network_acl_rule.private_outbound",
            "module.vpc.module.vpc.aws_network_acl_rule.public_inbound",
            "module.vpc.module.vpc.aws_network_acl_rule.public_outbound",
            "module.vpc.module.vpc.aws_network_acl_rule.redshift_inbound",
            "module.vpc.module.vpc.aws_network_acl_rule.redshift_outbound",
            "module.vpc.module.vpc.aws_redshift_subnet_group.redshift",
            "module.vpc.module.vpc.aws_route.database_dns64_nat_gateway",
            "module.vpc.module.vpc.aws_route.database_internet_gateway",
            "module.vpc.module.vpc.aws_route.database_ipv6_egress",
            "module.vpc.module.vpc.aws_route.database_nat_gateway",
            "module.vpc.module.vpc.aws_route.private_dns64_nat_gateway",
            "module.vpc.module.vpc.aws_route.private_ipv6_egress",
            "module.vpc.module.vpc.aws_route.private_nat_gateway",
            "module.vpc.module.vpc.aws_route.public_internet_gateway",
            "module.vpc.module.vpc.aws_route.public_internet_gateway_ipv6",
            "module.vpc.module.vpc.aws_route_table.database",
            "module.vpc.module.vpc.aws_route_table.elasticache",
            "module.vpc.module.vpc.aws_route_table.intra",
            "module.vpc.module.vpc.aws_route_table.private",
            "module.vpc.module.vpc.aws_route_table.public",
            "module.vpc.module.vpc.aws_route_table.redshift",
            "module.vpc.module.vpc.aws_route_table_association.database",
            "module.vpc.module.vpc.aws_route_table_association.elasticache",
            "module.vpc.module.vpc.aws_route_table_association.intra",
            "module.vpc.module.vpc.aws_route_table_association.outpost",
            "module.vpc.module.vpc.aws_route_table_association.private",
            "module.vpc.module.vpc.aws_route_table_association.public",
            "module.vpc.module.vpc.aws_route_table_association.redshift",
            "module.vpc.module.vpc.aws_route_table_association.redshift_public",
            "module.vpc.module.vpc.aws_subnet.database",
            "module.vpc.module.vpc.aws_subnet.elasticache",
            "module.vpc.module.vpc.aws_subnet.intra",
            "module.vpc.module.vpc.aws_subnet.outpost",
            "module.vpc.module.vpc.aws_subnet.private",
            "module.vpc.module.vpc.aws_subnet.public",
            "module.vpc.module.vpc.aws_subnet.redshift",
            "module.vpc.module.vpc.aws_vpc.this",
            "module.vpc.module.vpc.aws_vpc_dhcp_options.this",
            "module.vpc.module.vpc.aws_vpc_dhcp_options_association.this",
            "module.vpc.module.vpc.aws_vpc_ipv4_cidr_block_association.this",
            "module.vpc.module.vpc.aws_vpn_gateway.this",
            "module.vpc.module.vpc.aws_vpn_gateway_attachment.this",
            "module.vpc.module.vpc.aws_vpn_gateway_route_propagation.intra",
            "module.vpc.module.vpc.aws_vpn_gateway_route_propagation.private",
            "module.vpc.module.vpc.aws_vpn_gateway_route_propagation.public",
            "module.vpc.module.vpc.data.aws_iam_policy_document.flow_log_cloudwatch_assume_role",
            "module.vpc.module.vpc.data.aws_iam_policy_document.vpc_flow_log_cloudwatch"
          ]
        }
      ]
    },
    {
      "module": "module.ecs",
      "mode": "managed",
      "type": "aws_iam_policy",
      "name": "secret_manager",
      "provider": "provider[\"registry.terraform.io/hashicorp/aws\"]",
      "instances": [
        {
          "schema_version": 0,
          "attributes": {
            "arn": "arn:aws:iam::789264351109:policy/secret_manager_policy",
            "description": "IAM policy for Secret Manager",
            "id": "arn:aws:iam::789264351109:policy/secret_manager_policy",
            "name": "secret_manager_policy",
            "name_prefix": "",
            "path": "/",
            "policy": "{\"Statement\":[{\"Action\":[\"kms:Decrypt\",\"secretsmanager:GetSecretValue\",\"ssm:GetParameters\"],\"Effect\":\"Allow\",\"Resource\":\"*\"}],\"Version\":\"2012-10-17\"}",
            "policy_id": "ANPA3PQ6SH6CRZ44R65LP",
            "tags": {},
            "tags_all": {}
          },
          "sensitive_attributes": [],
          "private": "bnVsbA==",
          "dependencies": [
            "module.alb.aws_alb.application_load_balancer",
            "module.alb.aws_lb_listener.listener",
            "module.alb.aws_lb_target_group.target_group",
            "module.alb.aws_security_group.alb",
            "module.vpc.aws_route.public",
            "module.vpc.aws_route_table.public",
            "module.vpc.module.vpc.aws_cloudwatch_log_group.flow_log",
            "module.vpc.module.vpc.aws_customer_gateway.this",
            "module.vpc.module.vpc.aws_db_subnet_group.database",
            "module.vpc.module.vpc.aws_default_network_acl.this",
            "module.vpc.module.vpc.aws_default_route_table.default",
            "module.vpc.module.vpc.aws_default_security_group.this",
            "module.vpc.module.vpc.aws_default_vpc.this",
            "module.vpc.module.vpc.aws_egress_only_internet_gateway.this",
            "module.vpc.module.vpc.aws_eip.nat",
            "module.vpc.module.vpc.aws_elasticache_subnet_group.elasticache",
            "module.vpc.module.vpc.aws_flow_log.this",
            "module.vpc.module.vpc.aws_iam_policy.vpc_flow_log_cloudwatch",
            "module.vpc.module.vpc.aws_iam_role.vpc_flow_log_cloudwatch",
            "module.vpc.module.vpc.aws_iam_role_policy_attachment.vpc_flow_log_cloudwatch",
            "module.vpc.module.vpc.aws_internet_gateway.this",
            "module.vpc.module.vpc.aws_nat_gateway.this",
            "module.vpc.module.vpc.aws_network_acl.database",
            "module.vpc.module.vpc.aws_network_acl.elasticache",
            "module.vpc.module.vpc.aws_network_acl.intra",
            "module.vpc.module.vpc.aws_network_acl.outpost",
            "module.vpc.module.vpc.aws_network_acl.private",
            "module.vpc.module.vpc.aws_network_acl.public",
            "module.vpc.module.vpc.aws_network_acl.redshift",
            "module.vpc.module.vpc.aws_network_acl_rule.database_inbound",
            "module.vpc.module.vpc.aws_network_acl_rule.database_outbound",
            "module.vpc.module.vpc.aws_network_acl_rule.elasticache_inbound",
            "module.vpc.module.vpc.aws_network_acl_rule.elasticache_outbound",
            "module.vpc.module.vpc.aws_network_acl_rule.intra_inbound",
            "module.vpc.module.vpc.aws_network_acl_rule.intra_outbound",
            "module.vpc.module.vpc.aws_network_acl_rule.outpost_inbound",
            "module.vpc.module.vpc.aws_network_acl_rule.outpost_outbound",
            "module.vpc.module.vpc.aws_network_acl_rule.private_inbound",
            "module.vpc.module.vpc.aws_network_acl_rule.private_outbound",
            "module.vpc.module.vpc.aws_network_acl_rule.public_inbound",
            "module.vpc.module.vpc.aws_network_acl_rule.public_outbound",
            "module.vpc.module.vpc.aws_network_acl_rule.redshift_inbound",
            "module.vpc.module.vpc.aws_network_acl_rule.redshift_outbound",
            "module.vpc.module.vpc.aws_redshift_subnet_group.redshift",
            "module.vpc.module.vpc.aws_route.database_dns64_nat_gateway",
            "module.vpc.module.vpc.aws_route.database_internet_gateway",
            "module.vpc.module.vpc.aws_route.database_ipv6_egress",
            "module.vpc.module.vpc.aws_route.database_nat_gateway",
            "module.vpc.module.vpc.aws_route.private_dns64_nat_gateway",
            "module.vpc.module.vpc.aws_route.private_ipv6_egress",
            "module.vpc.module.vpc.aws_route.private_nat_gateway",
            "module.vpc.module.vpc.aws_route.public_internet_gateway",
            "module.vpc.module.vpc.aws_route.public_internet_gateway_ipv6",
            "module.vpc.module.vpc.aws_route_table.database",
            "module.vpc.module.vpc.aws_route_table.elasticache",
            "module.vpc.module.vpc.aws_route_table.intra",
            "module.vpc.module.vpc.aws_route_table.private",
            "module.vpc.module.vpc.aws_route_table.public",
            "module.vpc.module.vpc.aws_route_table.redshift",
            "module.vpc.module.vpc.aws_route_table_association.database",
            "module.vpc.module.vpc.aws_route_table_association.elasticache",
            "module.vpc.module.vpc.aws_route_table_association.intra",
            "module.vpc.module.vpc.aws_route_table_association.outpost",
            "module.vpc.module.vpc.aws_route_table_association.private",
            "module.vpc.module.vpc.aws_route_table_association.public",
            "module.vpc.module.vpc.aws_route_table_association.redshift",
            "module.vpc.module.vpc.aws_route_table_association.redshift_public",
            "module.vpc.module.vpc.aws_subnet.database",
            "module.vpc.module.vpc.aws_subnet.elasticache",
            "module.vpc.module.vpc.aws_subnet.intra",
            "module.vpc.module.vpc.aws_subnet.outpost",
            "module.vpc.module.vpc.aws_subnet.private",
            "module.vpc.module.vpc.aws_subnet.public",
            "module.vpc.module.vpc.aws_subnet.redshift",
            "module.vpc.module.vpc.aws_vpc.this",
            "module.vpc.module.vpc.aws_vpc_dhcp_options.this",
            "module.vpc.module.vpc.aws_vpc_dhcp_options_association.this",
            "module.vpc.module.vpc.aws_vpc_ipv4_cidr_block_association.this",
            "module.vpc.module.vpc.aws_vpn_gateway.this",
            "module.vpc.module.vpc.aws_vpn_gateway_attachment.this",
            "module.vpc.module.vpc.aws_vpn_gateway_route_propagation.intra",
            "module.vpc.module.vpc.aws_vpn_gateway_route_propagation.private",
            "module.vpc.module.vpc.aws_vpn_gateway_route_propagation.public",
            "module.vpc.module.vpc.data.aws_iam_policy_document.flow_log_cloudwatch_assume_role",
            "module.vpc.module.vpc.data.aws_iam_policy_document.vpc_flow_log_cloudwatch"
          ]
        }
      ]
    },
    {
      "module": "module.ecs",
      "mode": "managed",
      "type": "aws_iam_role",
      "name": "ecs_task_execution_role",
      "provider": "provider[\"registry.terraform.io/hashicorp/aws\"]",
      "instances": [
        {
          "schema_version": 0,
          "attributes": {
            "arn": "arn:aws:iam::789264351109:role/ecs_task_execution_role",
            "assume_role_policy": "{\"Statement\":[{\"Action\":\"sts:AssumeRole\",\"Effect\":\"Allow\",\"Principal\":{\"Service\":\"ecs-tasks.amazonaws.com\"}}],\"Version\":\"2012-10-17\"}",
            "create_date": "2024-03-17T17:54:46Z",
            "description": "IAM role for ECS Task Execution",
            "force_detach_policies": false,
            "id": "ecs_task_execution_role",
            "inline_policy": [],
            "managed_policy_arns": [
              "arn:aws:iam::789264351109:policy/ec2-role",
              "arn:aws:iam::789264351109:policy/ecs_task_execution_policy",
              "arn:aws:iam::789264351109:policy/secret_manager_policy"
            ],
            "max_session_duration": 3600,
            "name": "ecs_task_execution_role",
            "name_prefix": "",
            "path": "/",
            "permissions_boundary": "",
            "tags": {},
            "tags_all": {},
            "unique_id": "AROA3PQ6SH6CWWV3VCLGM"
          },
          "sensitive_attributes": [],
          "private": "bnVsbA==",
          "dependencies": [
            "module.alb.aws_alb.application_load_balancer",
            "module.alb.aws_lb_listener.listener",
            "module.alb.aws_lb_target_group.target_group",
            "module.alb.aws_security_group.alb",
            "module.vpc.aws_route.public",
            "module.vpc.aws_route_table.public",
            "module.vpc.module.vpc.aws_cloudwatch_log_group.flow_log",
            "module.vpc.module.vpc.aws_customer_gateway.this",
            "module.vpc.module.vpc.aws_db_subnet_group.database",
            "module.vpc.module.vpc.aws_default_network_acl.this",
            "module.vpc.module.vpc.aws_default_route_table.default",
            "module.vpc.module.vpc.aws_default_security_group.this",
            "module.vpc.module.vpc.aws_default_vpc.this",
            "module.vpc.module.vpc.aws_egress_only_internet_gateway.this",
            "module.vpc.module.vpc.aws_eip.nat",
            "module.vpc.module.vpc.aws_elasticache_subnet_group.elasticache",
            "module.vpc.module.vpc.aws_flow_log.this",
            "module.vpc.module.vpc.aws_iam_policy.vpc_flow_log_cloudwatch",
            "module.vpc.module.vpc.aws_iam_role.vpc_flow_log_cloudwatch",
            "module.vpc.module.vpc.aws_iam_role_policy_attachment.vpc_flow_log_cloudwatch",
            "module.vpc.module.vpc.aws_internet_gateway.this",
            "module.vpc.module.vpc.aws_nat_gateway.this",
            "module.vpc.module.vpc.aws_network_acl.database",
            "module.vpc.module.vpc.aws_network_acl.elasticache",
            "module.vpc.module.vpc.aws_network_acl.intra",
            "module.vpc.module.vpc.aws_network_acl.outpost",
            "module.vpc.module.vpc.aws_network_acl.private",
            "module.vpc.module.vpc.aws_network_acl.public",
            "module.vpc.module.vpc.aws_network_acl.redshift",
            "module.vpc.module.vpc.aws_network_acl_rule.database_inbound",
            "module.vpc.module.vpc.aws_network_acl_rule.database_outbound",
            "module.vpc.module.vpc.aws_network_acl_rule.elasticache_inbound",
            "module.vpc.module.vpc.aws_network_acl_rule.elasticache_outbound",
            "module.vpc.module.vpc.aws_network_acl_rule.intra_inbound",
            "module.vpc.module.vpc.aws_network_acl_rule.intra_outbound",
            "module.vpc.module.vpc.aws_network_acl_rule.outpost_inbound",
            "module.vpc.module.vpc.aws_network_acl_rule.outpost_outbound",
            "module.vpc.module.vpc.aws_network_acl_rule.private_inbound",
            "module.vpc.module.vpc.aws_network_acl_rule.private_outbound",
            "module.vpc.module.vpc.aws_network_acl_rule.public_inbound",
            "module.vpc.module.vpc.aws_network_acl_rule.public_outbound",
            "module.vpc.module.vpc.aws_network_acl_rule.redshift_inbound",
            "module.vpc.module.vpc.aws_network_acl_rule.redshift_outbound",
            "module.vpc.module.vpc.aws_redshift_subnet_group.redshift",
            "module.vpc.module.vpc.aws_route.database_dns64_nat_gateway",
            "module.vpc.module.vpc.aws_route.database_internet_gateway",
            "module.vpc.module.vpc.aws_route.database_ipv6_egress",
            "module.vpc.module.vpc.aws_route.database_nat_gateway",
            "module.vpc.module.vpc.aws_route.private_dns64_nat_gateway",
            "module.vpc.module.vpc.aws_route.private_ipv6_egress",
            "module.vpc.module.vpc.aws_route.private_nat_gateway",
            "module.vpc.module.vpc.aws_route.public_internet_gateway",
            "module.vpc.module.vpc.aws_route.public_internet_gateway_ipv6",
            "module.vpc.module.vpc.aws_route_table.database",
            "module.vpc.module.vpc.aws_route_table.elasticache",
            "module.vpc.module.vpc.aws_route_table.intra",
            "module.vpc.module.vpc.aws_route_table.private",
            "module.vpc.module.vpc.aws_route_table.public",
            "module.vpc.module.vpc.aws_route_table.redshift",
            "module.vpc.module.vpc.aws_route_table_association.database",
            "module.vpc.module.vpc.aws_route_table_association.elasticache",
            "module.vpc.module.vpc.aws_route_table_association.intra",
            "module.vpc.module.vpc.aws_route_table_association.outpost",
            "module.vpc.module.vpc.aws_route_table_association.private",
            "module.vpc.module.vpc.aws_route_table_association.public",
            "module.vpc.module.vpc.aws_route_table_association.redshift",
            "module.vpc.module.vpc.aws_route_table_association.redshift_public",
            "module.vpc.module.vpc.aws_subnet.database",
            "module.vpc.module.vpc.aws_subnet.elasticache",
            "module.vpc.module.vpc.aws_subnet.intra",
            "module.vpc.module.vpc.aws_subnet.outpost",
            "module.vpc.module.vpc.aws_subnet.private",
            "module.vpc.module.vpc.aws_subnet.public",
            "module.vpc.module.vpc.aws_subnet.redshift",
            "module.vpc.module.vpc.aws_vpc.this",
            "module.vpc.module.vpc.aws_vpc_dhcp_options.this",
            "module.vpc.module.vpc.aws_vpc_dhcp_options_association.this",
            "module.vpc.module.vpc.aws_vpc_ipv4_cidr_block_association.this",
            "module.vpc.module.vpc.aws_vpn_gateway.this",
            "module.vpc.module.vpc.aws_vpn_gateway_attachment.this",
            "module.vpc.module.vpc.aws_vpn_gateway_route_propagation.intra",
            "module.vpc.module.vpc.aws_vpn_gateway_route_propagation.private",
            "module.vpc.module.vpc.aws_vpn_gateway_route_propagation.public",
            "module.vpc.module.vpc.data.aws_iam_policy_document.flow_log_cloudwatch_assume_role",
            "module.vpc.module.vpc.data.aws_iam_policy_document.vpc_flow_log_cloudwatch"
          ]
        }
      ]
    },
    {
      "module": "module.ecs",
      "mode": "managed",
      "type": "aws_iam_role_policy_attachment",
      "name": "ec2_task_execution_attachment",
      "provider": "provider[\"registry.terraform.io/hashicorp/aws\"]",
      "instances": [
        {
          "schema_version": 0,
          "attributes": {
            "id": "ecs_task_execution_role-20240317175446742400000003",
            "policy_arn": "arn:aws:iam::789264351109:policy/ec2-role",
            "role": "ecs_task_execution_role"
          },
          "sensitive_attributes": [],
          "private": "bnVsbA==",
          "dependencies": [
            "module.alb.aws_alb.application_load_balancer",
            "module.alb.aws_lb_listener.listener",
            "module.alb.aws_lb_target_group.target_group",
            "module.alb.aws_security_group.alb",
            "module.ecs.aws_iam_policy.ec2-role",
            "module.ecs.aws_iam_role.ecs_task_execution_role",
            "module.vpc.aws_route.public",
            "module.vpc.aws_route_table.public",
            "module.vpc.module.vpc.aws_cloudwatch_log_group.flow_log",
            "module.vpc.module.vpc.aws_customer_gateway.this",
            "module.vpc.module.vpc.aws_db_subnet_group.database",
            "module.vpc.module.vpc.aws_default_network_acl.this",
            "module.vpc.module.vpc.aws_default_route_table.default",
            "module.vpc.module.vpc.aws_default_security_group.this",
            "module.vpc.module.vpc.aws_default_vpc.this",
            "module.vpc.module.vpc.aws_egress_only_internet_gateway.this",
            "module.vpc.module.vpc.aws_eip.nat",
            "module.vpc.module.vpc.aws_elasticache_subnet_group.elasticache",
            "module.vpc.module.vpc.aws_flow_log.this",
            "module.vpc.module.vpc.aws_iam_policy.vpc_flow_log_cloudwatch",
            "module.vpc.module.vpc.aws_iam_role.vpc_flow_log_cloudwatch",
            "module.vpc.module.vpc.aws_iam_role_policy_attachment.vpc_flow_log_cloudwatch",
            "module.vpc.module.vpc.aws_internet_gateway.this",
            "module.vpc.module.vpc.aws_nat_gateway.this",
            "module.vpc.module.vpc.aws_network_acl.database",
            "module.vpc.module.vpc.aws_network_acl.elasticache",
            "module.vpc.module.vpc.aws_network_acl.intra",
            "module.vpc.module.vpc.aws_network_acl.outpost",
            "module.vpc.module.vpc.aws_network_acl.private",
            "module.vpc.module.vpc.aws_network_acl.public",
            "module.vpc.module.vpc.aws_network_acl.redshift",
            "module.vpc.module.vpc.aws_network_acl_rule.database_inbound",
            "module.vpc.module.vpc.aws_network_acl_rule.database_outbound",
            "module.vpc.module.vpc.aws_network_acl_rule.elasticache_inbound",
            "module.vpc.module.vpc.aws_network_acl_rule.elasticache_outbound",
            "module.vpc.module.vpc.aws_network_acl_rule.intra_inbound",
            "module.vpc.module.vpc.aws_network_acl_rule.intra_outbound",
            "module.vpc.module.vpc.aws_network_acl_rule.outpost_inbound",
            "module.vpc.module.vpc.aws_network_acl_rule.outpost_outbound",
            "module.vpc.module.vpc.aws_network_acl_rule.private_inbound",
            "module.vpc.module.vpc.aws_network_acl_rule.private_outbound",
            "module.vpc.module.vpc.aws_network_acl_rule.public_inbound",
            "module.vpc.module.vpc.aws_network_acl_rule.public_outbound",
            "module.vpc.module.vpc.aws_network_acl_rule.redshift_inbound",
            "module.vpc.module.vpc.aws_network_acl_rule.redshift_outbound",
            "module.vpc.module.vpc.aws_redshift_subnet_group.redshift",
            "module.vpc.module.vpc.aws_route.database_dns64_nat_gateway",
            "module.vpc.module.vpc.aws_route.database_internet_gateway",
            "module.vpc.module.vpc.aws_route.database_ipv6_egress",
            "module.vpc.module.vpc.aws_route.database_nat_gateway",
            "module.vpc.module.vpc.aws_route.private_dns64_nat_gateway",
            "module.vpc.module.vpc.aws_route.private_ipv6_egress",
            "module.vpc.module.vpc.aws_route.private_nat_gateway",
            "module.vpc.module.vpc.aws_route.public_internet_gateway",
            "module.vpc.module.vpc.aws_route.public_internet_gateway_ipv6",
            "module.vpc.module.vpc.aws_route_table.database",
            "module.vpc.module.vpc.aws_route_table.elasticache",
            "module.vpc.module.vpc.aws_route_table.intra",
            "module.vpc.module.vpc.aws_route_table.private",
            "module.vpc.module.vpc.aws_route_table.public",
            "module.vpc.module.vpc.aws_route_table.redshift",
            "module.vpc.module.vpc.aws_route_table_association.database",
            "module.vpc.module.vpc.aws_route_table_association.elasticache",
            "module.vpc.module.vpc.aws_route_table_association.intra",
            "module.vpc.module.vpc.aws_route_table_association.outpost",
            "module.vpc.module.vpc.aws_route_table_association.private",
            "module.vpc.module.vpc.aws_route_table_association.public",
            "module.vpc.module.vpc.aws_route_table_association.redshift",
            "module.vpc.module.vpc.aws_route_table_association.redshift_public",
            "module.vpc.module.vpc.aws_subnet.database",
            "module.vpc.module.vpc.aws_subnet.elasticache",
            "module.vpc.module.vpc.aws_subnet.intra",
            "module.vpc.module.vpc.aws_subnet.outpost",
            "module.vpc.module.vpc.aws_subnet.private",
            "module.vpc.module.vpc.aws_subnet.public",
            "module.vpc.module.vpc.aws_subnet.redshift",
            "module.vpc.module.vpc.aws_vpc.this",
            "module.vpc.module.vpc.aws_vpc_dhcp_options.this",
            "module.vpc.module.vpc.aws_vpc_dhcp_options_association.this",
            "module.vpc.module.vpc.aws_vpc_ipv4_cidr_block_association.this",
            "module.vpc.module.vpc.aws_vpn_gateway.this",
            "module.vpc.module.vpc.aws_vpn_gateway_attachment.this",
            "module.vpc.module.vpc.aws_vpn_gateway_route_propagation.intra",
            "module.vpc.module.vpc.aws_vpn_gateway_route_propagation.private",
            "module.vpc.module.vpc.aws_vpn_gateway_route_propagation.public",
            "module.vpc.module.vpc.data.aws_iam_policy_document.flow_log_cloudwatch_assume_role",
            "module.vpc.module.vpc.data.aws_iam_policy_document.vpc_flow_log_cloudwatch"
          ]
        }
      ]
    },
    {
      "module": "module.ecs",
      "mode": "managed",
      "type": "aws_iam_role_policy_attachment",
      "name": "ecs_task_execution_attachment",
      "provider": "provider[\"registry.terraform.io/hashicorp/aws\"]",
      "instances": [
        {
          "schema_version": 0,
          "attributes": {
            "id": "ecs_task_execution_role-20240317175446737700000002",
            "policy_arn": "arn:aws:iam::789264351109:policy/ecs_task_execution_policy",
            "role": "ecs_task_execution_role"
          },
          "sensitive_attributes": [],
          "private": "bnVsbA==",
          "dependencies": [
            "module.alb.aws_alb.application_load_balancer",
            "module.alb.aws_lb_listener.listener",
            "module.alb.aws_lb_target_group.target_group",
            "module.alb.aws_security_group.alb",
            "module.ecs.aws_iam_policy.ecs_task_execution_policy",
            "module.ecs.aws_iam_role.ecs_task_execution_role",
            "module.vpc.aws_route.public",
            "module.vpc.aws_route_table.public",
            "module.vpc.module.vpc.aws_cloudwatch_log_group.flow_log",
            "module.vpc.module.vpc.aws_customer_gateway.this",
            "module.vpc.module.vpc.aws_db_subnet_group.database",
            "module.vpc.module.vpc.aws_default_network_acl.this",
            "module.vpc.module.vpc.aws_default_route_table.default",
            "module.vpc.module.vpc.aws_default_security_group.this",
            "module.vpc.module.vpc.aws_default_vpc.this",
            "module.vpc.module.vpc.aws_egress_only_internet_gateway.this",
            "module.vpc.module.vpc.aws_eip.nat",
            "module.vpc.module.vpc.aws_elasticache_subnet_group.elasticache",
            "module.vpc.module.vpc.aws_flow_log.this",
            "module.vpc.module.vpc.aws_iam_policy.vpc_flow_log_cloudwatch",
            "module.vpc.module.vpc.aws_iam_role.vpc_flow_log_cloudwatch",
            "module.vpc.module.vpc.aws_iam_role_policy_attachment.vpc_flow_log_cloudwatch",
            "module.vpc.module.vpc.aws_internet_gateway.this",
            "module.vpc.module.vpc.aws_nat_gateway.this",
            "module.vpc.module.vpc.aws_network_acl.database",
            "module.vpc.module.vpc.aws_network_acl.elasticache",
            "module.vpc.module.vpc.aws_network_acl.intra",
            "module.vpc.module.vpc.aws_network_acl.outpost",
            "module.vpc.module.vpc.aws_network_acl.private",
            "module.vpc.module.vpc.aws_network_acl.public",
            "module.vpc.module.vpc.aws_network_acl.redshift",
            "module.vpc.module.vpc.aws_network_acl_rule.database_inbound",
            "module.vpc.module.vpc.aws_network_acl_rule.database_outbound",
            "module.vpc.module.vpc.aws_network_acl_rule.elasticache_inbound",
            "module.vpc.module.vpc.aws_network_acl_rule.elasticache_outbound",
            "module.vpc.module.vpc.aws_network_acl_rule.intra_inbound",
            "module.vpc.module.vpc.aws_network_acl_rule.intra_outbound",
            "module.vpc.module.vpc.aws_network_acl_rule.outpost_inbound",
            "module.vpc.module.vpc.aws_network_acl_rule.outpost_outbound",
            "module.vpc.module.vpc.aws_network_acl_rule.private_inbound",
            "module.vpc.module.vpc.aws_network_acl_rule.private_outbound",
            "module.vpc.module.vpc.aws_network_acl_rule.public_inbound",
            "module.vpc.module.vpc.aws_network_acl_rule.public_outbound",
            "module.vpc.module.vpc.aws_network_acl_rule.redshift_inbound",
            "module.vpc.module.vpc.aws_network_acl_rule.redshift_outbound",
            "module.vpc.module.vpc.aws_redshift_subnet_group.redshift",
            "module.vpc.module.vpc.aws_route.database_dns64_nat_gateway",
            "module.vpc.module.vpc.aws_route.database_internet_gateway",
            "module.vpc.module.vpc.aws_route.database_ipv6_egress",
            "module.vpc.module.vpc.aws_route.database_nat_gateway",
            "module.vpc.module.vpc.aws_route.private_dns64_nat_gateway",
            "module.vpc.module.vpc.aws_route.private_ipv6_egress",
            "module.vpc.module.vpc.aws_route.private_nat_gateway",
            "module.vpc.module.vpc.aws_route.public_internet_gateway",
            "module.vpc.module.vpc.aws_route.public_internet_gateway_ipv6",
            "module.vpc.module.vpc.aws_route_table.database",
            "module.vpc.module.vpc.aws_route_table.elasticache",
            "module.vpc.module.vpc.aws_route_table.intra",
            "module.vpc.module.vpc.aws_route_table.private",
            "module.vpc.module.vpc.aws_route_table.public",
            "module.vpc.module.vpc.aws_route_table.redshift",
            "module.vpc.module.vpc.aws_route_table_association.database",
            "module.vpc.module.vpc.aws_route_table_association.elasticache",
            "module.vpc.module.vpc.aws_route_table_association.intra",
            "module.vpc.module.vpc.aws_route_table_association.outpost",
            "module.vpc.module.vpc.aws_route_table_association.private",
            "module.vpc.module.vpc.aws_route_table_association.public",
            "module.vpc.module.vpc.aws_route_table_association.redshift",
            "module.vpc.module.vpc.aws_route_table_association.redshift_public",
            "module.vpc.module.vpc.aws_subnet.database",
            "module.vpc.module.vpc.aws_subnet.elasticache",
            "module.vpc.module.vpc.aws_subnet.intra",
            "module.vpc.module.vpc.aws_subnet.outpost",
            "module.vpc.module.vpc.aws_subnet.private",
            "module.vpc.module.vpc.aws_subnet.public",
            "module.vpc.module.vpc.aws_subnet.redshift",
            "module.vpc.module.vpc.aws_vpc.this",
            "module.vpc.module.vpc.aws_vpc_dhcp_options.this",
            "module.vpc.module.vpc.aws_vpc_dhcp_options_association.this",
            "module.vpc.module.vpc.aws_vpc_ipv4_cidr_block_association.this",
            "module.vpc.module.vpc.aws_vpn_gateway.this",
            "module.vpc.module.vpc.aws_vpn_gateway_attachment.this",
            "module.vpc.module.vpc.aws_vpn_gateway_route_propagation.intra",
            "module.vpc.module.vpc.aws_vpn_gateway_route_propagation.private",
            "module.vpc.module.vpc.aws_vpn_gateway_route_propagation.public",
            "module.vpc.module.vpc.data.aws_iam_policy_document.flow_log_cloudwatch_assume_role",
            "module.vpc.module.vpc.data.aws_iam_policy_document.vpc_flow_log_cloudwatch"
          ]
        }
      ]
    },
    {
      "module": "module.ecs",
      "mode": "managed",
      "type": "aws_iam_role_policy_attachment",
      "name": "secret_manager_attachment",
      "provider": "provider[\"registry.terraform.io/hashicorp/aws\"]",
      "instances": [
        {
          "schema_version": 0,
          "attributes": {
            "id": "ecs_task_execution_role-20240317175446735900000001",
            "policy_arn": "arn:aws:iam::789264351109:policy/secret_manager_policy",
            "role": "ecs_task_execution_role"
          },
          "sensitive_attributes": [],
          "private": "bnVsbA==",
          "dependencies": [
            "module.alb.aws_alb.application_load_balancer",
            "module.alb.aws_lb_listener.listener",
            "module.alb.aws_lb_target_group.target_group",
            "module.alb.aws_security_group.alb",
            "module.ecs.aws_iam_policy.secret_manager",
            "module.ecs.aws_iam_role.ecs_task_execution_role",
            "module.vpc.aws_route.public",
            "module.vpc.aws_route_table.public",
            "module.vpc.module.vpc.aws_cloudwatch_log_group.flow_log",
            "module.vpc.module.vpc.aws_customer_gateway.this",
            "module.vpc.module.vpc.aws_db_subnet_group.database",
            "module.vpc.module.vpc.aws_default_network_acl.this",
            "module.vpc.module.vpc.aws_default_route_table.default",
            "module.vpc.module.vpc.aws_default_security_group.this",
            "module.vpc.module.vpc.aws_default_vpc.this",
            "module.vpc.module.vpc.aws_egress_only_internet_gateway.this",
            "module.vpc.module.vpc.aws_eip.nat",
            "module.vpc.module.vpc.aws_elasticache_subnet_group.elasticache",
            "module.vpc.module.vpc.aws_flow_log.this",
            "module.vpc.module.vpc.aws_iam_policy.vpc_flow_log_cloudwatch",
            "module.vpc.module.vpc.aws_iam_role.vpc_flow_log_cloudwatch",
            "module.vpc.module.vpc.aws_iam_role_policy_attachment.vpc_flow_log_cloudwatch",
            "module.vpc.module.vpc.aws_internet_gateway.this",
            "module.vpc.module.vpc.aws_nat_gateway.this",
            "module.vpc.module.vpc.aws_network_acl.database",
            "module.vpc.module.vpc.aws_network_acl.elasticache",
            "module.vpc.module.vpc.aws_network_acl.intra",
            "module.vpc.module.vpc.aws_network_acl.outpost",
            "module.vpc.module.vpc.aws_network_acl.private",
            "module.vpc.module.vpc.aws_network_acl.public",
            "module.vpc.module.vpc.aws_network_acl.redshift",
            "module.vpc.module.vpc.aws_network_acl_rule.database_inbound",
            "module.vpc.module.vpc.aws_network_acl_rule.database_outbound",
            "module.vpc.module.vpc.aws_network_acl_rule.elasticache_inbound",
            "module.vpc.module.vpc.aws_network_acl_rule.elasticache_outbound",
            "module.vpc.module.vpc.aws_network_acl_rule.intra_inbound",
            "module.vpc.module.vpc.aws_network_acl_rule.intra_outbound",
            "module.vpc.module.vpc.aws_network_acl_rule.outpost_inbound",
            "module.vpc.module.vpc.aws_network_acl_rule.outpost_outbound",
            "module.vpc.module.vpc.aws_network_acl_rule.private_inbound",
            "module.vpc.module.vpc.aws_network_acl_rule.private_outbound",
            "module.vpc.module.vpc.aws_network_acl_rule.public_inbound",
            "module.vpc.module.vpc.aws_network_acl_rule.public_outbound",
            "module.vpc.module.vpc.aws_network_acl_rule.redshift_inbound",
            "module.vpc.module.vpc.aws_network_acl_rule.redshift_outbound",
            "module.vpc.module.vpc.aws_redshift_subnet_group.redshift",
            "module.vpc.module.vpc.aws_route.database_dns64_nat_gateway",
            "module.vpc.module.vpc.aws_route.database_internet_gateway",
            "module.vpc.module.vpc.aws_route.database_ipv6_egress",
            "module.vpc.module.vpc.aws_route.database_nat_gateway",
            "module.vpc.module.vpc.aws_route.private_dns64_nat_gateway",
            "module.vpc.module.vpc.aws_route.private_ipv6_egress",
            "module.vpc.module.vpc.aws_route.private_nat_gateway",
            "module.vpc.module.vpc.aws_route.public_internet_gateway",
            "module.vpc.module.vpc.aws_route.public_internet_gateway_ipv6",
            "module.vpc.module.vpc.aws_route_table.database",
            "module.vpc.module.vpc.aws_route_table.elasticache",
            "module.vpc.module.vpc.aws_route_table.intra",
            "module.vpc.module.vpc.aws_route_table.private",
            "module.vpc.module.vpc.aws_route_table.public",
            "module.vpc.module.vpc.aws_route_table.redshift",
            "module.vpc.module.vpc.aws_route_table_association.database",
            "module.vpc.module.vpc.aws_route_table_association.elasticache",
            "module.vpc.module.vpc.aws_route_table_association.intra",
            "module.vpc.module.vpc.aws_route_table_association.outpost",
            "module.vpc.module.vpc.aws_route_table_association.private",
            "module.vpc.module.vpc.aws_route_table_association.public",
            "module.vpc.module.vpc.aws_route_table_association.redshift",
            "module.vpc.module.vpc.aws_route_table_association.redshift_public",
            "module.vpc.module.vpc.aws_subnet.database",
            "module.vpc.module.vpc.aws_subnet.elasticache",
            "module.vpc.module.vpc.aws_subnet.intra",
            "module.vpc.module.vpc.aws_subnet.outpost",
            "module.vpc.module.vpc.aws_subnet.private",
            "module.vpc.module.vpc.aws_subnet.public",
            "module.vpc.module.vpc.aws_subnet.redshift",
            "module.vpc.module.vpc.aws_vpc.this",
            "module.vpc.module.vpc.aws_vpc_dhcp_options.this",
            "module.vpc.module.vpc.aws_vpc_dhcp_options_association.this",
            "module.vpc.module.vpc.aws_vpc_ipv4_cidr_block_association.this",
            "module.vpc.module.vpc.aws_vpn_gateway.this",
            "module.vpc.module.vpc.aws_vpn_gateway_attachment.this",
            "module.vpc.module.vpc.aws_vpn_gateway_route_propagation.intra",
            "module.vpc.module.vpc.aws_vpn_gateway_route_propagation.private",
            "module.vpc.module.vpc.aws_vpn_gateway_route_propagation.public",
            "module.vpc.module.vpc.data.aws_iam_policy_document.flow_log_cloudwatch_assume_role",
            "module.vpc.module.vpc.data.aws_iam_policy_document.vpc_flow_log_cloudwatch"
          ]
        }
      ]
    },
    {
      "module": "module.ecs",
      "mode": "managed",
      "type": "aws_security_group",
      "name": "ecs_sg",
      "provider": "provider[\"registry.terraform.io/hashicorp/aws\"]",
      "instances": [
        {
          "schema_version": 1,
          "attributes": {
            "arn": "arn:aws:ec2:us-east-1:789264351109:security-group/sg-08d78d1ebd6fcbf46",
            "description": "Allow traffic to ECS",
            "egress": [
              {
                "cidr_blocks": [
                  "0.0.0.0/0"
                ],
                "description": "",
                "from_port": 0,
                "ipv6_cidr_blocks": [],
                "prefix_list_ids": [],
                "protocol": "-1",
                "security_groups": [],
                "self": false,
                "to_port": 0
              }
            ],
            "id": "sg-08d78d1ebd6fcbf46",
            "ingress": [
              {
                "cidr_blocks": [],
                "description": "",
                "from_port": 0,
                "ipv6_cidr_blocks": [],
                "prefix_list_ids": [],
                "protocol": "-1",
                "security_groups": [
                  "sg-0478737f83606ec15"
                ],
                "self": false,
                "to_port": 0
              }
            ],
            "name": "ecs-sg",
            "name_prefix": "",
            "owner_id": "789264351109",
            "revoke_rules_on_delete": false,
            "tags": {},
            "tags_all": {},
            "timeouts": null,
            "vpc_id": "vpc-03e9c28a024562e01"
          },
          "sensitive_attributes": [],
          "private": "eyJlMmJmYjczMC1lY2FhLTExZTYtOGY4OC0zNDM2M2JjN2M0YzAiOnsiY3JlYXRlIjo2MDAwMDAwMDAwMDAsImRlbGV0ZSI6OTAwMDAwMDAwMDAwfSwic2NoZW1hX3ZlcnNpb24iOiIxIn0=",
          "dependencies": [
            "module.alb.aws_alb.application_load_balancer",
            "module.alb.aws_lb_listener.listener",
            "module.alb.aws_lb_target_group.target_group",
            "module.alb.aws_security_group.alb",
            "module.vpc.aws_route.public",
            "module.vpc.aws_route_table.public",
            "module.vpc.module.vpc.aws_cloudwatch_log_group.flow_log",
            "module.vpc.module.vpc.aws_customer_gateway.this",
            "module.vpc.module.vpc.aws_db_subnet_group.database",
            "module.vpc.module.vpc.aws_default_network_acl.this",
            "module.vpc.module.vpc.aws_default_route_table.default",
            "module.vpc.module.vpc.aws_default_security_group.this",
            "module.vpc.module.vpc.aws_default_vpc.this",
            "module.vpc.module.vpc.aws_egress_only_internet_gateway.this",
            "module.vpc.module.vpc.aws_eip.nat",
            "module.vpc.module.vpc.aws_elasticache_subnet_group.elasticache",
            "module.vpc.module.vpc.aws_flow_log.this",
            "module.vpc.module.vpc.aws_iam_policy.vpc_flow_log_cloudwatch",
            "module.vpc.module.vpc.aws_iam_role.vpc_flow_log_cloudwatch",
            "module.vpc.module.vpc.aws_iam_role_policy_attachment.vpc_flow_log_cloudwatch",
            "module.vpc.module.vpc.aws_internet_gateway.this",
            "module.vpc.module.vpc.aws_nat_gateway.this",
            "module.vpc.module.vpc.aws_network_acl.database",
            "module.vpc.module.vpc.aws_network_acl.elasticache",
            "module.vpc.module.vpc.aws_network_acl.intra",
            "module.vpc.module.vpc.aws_network_acl.outpost",
            "module.vpc.module.vpc.aws_network_acl.private",
            "module.vpc.module.vpc.aws_network_acl.public",
            "module.vpc.module.vpc.aws_network_acl.redshift",
            "module.vpc.module.vpc.aws_network_acl_rule.database_inbound",
            "module.vpc.module.vpc.aws_network_acl_rule.database_outbound",
            "module.vpc.module.vpc.aws_network_acl_rule.elasticache_inbound",
            "module.vpc.module.vpc.aws_network_acl_rule.elasticache_outbound",
            "module.vpc.module.vpc.aws_network_acl_rule.intra_inbound",
            "module.vpc.module.vpc.aws_network_acl_rule.intra_outbound",
            "module.vpc.module.vpc.aws_network_acl_rule.outpost_inbound",
            "module.vpc.module.vpc.aws_network_acl_rule.outpost_outbound",
            "module.vpc.module.vpc.aws_network_acl_rule.private_inbound",
            "module.vpc.module.vpc.aws_network_acl_rule.private_outbound",
            "module.vpc.module.vpc.aws_network_acl_rule.public_inbound",
            "module.vpc.module.vpc.aws_network_acl_rule.public_outbound",
            "module.vpc.module.vpc.aws_network_acl_rule.redshift_inbound",
            "module.vpc.module.vpc.aws_network_acl_rule.redshift_outbound",
            "module.vpc.module.vpc.aws_redshift_subnet_group.redshift",
            "module.vpc.module.vpc.aws_route.database_dns64_nat_gateway",
            "module.vpc.module.vpc.aws_route.database_internet_gateway",
            "module.vpc.module.vpc.aws_route.database_ipv6_egress",
            "module.vpc.module.vpc.aws_route.database_nat_gateway",
            "module.vpc.module.vpc.aws_route.private_dns64_nat_gateway",
            "module.vpc.module.vpc.aws_route.private_ipv6_egress",
            "module.vpc.module.vpc.aws_route.private_nat_gateway",
            "module.vpc.module.vpc.aws_route.public_internet_gateway",
            "module.vpc.module.vpc.aws_route.public_internet_gateway_ipv6",
            "module.vpc.module.vpc.aws_route_table.database",
            "module.vpc.module.vpc.aws_route_table.elasticache",
            "module.vpc.module.vpc.aws_route_table.intra",
            "module.vpc.module.vpc.aws_route_table.private",
            "module.vpc.module.vpc.aws_route_table.public",
            "module.vpc.module.vpc.aws_route_table.redshift",
            "module.vpc.module.vpc.aws_route_table_association.database",
            "module.vpc.module.vpc.aws_route_table_association.elasticache",
            "module.vpc.module.vpc.aws_route_table_association.intra",
            "module.vpc.module.vpc.aws_route_table_association.outpost",
            "module.vpc.module.vpc.aws_route_table_association.private",
            "module.vpc.module.vpc.aws_route_table_association.public",
            "module.vpc.module.vpc.aws_route_table_association.redshift",
            "module.vpc.module.vpc.aws_route_table_association.redshift_public",
            "module.vpc.module.vpc.aws_subnet.database",
            "module.vpc.module.vpc.aws_subnet.elasticache",
            "module.vpc.module.vpc.aws_subnet.intra",
            "module.vpc.module.vpc.aws_subnet.outpost",
            "module.vpc.module.vpc.aws_subnet.private",
            "module.vpc.module.vpc.aws_subnet.public",
            "module.vpc.module.vpc.aws_subnet.redshift",
            "module.vpc.module.vpc.aws_vpc.this",
            "module.vpc.module.vpc.aws_vpc_dhcp_options.this",
            "module.vpc.module.vpc.aws_vpc_dhcp_options_association.this",
            "module.vpc.module.vpc.aws_vpc_ipv4_cidr_block_association.this",
            "module.vpc.module.vpc.aws_vpn_gateway.this",
            "module.vpc.module.vpc.aws_vpn_gateway_attachment.this",
            "module.vpc.module.vpc.aws_vpn_gateway_route_propagation.intra",
            "module.vpc.module.vpc.aws_vpn_gateway_route_propagation.private",
            "module.vpc.module.vpc.aws_vpn_gateway_route_propagation.public",
            "module.vpc.module.vpc.data.aws_iam_policy_document.flow_log_cloudwatch_assume_role",
            "module.vpc.module.vpc.data.aws_iam_policy_document.vpc_flow_log_cloudwatch"
          ]
        }
      ]
    },
    {
      "module": "module.kms",
      "mode": "managed",
      "type": "aws_kms_key",
      "name": "encryption_key",
      "provider": "provider[\"registry.terraform.io/hashicorp/aws\"]",
      "instances": [
        {
          "schema_version": 0,
          "attributes": {
            "arn": "arn:aws:kms:us-east-1:789264351109:key/de6096c5-8df7-44ec-9152-a49d4428b3c4",
            "bypass_policy_lockout_safety_check": false,
            "custom_key_store_id": "",
            "customer_master_key_spec": "SYMMETRIC_DEFAULT",
            "deletion_window_in_days": 30,
            "description": "This key is used to encrypt bucket objects",
            "enable_key_rotation": true,
            "id": "de6096c5-8df7-44ec-9152-a49d4428b3c4",
            "is_enabled": true,
            "key_id": "de6096c5-8df7-44ec-9152-a49d4428b3c4",
            "key_usage": "ENCRYPT_DECRYPT",
            "multi_region": false,
            "policy": "{\"Id\":\"key-default-1\",\"Statement\":[{\"Action\":\"kms:*\",\"Effect\":\"Allow\",\"Principal\":{\"AWS\":\"arn:aws:iam::789264351109:root\"},\"Resource\":\"*\",\"Sid\":\"Enable IAM User Permissions\"}],\"Version\":\"2012-10-17\"}",
            "tags": {
              "Name": "codepipeline-kms-key"
            },
            "tags_all": {
              "Name": "codepipeline-kms-key"
            },
            "timeouts": null,
            "xks_key_id": ""
          },
          "sensitive_attributes": [],
          "private": "eyJlMmJmYjczMC1lY2FhLTExZTYtOGY4OC0zNDM2M2JjN2M0YzAiOnsiY3JlYXRlIjoxMjAwMDAwMDAwMDB9fQ=="
        }
      ]
    },
    {
      "module": "module.s3",
      "mode": "managed",
      "type": "aws_s3_bucket",
      "name": "codepipeline_bucket",
      "provider": "provider[\"registry.terraform.io/hashicorp/aws\"]",
      "instances": [
        {
          "schema_version": 0,
          "attributes": {
            "acceleration_status": "",
            "acl": null,
            "arn": "arn:aws:s3:::nyu-vip-codepipeline-bucket",
            "bucket": "nyu-vip-codepipeline-bucket",
            "bucket_domain_name": "nyu-vip-codepipeline-bucket.s3.amazonaws.com",
            "bucket_prefix": "",
            "bucket_regional_domain_name": "nyu-vip-codepipeline-bucket.s3.us-east-1.amazonaws.com",
            "cors_rule": [],
            "force_destroy": true,
            "grant": [
              {
                "id": "83fd85c97ef4b39c3bc419201f14aa2dbf79d98bac8f44d2f2f6139d812237b3",
                "permissions": [
                  "FULL_CONTROL"
                ],
                "type": "CanonicalUser",
                "uri": ""
              }
            ],
            "hosted_zone_id": "Z3AQBSTGFYJSTF",
            "id": "nyu-vip-codepipeline-bucket",
            "lifecycle_rule": [],
            "logging": [],
            "object_lock_configuration": [],
            "object_lock_enabled": false,
            "policy": "",
            "region": "us-east-1",
            "replication_configuration": [],
            "request_payer": "BucketOwner",
            "server_side_encryption_configuration": [
              {
                "rule": [
                  {
                    "apply_server_side_encryption_by_default": [
                      {
                        "kms_master_key_id": "arn:aws:kms:us-east-1:789264351109:key/de6096c5-8df7-44ec-9152-a49d4428b3c4",
                        "sse_algorithm": "aws:kms"
                      }
                    ],
                    "bucket_key_enabled": false
                  }
                ]
              }
            ],
            "tags": {
              "Name": "nyu-vip-codepipeline-bucket"
            },
            "tags_all": {
              "Name": "nyu-vip-codepipeline-bucket"
            },
            "timeouts": null,
            "versioning": [
              {
                "enabled": true,
                "mfa_delete": false
              }
            ],
            "website": [],
            "website_domain": null,
            "website_endpoint": null
          },
          "sensitive_attributes": [],
          "private": "eyJlMmJmYjczMC1lY2FhLTExZTYtOGY4OC0zNDM2M2JjN2M0YzAiOnsiY3JlYXRlIjoxMjAwMDAwMDAwMDAwLCJkZWxldGUiOjM2MDAwMDAwMDAwMDAsInJlYWQiOjEyMDAwMDAwMDAwMDAsInVwZGF0ZSI6MTIwMDAwMDAwMDAwMH19"
        }
      ]
    },
    {
      "module": "module.s3",
      "mode": "managed",
      "type": "aws_s3_bucket_public_access_block",
      "name": "codepipeline_bucket_access",
      "provider": "provider[\"registry.terraform.io/hashicorp/aws\"]",
      "instances": [
        {
          "schema_version": 0,
          "attributes": {
            "block_public_acls": true,
            "block_public_policy": true,
            "bucket": "nyu-vip-codepipeline-bucket",
            "id": "nyu-vip-codepipeline-bucket",
            "ignore_public_acls": true,
            "restrict_public_buckets": true
          },
          "sensitive_attributes": [],
          "private": "bnVsbA==",
          "dependencies": [
            "module.s3.aws_s3_bucket.codepipeline_bucket"
          ]
        }
      ]
    },
    {
      "module": "module.s3",
      "mode": "managed",
      "type": "aws_s3_bucket_server_side_encryption_configuration",
      "name": "codepipeline_bucket_encryption",
      "provider": "provider[\"registry.terraform.io/hashicorp/aws\"]",
      "instances": [
        {
          "schema_version": 0,
          "attributes": {
            "bucket": "nyu-vip-codepipeline-bucket",
            "expected_bucket_owner": "",
            "id": "nyu-vip-codepipeline-bucket",
            "rule": [
              {
                "apply_server_side_encryption_by_default": [
                  {
                    "kms_master_key_id": "arn:aws:kms:us-east-1:789264351109:key/de6096c5-8df7-44ec-9152-a49d4428b3c4",
                    "sse_algorithm": "aws:kms"
                  }
                ],
                "bucket_key_enabled": false
              }
            ]
          },
          "sensitive_attributes": [],
          "private": "bnVsbA==",
          "dependencies": [
            "module.kms.aws_kms_key.encryption_key",
            "module.s3.aws_s3_bucket.codepipeline_bucket"
          ]
        }
      ]
    },
    {
      "module": "module.s3",
      "mode": "managed",
      "type": "aws_s3_bucket_versioning",
      "name": "codepipeline_bucket_versioning",
      "provider": "provider[\"registry.terraform.io/hashicorp/aws\"]",
      "instances": [
        {
          "schema_version": 0,
          "attributes": {
            "bucket": "nyu-vip-codepipeline-bucket",
            "expected_bucket_owner": "",
            "id": "nyu-vip-codepipeline-bucket",
            "mfa": null,
            "versioning_configuration": [
              {
                "mfa_delete": "",
                "status": "Enabled"
              }
            ]
          },
          "sensitive_attributes": [],
          "private": "bnVsbA==",
          "dependencies": [
            "module.s3.aws_s3_bucket.codepipeline_bucket"
          ]
        }
      ]
    },
    {
      "module": "module.vpc",
      "mode": "managed",
      "type": "aws_route",
      "name": "public",
      "provider": "provider[\"registry.terraform.io/hashicorp/aws\"]",
      "instances": [
        {
          "schema_version": 0,
          "attributes": {
            "carrier_gateway_id": "",
            "core_network_arn": "",
            "destination_cidr_block": "0.0.0.0/0",
            "destination_ipv6_cidr_block": "",
            "destination_prefix_list_id": "",
            "egress_only_gateway_id": "",
            "gateway_id": "igw-0ac10d4af4f94bc15",
            "id": "r-rtb-010b2bb021ff673b51080289494",
            "instance_id": "",
            "instance_owner_id": "",
            "local_gateway_id": "",
            "nat_gateway_id": "",
            "network_interface_id": "",
            "origin": "CreateRoute",
            "route_table_id": "rtb-010b2bb021ff673b5",
            "state": "active",
            "timeouts": null,
            "transit_gateway_id": "",
            "vpc_endpoint_id": "",
            "vpc_peering_connection_id": ""
          },
          "sensitive_attributes": [],
          "private": "eyJlMmJmYjczMC1lY2FhLTExZTYtOGY4OC0zNDM2M2JjN2M0YzAiOnsiY3JlYXRlIjozMDAwMDAwMDAwMDAsImRlbGV0ZSI6MzAwMDAwMDAwMDAwLCJ1cGRhdGUiOjEyMDAwMDAwMDAwMH19",
          "dependencies": [
            "module.vpc.aws_route_table.public",
            "module.vpc.module.vpc.aws_internet_gateway.this",
            "module.vpc.module.vpc.aws_vpc.this",
            "module.vpc.module.vpc.aws_vpc_ipv4_cidr_block_association.this"
          ]
        }
      ]
    },
    {
      "module": "module.vpc",
      "mode": "managed",
      "type": "aws_route_table",
      "name": "public",
      "provider": "provider[\"registry.terraform.io/hashicorp/aws\"]",
      "instances": [
        {
          "schema_version": 0,
          "attributes": {
            "arn": "arn:aws:ec2:us-east-1:789264351109:route-table/rtb-010b2bb021ff673b5",
            "id": "rtb-010b2bb021ff673b5",
            "owner_id": "789264351109",
            "propagating_vgws": [],
            "route": [
              {
                "carrier_gateway_id": "",
                "cidr_block": "0.0.0.0/0",
                "core_network_arn": "",
                "destination_prefix_list_id": "",
                "egress_only_gateway_id": "",
                "gateway_id": "igw-0ac10d4af4f94bc15",
                "ipv6_cidr_block": "",
                "local_gateway_id": "",
                "nat_gateway_id": "",
                "network_interface_id": "",
                "transit_gateway_id": "",
                "vpc_endpoint_id": "",
                "vpc_peering_connection_id": ""
              }
            ],
            "tags": {},
            "tags_all": {},
            "timeouts": null,
            "vpc_id": "vpc-03e9c28a024562e01"
          },
          "sensitive_attributes": [],
          "private": "eyJlMmJmYjczMC1lY2FhLTExZTYtOGY4OC0zNDM2M2JjN2M0YzAiOnsiY3JlYXRlIjozMDAwMDAwMDAwMDAsImRlbGV0ZSI6MzAwMDAwMDAwMDAwLCJ1cGRhdGUiOjEyMDAwMDAwMDAwMH19",
          "dependencies": [
            "module.vpc.module.vpc.aws_vpc.this"
          ]
        }
      ]
    },
    {
      "module": "module.vpc.module.vpc",
      "mode": "managed",
      "type": "aws_default_network_acl",
      "name": "this",
      "provider": "provider[\"registry.terraform.io/hashicorp/aws\"]",
      "instances": [
        {
          "index_key": 0,
          "schema_version": 0,
          "attributes": {
            "arn": "arn:aws:ec2:us-east-1:789264351109:network-acl/acl-09f5cb6f1e5d5ea31",
            "default_network_acl_id": "acl-09f5cb6f1e5d5ea31",
            "egress": [
              {
                "action": "allow",
                "cidr_block": "",
                "from_port": 0,
                "icmp_code": 0,
                "icmp_type": 0,
                "ipv6_cidr_block": "::/0",
                "protocol": "-1",
                "rule_no": 101,
                "to_port": 0
              },
              {
                "action": "allow",
                "cidr_block": "0.0.0.0/0",
                "from_port": 0,
                "icmp_code": 0,
                "icmp_type": 0,
                "ipv6_cidr_block": "",
                "protocol": "-1",
                "rule_no": 100,
                "to_port": 0
              }
            ],
            "id": "acl-09f5cb6f1e5d5ea31",
            "ingress": [
              {
                "action": "allow",
                "cidr_block": "",
                "from_port": 0,
                "icmp_code": 0,
                "icmp_type": 0,
                "ipv6_cidr_block": "::/0",
                "protocol": "-1",
                "rule_no": 101,
                "to_port": 0
              },
              {
                "action": "allow",
                "cidr_block": "0.0.0.0/0",
                "from_port": 0,
                "icmp_code": 0,
                "icmp_type": 0,
                "ipv6_cidr_block": "",
                "protocol": "-1",
                "rule_no": 100,
                "to_port": 0
              }
            ],
            "owner_id": "789264351109",
            "subnet_ids": [
              "subnet-0155ec1de901b1302",
              "subnet-06e5a85b2db05cf86",
              "subnet-0965bebde9cc7c5cc",
              "subnet-0d92bee3671d7f38a"
            ],
            "tags": {
              "Environment": "dev",
              "Name": "nyu-al-vpc-default",
              "Owner": "NYU"
            },
            "tags_all": {
              "Environment": "dev",
              "Name": "nyu-al-vpc-default",
              "Owner": "NYU"
            },
            "vpc_id": "vpc-03e9c28a024562e01"
          },
          "sensitive_attributes": [],
          "private": "bnVsbA==",
          "dependencies": [
            "module.vpc.module.vpc.aws_vpc.this"
          ]
        }
      ]
    },
    {
      "module": "module.vpc.module.vpc",
      "mode": "managed",
      "type": "aws_default_route_table",
      "name": "default",
      "provider": "provider[\"registry.terraform.io/hashicorp/aws\"]",
      "instances": [
        {
          "index_key": 0,
          "schema_version": 0,
          "attributes": {
            "arn": "arn:aws:ec2:us-east-1:789264351109:route-table/rtb-06c71b3edafd61ae6",
            "default_route_table_id": "rtb-06c71b3edafd61ae6",
            "id": "rtb-06c71b3edafd61ae6",
            "owner_id": "789264351109",
            "propagating_vgws": [],
            "route": [],
            "tags": {
              "Environment": "dev",
              "Name": "nyu-al-vpc-default",
              "Owner": "NYU"
            },
            "tags_all": {
              "Environment": "dev",
              "Name": "nyu-al-vpc-default",
              "Owner": "NYU"
            },
            "timeouts": {
              "create": "5m",
              "update": "5m"
            },
            "vpc_id": "vpc-03e9c28a024562e01"
          },
          "sensitive_attributes": [],
          "private": "eyJlMmJmYjczMC1lY2FhLTExZTYtOGY4OC0zNDM2M2JjN2M0YzAiOnsiY3JlYXRlIjozMDAwMDAwMDAwMDAsInVwZGF0ZSI6MzAwMDAwMDAwMDAwfX0=",
          "dependencies": [
            "module.vpc.module.vpc.aws_vpc.this"
          ]
        }
      ]
    },
    {
      "module": "module.vpc.module.vpc",
      "mode": "managed",
      "type": "aws_default_security_group",
      "name": "this",
      "provider": "provider[\"registry.terraform.io/hashicorp/aws\"]",
      "instances": [
        {
          "index_key": 0,
          "schema_version": 1,
          "attributes": {
            "arn": "arn:aws:ec2:us-east-1:789264351109:security-group/sg-0a89350e10bc7ea54",
            "description": "default VPC security group",
            "egress": [],
            "id": "sg-0a89350e10bc7ea54",
            "ingress": [],
            "name": "default",
            "name_prefix": "",
            "owner_id": "789264351109",
            "revoke_rules_on_delete": false,
            "tags": {
              "Environment": "dev",
              "Name": "nyu-al-vpc-default",
              "Owner": "NYU"
            },
            "tags_all": {
              "Environment": "dev",
              "Name": "nyu-al-vpc-default",
              "Owner": "NYU"
            },
            "vpc_id": "vpc-03e9c28a024562e01"
          },
          "sensitive_attributes": [],
          "private": "eyJzY2hlbWFfdmVyc2lvbiI6IjEifQ==",
          "dependencies": [
            "module.vpc.module.vpc.aws_vpc.this"
          ]
        }
      ]
    },
    {
      "module": "module.vpc.module.vpc",
      "mode": "managed",
      "type": "aws_eip",
      "name": "nat",
      "provider": "provider[\"registry.terraform.io/hashicorp/aws\"]",
      "instances": [
        {
          "index_key": 0,
          "schema_version": 0,
          "attributes": {
            "address": null,
            "allocation_id": "eipalloc-0abb9bd0a36da9902",
            "associate_with_private_ip": null,
            "association_id": "eipassoc-02d9b0175d4f5d7ee",
            "carrier_ip": "",
            "customer_owned_ip": "",
            "customer_owned_ipv4_pool": "",
            "domain": "vpc",
            "id": "eipalloc-0abb9bd0a36da9902",
            "instance": "",
            "network_border_group": "us-east-1",
            "network_interface": "eni-0854680bc53177341",
            "private_dns": "ip-10-0-101-201.ec2.internal",
            "private_ip": "10.0.101.201",
            "public_dns": "ec2-44-208-42-238.compute-1.amazonaws.com",
            "public_ip": "44.208.42.238",
            "public_ipv4_pool": "amazon",
            "tags": {
              "Environment": "dev",
              "Name": "nyu-al-vpc-us-east-1a",
              "Owner": "NYU"
            },
            "tags_all": {
              "Environment": "dev",
              "Name": "nyu-al-vpc-us-east-1a",
              "Owner": "NYU"
            },
            "timeouts": null,
            "vpc": true
          },
          "sensitive_attributes": [],
          "private": "eyJlMmJmYjczMC1lY2FhLTExZTYtOGY4OC0zNDM2M2JjN2M0YzAiOnsiZGVsZXRlIjoxODAwMDAwMDAwMDAsInJlYWQiOjkwMDAwMDAwMDAwMCwidXBkYXRlIjozMDAwMDAwMDAwMDB9fQ==",
          "dependencies": [
            "module.vpc.module.vpc.aws_internet_gateway.this",
            "module.vpc.module.vpc.aws_vpc.this",
            "module.vpc.module.vpc.aws_vpc_ipv4_cidr_block_association.this"
          ]
        }
      ]
    },
    {
      "module": "module.vpc.module.vpc",
      "mode": "managed",
      "type": "aws_internet_gateway",
      "name": "this",
      "provider": "provider[\"registry.terraform.io/hashicorp/aws\"]",
      "instances": [
        {
          "index_key": 0,
          "schema_version": 0,
          "attributes": {
            "arn": "arn:aws:ec2:us-east-1:789264351109:internet-gateway/igw-0ac10d4af4f94bc15",
            "id": "igw-0ac10d4af4f94bc15",
            "owner_id": "789264351109",
            "tags": {
              "Environment": "dev",
              "Name": "nyu-al-vpc",
              "Owner": "NYU"
            },
            "tags_all": {
              "Environment": "dev",
              "Name": "nyu-al-vpc",
              "Owner": "NYU"
            },
            "timeouts": null,
            "vpc_id": "vpc-03e9c28a024562e01"
          },
          "sensitive_attributes": [],
          "private": "eyJlMmJmYjczMC1lY2FhLTExZTYtOGY4OC0zNDM2M2JjN2M0YzAiOnsiY3JlYXRlIjoxMjAwMDAwMDAwMDAwLCJkZWxldGUiOjEyMDAwMDAwMDAwMDAsInVwZGF0ZSI6MTIwMDAwMDAwMDAwMH19",
          "dependencies": [
            "module.vpc.module.vpc.aws_vpc.this",
            "module.vpc.module.vpc.aws_vpc_ipv4_cidr_block_association.this"
          ]
        }
      ]
    },
    {
      "module": "module.vpc.module.vpc",
      "mode": "managed",
      "type": "aws_nat_gateway",
      "name": "this",
      "provider": "provider[\"registry.terraform.io/hashicorp/aws\"]",
      "instances": [
        {
          "index_key": 0,
          "schema_version": 0,
          "attributes": {
            "allocation_id": "eipalloc-0abb9bd0a36da9902",
            "association_id": "eipassoc-02d9b0175d4f5d7ee",
            "connectivity_type": "public",
            "id": "nat-086fafa5fe7d05695",
            "network_interface_id": "eni-0854680bc53177341",
            "private_ip": "10.0.101.201",
            "public_ip": "44.208.42.238",
            "secondary_allocation_ids": [],
            "secondary_private_ip_address_count": 0,
            "secondary_private_ip_addresses": [],
            "subnet_id": "subnet-06e5a85b2db05cf86",
            "tags": {
              "Environment": "dev",
              "Name": "nyu-al-vpc-us-east-1a",
              "Owner": "NYU"
            },
            "tags_all": {
              "Environment": "dev",
              "Name": "nyu-al-vpc-us-east-1a",
              "Owner": "NYU"
            },
            "timeouts": null
          },
          "sensitive_attributes": [],
          "private": "eyJlMmJmYjczMC1lY2FhLTExZTYtOGY4OC0zNDM2M2JjN2M0YzAiOnsiY3JlYXRlIjo2MDAwMDAwMDAwMDAsImRlbGV0ZSI6MTgwMDAwMDAwMDAwMCwidXBkYXRlIjo2MDAwMDAwMDAwMDB9fQ==",
          "dependencies": [
            "module.vpc.module.vpc.aws_eip.nat",
            "module.vpc.module.vpc.aws_internet_gateway.this",
            "module.vpc.module.vpc.aws_subnet.public",
            "module.vpc.module.vpc.aws_vpc.this",
            "module.vpc.module.vpc.aws_vpc_ipv4_cidr_block_association.this"
          ]
        }
      ]
    },
    {
      "module": "module.vpc.module.vpc",
      "mode": "managed",
      "type": "aws_route",
      "name": "private_nat_gateway",
      "provider": "provider[\"registry.terraform.io/hashicorp/aws\"]",
      "instances": [
        {
          "index_key": 0,
          "schema_version": 0,
          "attributes": {
            "carrier_gateway_id": "",
            "core_network_arn": "",
            "destination_cidr_block": "0.0.0.0/0",
            "destination_ipv6_cidr_block": "",
            "destination_prefix_list_id": "",
            "egress_only_gateway_id": "",
            "gateway_id": "",
            "id": "r-rtb-07168c1f3657eadb51080289494",
            "instance_id": "",
            "instance_owner_id": "",
            "local_gateway_id": "",
            "nat_gateway_id": "nat-086fafa5fe7d05695",
            "network_interface_id": "",
            "origin": "CreateRoute",
            "route_table_id": "rtb-07168c1f3657eadb5",
            "state": "active",
            "timeouts": {
              "create": "5m",
              "delete": null,
              "update": null
            },
            "transit_gateway_id": "",
            "vpc_endpoint_id": "",
            "vpc_peering_connection_id": ""
          },
          "sensitive_attributes": [],
          "private": "eyJlMmJmYjczMC1lY2FhLTExZTYtOGY4OC0zNDM2M2JjN2M0YzAiOnsiY3JlYXRlIjozMDAwMDAwMDAwMDAsImRlbGV0ZSI6MzAwMDAwMDAwMDAwLCJ1cGRhdGUiOjEyMDAwMDAwMDAwMH19",
          "dependencies": [
            "module.vpc.module.vpc.aws_eip.nat",
            "module.vpc.module.vpc.aws_internet_gateway.this",
            "module.vpc.module.vpc.aws_nat_gateway.this",
            "module.vpc.module.vpc.aws_route_table.private",
            "module.vpc.module.vpc.aws_subnet.public",
            "module.vpc.module.vpc.aws_vpc.this",
            "module.vpc.module.vpc.aws_vpc_ipv4_cidr_block_association.this"
          ]
        }
      ]
    },
    {
      "module": "module.vpc.module.vpc",
      "mode": "managed",
      "type": "aws_route",
      "name": "public_internet_gateway",
      "provider": "provider[\"registry.terraform.io/hashicorp/aws\"]",
      "instances": [
        {
          "index_key": 0,
          "schema_version": 0,
          "attributes": {
            "carrier_gateway_id": "",
            "core_network_arn": "",
            "destination_cidr_block": "0.0.0.0/0",
            "destination_ipv6_cidr_block": "",
            "destination_prefix_list_id": "",
            "egress_only_gateway_id": "",
            "gateway_id": "igw-0ac10d4af4f94bc15",
            "id": "r-rtb-0527231ca9e8a44a71080289494",
            "instance_id": "",
            "instance_owner_id": "",
            "local_gateway_id": "",
            "nat_gateway_id": "",
            "network_interface_id": "",
            "origin": "CreateRoute",
            "route_table_id": "rtb-0527231ca9e8a44a7",
            "state": "active",
            "timeouts": {
              "create": "5m",
              "delete": null,
              "update": null
            },
            "transit_gateway_id": "",
            "vpc_endpoint_id": "",
            "vpc_peering_connection_id": ""
          },
          "sensitive_attributes": [],
          "private": "eyJlMmJmYjczMC1lY2FhLTExZTYtOGY4OC0zNDM2M2JjN2M0YzAiOnsiY3JlYXRlIjozMDAwMDAwMDAwMDAsImRlbGV0ZSI6MzAwMDAwMDAwMDAwLCJ1cGRhdGUiOjEyMDAwMDAwMDAwMH19",
          "dependencies": [
            "module.vpc.module.vpc.aws_internet_gateway.this",
            "module.vpc.module.vpc.aws_route_table.public",
            "module.vpc.module.vpc.aws_vpc.this",
            "module.vpc.module.vpc.aws_vpc_ipv4_cidr_block_association.this"
          ]
        }
      ]
    },
    {
      "module": "module.vpc.module.vpc",
      "mode": "managed",
      "type": "aws_route_table",
      "name": "private",
      "provider": "provider[\"registry.terraform.io/hashicorp/aws\"]",
      "instances": [
        {
          "index_key": 0,
          "schema_version": 0,
          "attributes": {
            "arn": "arn:aws:ec2:us-east-1:789264351109:route-table/rtb-07168c1f3657eadb5",
            "id": "rtb-07168c1f3657eadb5",
            "owner_id": "789264351109",
            "propagating_vgws": [],
            "route": [
              {
                "carrier_gateway_id": "",
                "cidr_block": "0.0.0.0/0",
                "core_network_arn": "",
                "destination_prefix_list_id": "",
                "egress_only_gateway_id": "",
                "gateway_id": "",
                "ipv6_cidr_block": "",
                "local_gateway_id": "",
                "nat_gateway_id": "nat-086fafa5fe7d05695",
                "network_interface_id": "",
                "transit_gateway_id": "",
                "vpc_endpoint_id": "",
                "vpc_peering_connection_id": ""
              }
            ],
            "tags": {
              "Environment": "dev",
              "Name": "nyu-al-vpc-private",
              "Owner": "NYU"
            },
            "tags_all": {
              "Environment": "dev",
              "Name": "nyu-al-vpc-private",
              "Owner": "NYU"
            },
            "timeouts": null,
            "vpc_id": "vpc-03e9c28a024562e01"
          },
          "sensitive_attributes": [],
          "private": "eyJlMmJmYjczMC1lY2FhLTExZTYtOGY4OC0zNDM2M2JjN2M0YzAiOnsiY3JlYXRlIjozMDAwMDAwMDAwMDAsImRlbGV0ZSI6MzAwMDAwMDAwMDAwLCJ1cGRhdGUiOjEyMDAwMDAwMDAwMH19",
          "dependencies": [
            "module.vpc.module.vpc.aws_vpc.this",
            "module.vpc.module.vpc.aws_vpc_ipv4_cidr_block_association.this"
          ]
        }
      ]
    },
    {
      "module": "module.vpc.module.vpc",
      "mode": "managed",
      "type": "aws_route_table",
      "name": "public",
      "provider": "provider[\"registry.terraform.io/hashicorp/aws\"]",
      "instances": [
        {
          "index_key": 0,
          "schema_version": 0,
          "attributes": {
            "arn": "arn:aws:ec2:us-east-1:789264351109:route-table/rtb-0527231ca9e8a44a7",
            "id": "rtb-0527231ca9e8a44a7",
            "owner_id": "789264351109",
            "propagating_vgws": [],
            "route": [
              {
                "carrier_gateway_id": "",
                "cidr_block": "0.0.0.0/0",
                "core_network_arn": "",
                "destination_prefix_list_id": "",
                "egress_only_gateway_id": "",
                "gateway_id": "igw-0ac10d4af4f94bc15",
                "ipv6_cidr_block": "",
                "local_gateway_id": "",
                "nat_gateway_id": "",
                "network_interface_id": "",
                "transit_gateway_id": "",
                "vpc_endpoint_id": "",
                "vpc_peering_connection_id": ""
              }
            ],
            "tags": {
              "Environment": "dev",
              "Name": "nyu-al-vpc-public",
              "Owner": "NYU"
            },
            "tags_all": {
              "Environment": "dev",
              "Name": "nyu-al-vpc-public",
              "Owner": "NYU"
            },
            "timeouts": null,
            "vpc_id": "vpc-03e9c28a024562e01"
          },
          "sensitive_attributes": [],
          "private": "eyJlMmJmYjczMC1lY2FhLTExZTYtOGY4OC0zNDM2M2JjN2M0YzAiOnsiY3JlYXRlIjozMDAwMDAwMDAwMDAsImRlbGV0ZSI6MzAwMDAwMDAwMDAwLCJ1cGRhdGUiOjEyMDAwMDAwMDAwMH19",
          "dependencies": [
            "module.vpc.module.vpc.aws_vpc.this",
            "module.vpc.module.vpc.aws_vpc_ipv4_cidr_block_association.this"
          ]
        }
      ]
    },
    {
      "module": "module.vpc.module.vpc",
      "mode": "managed",
      "type": "aws_route_table_association",
      "name": "private",
      "provider": "provider[\"registry.terraform.io/hashicorp/aws\"]",
      "instances": [
        {
          "index_key": 0,
          "schema_version": 0,
          "attributes": {
            "gateway_id": "",
            "id": "rtbassoc-07375c32e8857ab8f",
            "route_table_id": "rtb-07168c1f3657eadb5",
            "subnet_id": "subnet-0d92bee3671d7f38a",
            "timeouts": null
          },
          "sensitive_attributes": [],
          "private": "eyJlMmJmYjczMC1lY2FhLTExZTYtOGY4OC0zNDM2M2JjN2M0YzAiOnsiY3JlYXRlIjozMDAwMDAwMDAwMDAsImRlbGV0ZSI6MzAwMDAwMDAwMDAwLCJ1cGRhdGUiOjEyMDAwMDAwMDAwMH19",
          "dependencies": [
            "module.vpc.module.vpc.aws_route_table.private",
            "module.vpc.module.vpc.aws_subnet.private",
            "module.vpc.module.vpc.aws_vpc.this",
            "module.vpc.module.vpc.aws_vpc_ipv4_cidr_block_association.this"
          ]
        },
        {
          "index_key": 1,
          "schema_version": 0,
          "attributes": {
            "gateway_id": "",
            "id": "rtbassoc-0ab6c19d6afa12357",
            "route_table_id": "rtb-07168c1f3657eadb5",
            "subnet_id": "subnet-0965bebde9cc7c5cc",
            "timeouts": null
          },
          "sensitive_attributes": [],
          "private": "eyJlMmJmYjczMC1lY2FhLTExZTYtOGY4OC0zNDM2M2JjN2M0YzAiOnsiY3JlYXRlIjozMDAwMDAwMDAwMDAsImRlbGV0ZSI6MzAwMDAwMDAwMDAwLCJ1cGRhdGUiOjEyMDAwMDAwMDAwMH19",
          "dependencies": [
            "module.vpc.module.vpc.aws_route_table.private",
            "module.vpc.module.vpc.aws_subnet.private",
            "module.vpc.module.vpc.aws_vpc.this",
            "module.vpc.module.vpc.aws_vpc_ipv4_cidr_block_association.this"
          ]
        }
      ]
    },
    {
      "module": "module.vpc.module.vpc",
      "mode": "managed",
      "type": "aws_route_table_association",
      "name": "public",
      "provider": "provider[\"registry.terraform.io/hashicorp/aws\"]",
      "instances": [
        {
          "index_key": 0,
          "schema_version": 0,
          "attributes": {
            "gateway_id": "",
            "id": "rtbassoc-03562636307ddaab5",
            "route_table_id": "rtb-0527231ca9e8a44a7",
            "subnet_id": "subnet-06e5a85b2db05cf86",
            "timeouts": null
          },
          "sensitive_attributes": [],
          "private": "eyJlMmJmYjczMC1lY2FhLTExZTYtOGY4OC0zNDM2M2JjN2M0YzAiOnsiY3JlYXRlIjozMDAwMDAwMDAwMDAsImRlbGV0ZSI6MzAwMDAwMDAwMDAwLCJ1cGRhdGUiOjEyMDAwMDAwMDAwMH19",
          "dependencies": [
            "module.vpc.module.vpc.aws_route_table.public",
            "module.vpc.module.vpc.aws_subnet.public",
            "module.vpc.module.vpc.aws_vpc.this",
            "module.vpc.module.vpc.aws_vpc_ipv4_cidr_block_association.this"
          ]
        },
        {
          "index_key": 1,
          "schema_version": 0,
          "attributes": {
            "gateway_id": "",
            "id": "rtbassoc-0b2996a908c402af7",
            "route_table_id": "rtb-0527231ca9e8a44a7",
            "subnet_id": "subnet-0155ec1de901b1302",
            "timeouts": null
          },
          "sensitive_attributes": [],
          "private": "eyJlMmJmYjczMC1lY2FhLTExZTYtOGY4OC0zNDM2M2JjN2M0YzAiOnsiY3JlYXRlIjozMDAwMDAwMDAwMDAsImRlbGV0ZSI6MzAwMDAwMDAwMDAwLCJ1cGRhdGUiOjEyMDAwMDAwMDAwMH19",
          "dependencies": [
            "module.vpc.module.vpc.aws_route_table.public",
            "module.vpc.module.vpc.aws_subnet.public",
            "module.vpc.module.vpc.aws_vpc.this",
            "module.vpc.module.vpc.aws_vpc_ipv4_cidr_block_association.this"
          ]
        }
      ]
    },
    {
      "module": "module.vpc.module.vpc",
      "mode": "managed",
      "type": "aws_subnet",
      "name": "private",
      "provider": "provider[\"registry.terraform.io/hashicorp/aws\"]",
      "instances": [
        {
          "index_key": 0,
          "schema_version": 1,
          "attributes": {
            "arn": "arn:aws:ec2:us-east-1:789264351109:subnet/subnet-0d92bee3671d7f38a",
            "assign_ipv6_address_on_creation": false,
            "availability_zone": "us-east-1a",
            "availability_zone_id": "use1-az1",
            "cidr_block": "10.0.1.0/24",
            "customer_owned_ipv4_pool": "",
            "enable_dns64": false,
            "enable_lni_at_device_index": 0,
            "enable_resource_name_dns_a_record_on_launch": false,
            "enable_resource_name_dns_aaaa_record_on_launch": false,
            "id": "subnet-0d92bee3671d7f38a",
            "ipv6_cidr_block": "",
            "ipv6_cidr_block_association_id": "",
            "ipv6_native": false,
            "map_customer_owned_ip_on_launch": false,
            "map_public_ip_on_launch": false,
            "outpost_arn": "",
            "owner_id": "789264351109",
            "private_dns_hostname_type_on_launch": "ip-name",
            "tags": {
              "Environment": "dev",
              "Name": "nyu-al-vpc-private-us-east-1a",
              "Owner": "NYU",
              "Type": "Private Subnets"
            },
            "tags_all": {
              "Environment": "dev",
              "Name": "nyu-al-vpc-private-us-east-1a",
              "Owner": "NYU",
              "Type": "Private Subnets"
            },
            "timeouts": null,
            "vpc_id": "vpc-03e9c28a024562e01"
          },
          "sensitive_attributes": [],
          "private": "eyJlMmJmYjczMC1lY2FhLTExZTYtOGY4OC0zNDM2M2JjN2M0YzAiOnsiY3JlYXRlIjo2MDAwMDAwMDAwMDAsImRlbGV0ZSI6MTIwMDAwMDAwMDAwMH0sInNjaGVtYV92ZXJzaW9uIjoiMSJ9",
          "dependencies": [
            "module.vpc.module.vpc.aws_vpc.this",
            "module.vpc.module.vpc.aws_vpc_ipv4_cidr_block_association.this"
          ]
        },
        {
          "index_key": 1,
          "schema_version": 1,
          "attributes": {
            "arn": "arn:aws:ec2:us-east-1:789264351109:subnet/subnet-0965bebde9cc7c5cc",
            "assign_ipv6_address_on_creation": false,
            "availability_zone": "us-east-1b",
            "availability_zone_id": "use1-az2",
            "cidr_block": "10.0.2.0/24",
            "customer_owned_ipv4_pool": "",
            "enable_dns64": false,
            "enable_lni_at_device_index": 0,
            "enable_resource_name_dns_a_record_on_launch": false,
            "enable_resource_name_dns_aaaa_record_on_launch": false,
            "id": "subnet-0965bebde9cc7c5cc",
            "ipv6_cidr_block": "",
            "ipv6_cidr_block_association_id": "",
            "ipv6_native": false,
            "map_customer_owned_ip_on_launch": false,
            "map_public_ip_on_launch": false,
            "outpost_arn": "",
            "owner_id": "789264351109",
            "private_dns_hostname_type_on_launch": "ip-name",
            "tags": {
              "Environment": "dev",
              "Name": "nyu-al-vpc-private-us-east-1b",
              "Owner": "NYU",
              "Type": "Private Subnets"
            },
            "tags_all": {
              "Environment": "dev",
              "Name": "nyu-al-vpc-private-us-east-1b",
              "Owner": "NYU",
              "Type": "Private Subnets"
            },
            "timeouts": null,
            "vpc_id": "vpc-03e9c28a024562e01"
          },
          "sensitive_attributes": [],
          "private": "eyJlMmJmYjczMC1lY2FhLTExZTYtOGY4OC0zNDM2M2JjN2M0YzAiOnsiY3JlYXRlIjo2MDAwMDAwMDAwMDAsImRlbGV0ZSI6MTIwMDAwMDAwMDAwMH0sInNjaGVtYV92ZXJzaW9uIjoiMSJ9",
          "dependencies": [
            "module.vpc.module.vpc.aws_vpc.this",
            "module.vpc.module.vpc.aws_vpc_ipv4_cidr_block_association.this"
          ]
        }
      ]
    },
    {
      "module": "module.vpc.module.vpc",
      "mode": "managed",
      "type": "aws_subnet",
      "name": "public",
      "provider": "provider[\"registry.terraform.io/hashicorp/aws\"]",
      "instances": [
        {
          "index_key": 0,
          "schema_version": 1,
          "attributes": {
            "arn": "arn:aws:ec2:us-east-1:789264351109:subnet/subnet-06e5a85b2db05cf86",
            "assign_ipv6_address_on_creation": false,
            "availability_zone": "us-east-1a",
            "availability_zone_id": "use1-az1",
            "cidr_block": "10.0.101.0/24",
            "customer_owned_ipv4_pool": "",
            "enable_dns64": false,
            "enable_lni_at_device_index": 0,
            "enable_resource_name_dns_a_record_on_launch": false,
            "enable_resource_name_dns_aaaa_record_on_launch": false,
            "id": "subnet-06e5a85b2db05cf86",
            "ipv6_cidr_block": "",
            "ipv6_cidr_block_association_id": "",
            "ipv6_native": false,
            "map_customer_owned_ip_on_launch": false,
            "map_public_ip_on_launch": true,
            "outpost_arn": "",
            "owner_id": "789264351109",
            "private_dns_hostname_type_on_launch": "ip-name",
            "tags": {
              "Environment": "dev",
              "Name": "nyu-al-vpc-public-us-east-1a",
              "Owner": "NYU",
              "Type": "Public Subnets",
              "map_public_ip_on_launch": "true"
            },
            "tags_all": {
              "Environment": "dev",
              "Name": "nyu-al-vpc-public-us-east-1a",
              "Owner": "NYU",
              "Type": "Public Subnets",
              "map_public_ip_on_launch": "true"
            },
            "timeouts": null,
            "vpc_id": "vpc-03e9c28a024562e01"
          },
          "sensitive_attributes": [],
          "private": "eyJlMmJmYjczMC1lY2FhLTExZTYtOGY4OC0zNDM2M2JjN2M0YzAiOnsiY3JlYXRlIjo2MDAwMDAwMDAwMDAsImRlbGV0ZSI6MTIwMDAwMDAwMDAwMH0sInNjaGVtYV92ZXJzaW9uIjoiMSJ9",
          "dependencies": [
            "module.vpc.module.vpc.aws_vpc.this",
            "module.vpc.module.vpc.aws_vpc_ipv4_cidr_block_association.this"
          ]
        },
        {
          "index_key": 1,
          "schema_version": 1,
          "attributes": {
            "arn": "arn:aws:ec2:us-east-1:789264351109:subnet/subnet-0155ec1de901b1302",
            "assign_ipv6_address_on_creation": false,
            "availability_zone": "us-east-1b",
            "availability_zone_id": "use1-az2",
            "cidr_block": "10.0.102.0/24",
            "customer_owned_ipv4_pool": "",
            "enable_dns64": false,
            "enable_lni_at_device_index": 0,
            "enable_resource_name_dns_a_record_on_launch": false,
            "enable_resource_name_dns_aaaa_record_on_launch": false,
            "id": "subnet-0155ec1de901b1302",
            "ipv6_cidr_block": "",
            "ipv6_cidr_block_association_id": "",
            "ipv6_native": false,
            "map_customer_owned_ip_on_launch": false,
            "map_public_ip_on_launch": true,
            "outpost_arn": "",
            "owner_id": "789264351109",
            "private_dns_hostname_type_on_launch": "ip-name",
            "tags": {
              "Environment": "dev",
              "Name": "nyu-al-vpc-public-us-east-1b",
              "Owner": "NYU",
              "Type": "Public Subnets",
              "map_public_ip_on_launch": "true"
            },
            "tags_all": {
              "Environment": "dev",
              "Name": "nyu-al-vpc-public-us-east-1b",
              "Owner": "NYU",
              "Type": "Public Subnets",
              "map_public_ip_on_launch": "true"
            },
            "timeouts": null,
            "vpc_id": "vpc-03e9c28a024562e01"
          },
          "sensitive_attributes": [],
          "private": "eyJlMmJmYjczMC1lY2FhLTExZTYtOGY4OC0zNDM2M2JjN2M0YzAiOnsiY3JlYXRlIjo2MDAwMDAwMDAwMDAsImRlbGV0ZSI6MTIwMDAwMDAwMDAwMH0sInNjaGVtYV92ZXJzaW9uIjoiMSJ9",
          "dependencies": [
            "module.vpc.module.vpc.aws_vpc.this",
            "module.vpc.module.vpc.aws_vpc_ipv4_cidr_block_association.this"
          ]
        }
      ]
    },
    {
      "module": "module.vpc.module.vpc",
      "mode": "managed",
      "type": "aws_vpc",
      "name": "this",
      "provider": "provider[\"registry.terraform.io/hashicorp/aws\"]",
      "instances": [
        {
          "index_key": 0,
          "schema_version": 1,
          "attributes": {
            "arn": "arn:aws:ec2:us-east-1:789264351109:vpc/vpc-03e9c28a024562e01",
            "assign_generated_ipv6_cidr_block": false,
            "cidr_block": "10.0.0.0/16",
            "default_network_acl_id": "acl-09f5cb6f1e5d5ea31",
            "default_route_table_id": "rtb-06c71b3edafd61ae6",
            "default_security_group_id": "sg-0a89350e10bc7ea54",
            "dhcp_options_id": "dopt-06c860eb57baab26c",
            "enable_dns_hostnames": true,
            "enable_dns_support": true,
            "enable_network_address_usage_metrics": false,
            "id": "vpc-03e9c28a024562e01",
            "instance_tenancy": "default",
            "ipv4_ipam_pool_id": null,
            "ipv4_netmask_length": null,
            "ipv6_association_id": "",
            "ipv6_cidr_block": "",
            "ipv6_cidr_block_network_border_group": "",
            "ipv6_ipam_pool_id": "",
            "ipv6_netmask_length": 0,
            "main_route_table_id": "rtb-06c71b3edafd61ae6",
            "owner_id": "789264351109",
            "tags": {
              "Environment": "dev",
              "Name": "nyu-al-vpc",
              "Owner": "NYU"
            },
            "tags_all": {
              "Environment": "dev",
              "Name": "nyu-al-vpc",
              "Owner": "NYU"
            }
          },
          "sensitive_attributes": [],
          "private": "eyJzY2hlbWFfdmVyc2lvbiI6IjEifQ=="
        }
      ]
    },
    {
      "module": "module.vpc.module.vpc",
      "mode": "managed",
      "type": "aws_vpc_dhcp_options",
      "name": "this",
      "provider": "provider[\"registry.terraform.io/hashicorp/aws\"]",
      "instances": [
        {
          "index_key": 0,
          "schema_version": 0,
          "attributes": {
            "arn": "arn:aws:ec2:us-east-1:789264351109:dhcp-options/dopt-06c860eb57baab26c",
            "domain_name": "",
            "domain_name_servers": [
              "AmazonProvidedDNS"
            ],
            "id": "dopt-06c860eb57baab26c",
            "netbios_name_servers": [],
            "netbios_node_type": "",
            "ntp_servers": [],
            "owner_id": "789264351109",
            "tags": {
              "Environment": "dev",
              "Name": "nyu-al-vpc",
              "Owner": "NYU"
            },
            "tags_all": {
              "Environment": "dev",
              "Name": "nyu-al-vpc",
              "Owner": "NYU"
            }
          },
          "sensitive_attributes": [],
          "private": "bnVsbA=="
        }
      ]
    },
    {
      "module": "module.vpc.module.vpc",
      "mode": "managed",
      "type": "aws_vpc_dhcp_options_association",
      "name": "this",
      "provider": "provider[\"registry.terraform.io/hashicorp/aws\"]",
      "instances": [
        {
          "index_key": 0,
          "schema_version": 0,
          "attributes": {
            "dhcp_options_id": "dopt-06c860eb57baab26c",
            "id": "dopt-06c860eb57baab26c-vpc-03e9c28a024562e01",
            "vpc_id": "vpc-03e9c28a024562e01"
          },
          "sensitive_attributes": [],
          "private": "bnVsbA==",
          "dependencies": [
            "module.vpc.module.vpc.aws_vpc.this",
            "module.vpc.module.vpc.aws_vpc_dhcp_options.this",
            "module.vpc.module.vpc.aws_vpc_ipv4_cidr_block_association.this"
          ]
        }
      ]
    }
  ],
  "check_results": null
}
